
Microsoft Visual Studio Solution File, Format Version 12.00
# Visual Studio 14
VisualStudioVersion = 14.0.25420.1
MinimumVisualStudioVersion = 10.0.40219.1
Project("{FAE04EC0-301F-11D3-BF4B-00C04F79EFBC}") = "HelloXamarinForms", "HelloXamarinForms\HelloXamarinForms\HelloXamarinForms.csproj", "{68492401-2317-4EE7-805F-3BDE1C47BC2E}"
EndProject
Project("{FAE04EC0-301F-11D3-BF4B-00C04F79EFBC}") = "HelloXamarinForms.Droid", "HelloXamarinForms\HelloXamarinForms.Droid\HelloXamarinForms.Droid.csproj", "{9464869C-F6AB-4A35-BD79-BC4D7EC201BA}"
EndProject
Project("{FAE04EC0-301F-11D3-BF4B-00C04F79EFBC}") = "HelloXamarinForms.iOS", "HelloXamarinForms\HelloXamarinForms.iOS\HelloXamarinForms.iOS.csproj", "{C2064997-6488-4EC9-AF9A-1DA536E8E31E}"
EndProject
Project("{FAE04EC0-301F-11D3-BF4B-00C04F79EFBC}") = "HelloXamarinForms.WinPhone", "HelloXamarinForms\HelloXamarinForms.WinPhone\HelloXamarinForms.WinPhone.csproj", "{2B9ED087-7F63-46EE-865A-DE25DC807B0A}"
EndProject
Project("{FAE04EC0-301F-11D3-BF4B-00C04F79EFBC}") = "HelloXamarinForms.UWP", "HelloXamarinForms\HelloXamarinForms.UWP\HelloXamarinForms.UWP.csproj", "{EFADA61D-B0E4-4F1C-B0B9-F5CFF19898B3}"
EndProject
Project("{FAE04EC0-301F-11D3-BF4B-00C04F79EFBC}") = "HelloXamarinForms.Windows", "HelloXamarinForms\HelloXamarinForms.Windows\HelloXamarinForms.Windows.csproj", "{5463E389-F35F-49CE-B971-C4DAC22065E7}"
EndProject
Global
	GlobalSection(SolutionConfigurationPlatforms) = preSolution
		Ad-Hoc|Any CPU = Ad-Hoc|Any CPU
		Ad-Hoc|ARM = Ad-Hoc|ARM
		Ad-Hoc|iPhone = Ad-Hoc|iPhone
		Ad-Hoc|iPhoneSimulator = Ad-Hoc|iPhoneSimulator
		Ad-Hoc|x64 = Ad-Hoc|x64
		Ad-Hoc|x86 = Ad-Hoc|x86
		AppStore|Any CPU = AppStore|Any CPU
		AppStore|ARM = AppStore|ARM
		AppStore|iPhone = AppStore|iPhone
		AppStore|iPhoneSimulator = AppStore|iPhoneSimulator
		AppStore|x64 = AppStore|x64
		AppStore|x86 = AppStore|x86
		Debug|Any CPU = Debug|Any CPU
		Debug|ARM = Debug|ARM
		Debug|iPhone = Debug|iPhone
		Debug|iPhoneSimulator = Debug|iPhoneSimulator
		Debug|x64 = Debug|x64
		Debug|x86 = Debug|x86
		Release|Any CPU = Release|Any CPU
		Release|ARM = Release|ARM
		Release|iPhone = Release|iPhone
		Release|iPhoneSimulator = Release|iPhoneSimulator
		Release|x64 = Release|x64
		Release|x86 = Release|x86
	EndGlobalSection
	GlobalSection(ProjectConfigurationPlatforms) = postSolution
		{68492401-2317-4EE7-805F-3BDE1C47BC2E}.Ad-Hoc|Any CPU.ActiveCfg = Release|Any CPU
		{68492401-2317-4EE7-805F-3BDE1C47BC2E}.Ad-Hoc|Any CPU.Build.0 = Release|Any CPU
		{68492401-2317-4EE7-805F-3BDE1C47BC2E}.Ad-Hoc|ARM.ActiveCfg = Release|Any CPU
		{68492401-2317-4EE7-805F-3BDE1C47BC2E}.Ad-Hoc|ARM.Build.0 = Release|Any CPU
		{68492401-2317-4EE7-805F-3BDE1C47BC2E}.Ad-Hoc|iPhone.ActiveCfg = Release|Any CPU
		{68492401-2317-4EE7-805F-3BDE1C47BC2E}.Ad-Hoc|iPhone.Build.0 = Release|Any CPU
		{68492401-2317-4EE7-805F-3BDE1C47BC2E}.Ad-Hoc|iPhoneSimulator.ActiveCfg = Release|Any CPU
		{68492401-2317-4EE7-805F-3BDE1C47BC2E}.Ad-Hoc|iPhoneSimulator.Build.0 = Release|Any CPU
		{68492401-2317-4EE7-805F-3BDE1C47BC2E}.Ad-Hoc|x64.ActiveCfg = Release|Any CPU
		{68492401-2317-4EE7-805F-3BDE1C47BC2E}.Ad-Hoc|x64.Build.0 = Release|Any CPU
		{68492401-2317-4EE7-805F-3BDE1C47BC2E}.Ad-Hoc|x86.ActiveCfg = Release|Any CPU
		{68492401-2317-4EE7-805F-3BDE1C47BC2E}.Ad-Hoc|x86.Build.0 = Release|Any CPU
		{68492401-2317-4EE7-805F-3BDE1C47BC2E}.AppStore|Any CPU.ActiveCfg = Release|Any CPU
		{68492401-2317-4EE7-805F-3BDE1C47BC2E}.AppStore|Any CPU.Build.0 = Release|Any CPU
		{68492401-2317-4EE7-805F-3BDE1C47BC2E}.AppStore|ARM.ActiveCfg = Release|Any CPU
		{68492401-2317-4EE7-805F-3BDE1C47BC2E}.AppStore|ARM.Build.0 = Release|Any CPU
		{68492401-2317-4EE7-805F-3BDE1C47BC2E}.AppStore|iPhone.ActiveCfg = Release|Any CPU
		{68492401-2317-4EE7-805F-3BDE1C47BC2E}.AppStore|iPhone.Build.0 = Release|Any CPU
		{68492401-2317-4EE7-805F-3BDE1C47BC2E}.AppStore|iPhoneSimulator.ActiveCfg = Release|Any CPU
		{68492401-2317-4EE7-805F-3BDE1C47BC2E}.AppStore|iPhoneSimulator.Build.0 = Release|Any CPU
		{68492401-2317-4EE7-805F-3BDE1C47BC2E}.AppStore|x64.ActiveCfg = Release|Any CPU
		{68492401-2317-4EE7-805F-3BDE1C47BC2E}.AppStore|x64.Build.0 = Release|Any CPU
		{68492401-2317-4EE7-805F-3BDE1C47BC2E}.AppStore|x86.ActiveCfg = Release|Any CPU
		{68492401-2317-4EE7-805F-3BDE1C47BC2E}.AppStore|x86.Build.0 = Release|Any CPU
		{68492401-2317-4EE7-805F-3BDE1C47BC2E}.Debug|Any CPU.ActiveCfg = Debug|Any CPU
		{68492401-2317-4EE7-805F-3BDE1C47BC2E}.Debug|Any CPU.Build.0 = Debug|Any CPU
		{68492401-2317-4EE7-805F-3BDE1C47BC2E}.Debug|ARM.ActiveCfg = Debug|Any CPU
		{68492401-2317-4EE7-805F-3BDE1C47BC2E}.Debug|ARM.Build.0 = Debug|Any CPU
		{68492401-2317-4EE7-805F-3BDE1C47BC2E}.Debug|iPhone.ActiveCfg = Debug|Any CPU
		{68492401-2317-4EE7-805F-3BDE1C47BC2E}.Debug|iPhone.Build.0 = Debug|Any CPU
		{68492401-2317-4EE7-805F-3BDE1C47BC2E}.Debug|iPhoneSimulator.ActiveCfg = Debug|Any CPU
		{68492401-2317-4EE7-805F-3BDE1C47BC2E}.Debug|iPhoneSimulator.Build.0 = Debug|Any CPU
		{68492401-2317-4EE7-805F-3BDE1C47BC2E}.Debug|x64.ActiveCfg = Debug|Any CPU
		{68492401-2317-4EE7-805F-3BDE1C47BC2E}.Debug|x64.Build.0 = Debug|Any CPU
		{68492401-2317-4EE7-805F-3BDE1C47BC2E}.Debug|x86.ActiveCfg = Debug|Any CPU
		{68492401-2317-4EE7-805F-3BDE1C47BC2E}.Debug|x86.Build.0 = Debug|Any CPU
		{68492401-2317-4EE7-805F-3BDE1C47BC2E}.Release|Any CPU.ActiveCfg = Release|Any CPU
		{68492401-2317-4EE7-805F-3BDE1C47BC2E}.Release|Any CPU.Build.0 = Release|Any CPU
		{68492401-2317-4EE7-805F-3BDE1C47BC2E}.Release|ARM.ActiveCfg = Release|Any CPU
		{68492401-2317-4EE7-805F-3BDE1C47BC2E}.Release|ARM.Build.0 = Release|Any CPU
		{68492401-2317-4EE7-805F-3BDE1C47BC2E}.Release|iPhone.ActiveCfg = Release|Any CPU
		{68492401-2317-4EE7-805F-3BDE1C47BC2E}.Release|iPhone.Build.0 = Release|Any CPU
		{68492401-2317-4EE7-805F-3BDE1C47BC2E}.Release|iPhoneSimulator.ActiveCfg = Release|Any CPU
		{68492401-2317-4EE7-805F-3BDE1C47BC2E}.Release|iPhoneSimulator.Build.0 = Release|Any CPU
		{68492401-2317-4EE7-805F-3BDE1C47BC2E}.Release|x64.ActiveCfg = Release|Any CPU
		{68492401-2317-4EE7-805F-3BDE1C47BC2E}.Release|x64.Build.0 = Release|Any CPU
		{68492401-2317-4EE7-805F-3BDE1C47BC2E}.Release|x86.ActiveCfg = Release|Any CPU
		{68492401-2317-4EE7-805F-3BDE1C47BC2E}.Release|x86.Build.0 = Release|Any CPU
		{9464869C-F6AB-4A35-BD79-BC4D7EC201BA}.Ad-Hoc|Any CPU.ActiveCfg = Release|Any CPU
		{9464869C-F6AB-4A35-BD79-BC4D7EC201BA}.Ad-Hoc|Any CPU.Build.0 = Release|Any CPU
		{9464869C-F6AB-4A35-BD79-BC4D7EC201BA}.Ad-Hoc|Any CPU.Deploy.0 = Release|Any CPU
		{9464869C-F6AB-4A35-BD79-BC4D7EC201BA}.Ad-Hoc|ARM.ActiveCfg = Release|Any CPU
		{9464869C-F6AB-4A35-BD79-BC4D7EC201BA}.Ad-Hoc|ARM.Build.0 = Release|Any CPU
		{9464869C-F6AB-4A35-BD79-BC4D7EC201BA}.Ad-Hoc|ARM.Deploy.0 = Release|Any CPU
		{9464869C-F6AB-4A35-BD79-BC4D7EC201BA}.Ad-Hoc|iPhone.ActiveCfg = Release|Any CPU
		{9464869C-F6AB-4A35-BD79-BC4D7EC201BA}.Ad-Hoc|iPhone.Build.0 = Release|Any CPU
		{9464869C-F6AB-4A35-BD79-BC4D7EC201BA}.Ad-Hoc|iPhone.Deploy.0 = Release|Any CPU
		{9464869C-F6AB-4A35-BD79-BC4D7EC201BA}.Ad-Hoc|iPhoneSimulator.ActiveCfg = Release|Any CPU
		{9464869C-F6AB-4A35-BD79-BC4D7EC201BA}.Ad-Hoc|iPhoneSimulator.Build.0 = Release|Any CPU
		{9464869C-F6AB-4A35-BD79-BC4D7EC201BA}.Ad-Hoc|iPhoneSimulator.Deploy.0 = Release|Any CPU
		{9464869C-F6AB-4A35-BD79-BC4D7EC201BA}.Ad-Hoc|x64.ActiveCfg = Release|Any CPU
		{9464869C-F6AB-4A35-BD79-BC4D7EC201BA}.Ad-Hoc|x64.Build.0 = Release|Any CPU
		{9464869C-F6AB-4A35-BD79-BC4D7EC201BA}.Ad-Hoc|x64.Deploy.0 = Release|Any CPU
		{9464869C-F6AB-4A35-BD79-BC4D7EC201BA}.Ad-Hoc|x86.ActiveCfg = Release|Any CPU
		{9464869C-F6AB-4A35-BD79-BC4D7EC201BA}.Ad-Hoc|x86.Build.0 = Release|Any CPU
		{9464869C-F6AB-4A35-BD79-BC4D7EC201BA}.Ad-Hoc|x86.Deploy.0 = Release|Any CPU
		{9464869C-F6AB-4A35-BD79-BC4D7EC201BA}.AppStore|Any CPU.ActiveCfg = Release|Any CPU
		{9464869C-F6AB-4A35-BD79-BC4D7EC201BA}.AppStore|Any CPU.Build.0 = Release|Any CPU
		{9464869C-F6AB-4A35-BD79-BC4D7EC201BA}.AppStore|Any CPU.Deploy.0 = Release|Any CPU
		{9464869C-F6AB-4A35-BD79-BC4D7EC201BA}.AppStore|ARM.ActiveCfg = Release|Any CPU
		{9464869C-F6AB-4A35-BD79-BC4D7EC201BA}.AppStore|ARM.Build.0 = Release|Any CPU
		{9464869C-F6AB-4A35-BD79-BC4D7EC201BA}.AppStore|ARM.Deploy.0 = Release|Any CPU
		{9464869C-F6AB-4A35-BD79-BC4D7EC201BA}.AppStore|iPhone.ActiveCfg = Release|Any CPU
		{9464869C-F6AB-4A35-BD79-BC4D7EC201BA}.AppStore|iPhone.Build.0 = Release|Any CPU
		{9464869C-F6AB-4A35-BD79-BC4D7EC201BA}.AppStore|iPhone.Deploy.0 = Release|Any CPU
		{9464869C-F6AB-4A35-BD79-BC4D7EC201BA}.AppStore|iPhoneSimulator.ActiveCfg = Release|Any CPU
		{9464869C-F6AB-4A35-BD79-BC4D7EC201BA}.AppStore|iPhoneSimulator.Build.0 = Release|Any CPU
		{9464869C-F6AB-4A35-BD79-BC4D7EC201BA}.AppStore|iPhoneSimulator.Deploy.0 = Release|Any CPU
		{9464869C-F6AB-4A35-BD79-BC4D7EC201BA}.AppStore|x64.ActiveCfg = Release|Any CPU
		{9464869C-F6AB-4A35-BD79-BC4D7EC201BA}.AppStore|x64.Build.0 = Release|Any CPU
		{9464869C-F6AB-4A35-BD79-BC4D7EC201BA}.AppStore|x64.Deploy.0 = Release|Any CPU
		{9464869C-F6AB-4A35-BD79-BC4D7EC201BA}.AppStore|x86.ActiveCfg = Release|Any CPU
		{9464869C-F6AB-4A35-BD79-BC4D7EC201BA}.AppStore|x86.Build.0 = Release|Any CPU
		{9464869C-F6AB-4A35-BD79-BC4D7EC201BA}.AppStore|x86.Deploy.0 = Release|Any CPU
		{9464869C-F6AB-4A35-BD79-BC4D7EC201BA}.Debug|Any CPU.ActiveCfg = Debug|Any CPU
		{9464869C-F6AB-4A35-BD79-BC4D7EC201BA}.Debug|Any CPU.Build.0 = Debug|Any CPU
		{9464869C-F6AB-4A35-BD79-BC4D7EC201BA}.Debug|Any CPU.Deploy.0 = Debug|Any CPU
		{9464869C-F6AB-4A35-BD79-BC4D7EC201BA}.Debug|ARM.ActiveCfg = Debug|Any CPU
		{9464869C-F6AB-4A35-BD79-BC4D7EC201BA}.Debug|ARM.Build.0 = Debug|Any CPU
		{9464869C-F6AB-4A35-BD79-BC4D7EC201BA}.Debug|ARM.Deploy.0 = Debug|Any CPU
		{9464869C-F6AB-4A35-BD79-BC4D7EC201BA}.Debug|iPhone.ActiveCfg = Debug|Any CPU
		{9464869C-F6AB-4A35-BD79-BC4D7EC201BA}.Debug|iPhone.Build.0 = Debug|Any CPU
		{9464869C-F6AB-4A35-BD79-BC4D7EC201BA}.Debug|iPhone.Deploy.0 = Debug|Any CPU
		{9464869C-F6AB-4A35-BD79-BC4D7EC201BA}.Debug|iPhoneSimulator.ActiveCfg = Debug|Any CPU
		{9464869C-F6AB-4A35-BD79-BC4D7EC201BA}.Debug|iPhoneSimulator.Build.0 = Debug|Any CPU
		{9464869C-F6AB-4A35-BD79-BC4D7EC201BA}.Debug|iPhoneSimulator.Deploy.0 = Debug|Any CPU
		{9464869C-F6AB-4A35-BD79-BC4D7EC201BA}.Debug|x64.ActiveCfg = Debug|Any CPU
		{9464869C-F6AB-4A35-BD79-BC4D7EC201BA}.Debug|x64.Build.0 = Debug|Any CPU
		{9464869C-F6AB-4A35-BD79-BC4D7EC201BA}.Debug|x64.Deploy.0 = Debug|Any CPU
		{9464869C-F6AB-4A35-BD79-BC4D7EC201BA}.Debug|x86.ActiveCfg = Debug|Any CPU
		{9464869C-F6AB-4A35-BD79-BC4D7EC201BA}.Debug|x86.Build.0 = Debug|Any CPU
		{9464869C-F6AB-4A35-BD79-BC4D7EC201BA}.Debug|x86.Deploy.0 = Debug|Any CPU
		{9464869C-F6AB-4A35-BD79-BC4D7EC201BA}.Release|Any CPU.ActiveCfg = Release|Any CPU
		{9464869C-F6AB-4A35-BD79-BC4D7EC201BA}.Release|Any CPU.Build.0 = Release|Any CPU
		{9464869C-F6AB-4A35-BD79-BC4D7EC201BA}.Release|Any CPU.Deploy.0 = Release|Any CPU
		{9464869C-F6AB-4A35-BD79-BC4D7EC201BA}.Release|ARM.ActiveCfg = Release|Any CPU
		{9464869C-F6AB-4A35-BD79-BC4D7EC201BA}.Release|ARM.Build.0 = Release|Any CPU
		{9464869C-F6AB-4A35-BD79-BC4D7EC201BA}.Release|ARM.Deploy.0 = Release|Any CPU
		{9464869C-F6AB-4A35-BD79-BC4D7EC201BA}.Release|iPhone.ActiveCfg = Release|Any CPU
		{9464869C-F6AB-4A35-BD79-BC4D7EC201BA}.Release|iPhone.Build.0 = Release|Any CPU
		{9464869C-F6AB-4A35-BD79-BC4D7EC201BA}.Release|iPhone.Deploy.0 = Release|Any CPU
		{9464869C-F6AB-4A35-BD79-BC4D7EC201BA}.Release|iPhoneSimulator.ActiveCfg = Release|Any CPU
		{9464869C-F6AB-4A35-BD79-BC4D7EC201BA}.Release|iPhoneSimulator.Build.0 = Release|Any CPU
		{9464869C-F6AB-4A35-BD79-BC4D7EC201BA}.Release|iPhoneSimulator.Deploy.0 = Release|Any CPU
		{9464869C-F6AB-4A35-BD79-BC4D7EC201BA}.Release|x64.ActiveCfg = Release|Any CPU
		{9464869C-F6AB-4A35-BD79-BC4D7EC201BA}.Release|x64.Build.0 = Release|Any CPU
		{9464869C-F6AB-4A35-BD79-BC4D7EC201BA}.Release|x64.Deploy.0 = Release|Any CPU
		{9464869C-F6AB-4A35-BD79-BC4D7EC201BA}.Release|x86.ActiveCfg = Release|Any CPU
		{9464869C-F6AB-4A35-BD79-BC4D7EC201BA}.Release|x86.Build.0 = Release|Any CPU
		{9464869C-F6AB-4A35-BD79-BC4D7EC201BA}.Release|x86.Deploy.0 = Release|Any CPU
		{C2064997-6488-4EC9-AF9A-1DA536E8E31E}.Ad-Hoc|Any CPU.ActiveCfg = Ad-Hoc|iPhone
		{C2064997-6488-4EC9-AF9A-1DA536E8E31E}.Ad-Hoc|ARM.ActiveCfg = Ad-Hoc|iPhone
		{C2064997-6488-4EC9-AF9A-1DA536E8E31E}.Ad-Hoc|iPhone.ActiveCfg = Ad-Hoc|iPhone
		{C2064997-6488-4EC9-AF9A-1DA536E8E31E}.Ad-Hoc|iPhone.Build.0 = Ad-Hoc|iPhone
		{C2064997-6488-4EC9-AF9A-1DA536E8E31E}.Ad-Hoc|iPhoneSimulator.ActiveCfg = Ad-Hoc|iPhoneSimulator
		{C2064997-6488-4EC9-AF9A-1DA536E8E31E}.Ad-Hoc|iPhoneSimulator.Build.0 = Ad-Hoc|iPhoneSimulator
		{C2064997-6488-4EC9-AF9A-1DA536E8E31E}.Ad-Hoc|x64.ActiveCfg = Ad-Hoc|iPhone
		{C2064997-6488-4EC9-AF9A-1DA536E8E31E}.Ad-Hoc|x86.ActiveCfg = Ad-Hoc|iPhone
		{C2064997-6488-4EC9-AF9A-1DA536E8E31E}.AppStore|Any CPU.ActiveCfg = AppStore|iPhone
		{C2064997-6488-4EC9-AF9A-1DA536E8E31E}.AppStore|ARM.ActiveCfg = AppStore|iPhone
		{C2064997-6488-4EC9-AF9A-1DA536E8E31E}.AppStore|iPhone.ActiveCfg = AppStore|iPhone
		{C2064997-6488-4EC9-AF9A-1DA536E8E31E}.AppStore|iPhone.Build.0 = AppStore|iPhone
		{C2064997-6488-4EC9-AF9A-1DA536E8E31E}.AppStore|iPhoneSimulator.ActiveCfg = AppStore|iPhoneSimulator
		{C2064997-6488-4EC9-AF9A-1DA536E8E31E}.AppStore|iPhoneSimulator.Build.0 = AppStore|iPhoneSimulator
		{C2064997-6488-4EC9-AF9A-1DA536E8E31E}.AppStore|x64.ActiveCfg = AppStore|iPhone
		{C2064997-6488-4EC9-AF9A-1DA536E8E31E}.AppStore|x86.ActiveCfg = AppStore|iPhone
		{C2064997-6488-4EC9-AF9A-1DA536E8E31E}.Debug|Any CPU.ActiveCfg = Debug|iPhone
		{C2064997-6488-4EC9-AF9A-1DA536E8E31E}.Debug|ARM.ActiveCfg = Debug|iPhone
		{C2064997-6488-4EC9-AF9A-1DA536E8E31E}.Debug|iPhone.ActiveCfg = Debug|iPhone
		{C2064997-6488-4EC9-AF9A-1DA536E8E31E}.Debug|iPhone.Build.0 = Debug|iPhone
		{C2064997-6488-4EC9-AF9A-1DA536E8E31E}.Debug|iPhoneSimulator.ActiveCfg = Debug|iPhoneSimulator
		{C2064997-6488-4EC9-AF9A-1DA536E8E31E}.Debug|iPhoneSimulator.Build.0 = Debug|iPhoneSimulator
		{C2064997-6488-4EC9-AF9A-1DA536E8E31E}.Debug|x64.ActiveCfg = Debug|iPhone
		{C2064997-6488-4EC9-AF9A-1DA536E8E31E}.Debug|x86.ActiveCfg = Debug|iPhone
		{C2064997-6488-4EC9-AF9A-1DA536E8E31E}.Release|Any CPU.ActiveCfg = Release|iPhone
		{C2064997-6488-4EC9-AF9A-1DA536E8E31E}.Release|ARM.ActiveCfg = Release|iPhone
		{C2064997-6488-4EC9-AF9A-1DA536E8E31E}.Release|iPhone.ActiveCfg = Release|iPhone
		{C2064997-6488-4EC9-AF9A-1DA536E8E31E}.Release|iPhone.Build.0 = Release|iPhone
		{C2064997-6488-4EC9-AF9A-1DA536E8E31E}.Release|iPhoneSimulator.ActiveCfg = Release|iPhoneSimulator
		{C2064997-6488-4EC9-AF9A-1DA536E8E31E}.Release|iPhoneSimulator.Build.0 = Release|iPhoneSimulator
		{C2064997-6488-4EC9-AF9A-1DA536E8E31E}.Release|x64.ActiveCfg = Release|iPhone
		{C2064997-6488-4EC9-AF9A-1DA536E8E31E}.Release|x86.ActiveCfg = Release|iPhone
		{2B9ED087-7F63-46EE-865A-DE25DC807B0A}.Ad-Hoc|Any CPU.ActiveCfg = Release|Any CPU
		{2B9ED087-7F63-46EE-865A-DE25DC807B0A}.Ad-Hoc|Any CPU.Build.0 = Release|Any CPU
		{2B9ED087-7F63-46EE-865A-DE25DC807B0A}.Ad-Hoc|Any CPU.Deploy.0 = Release|Any CPU
		{2B9ED087-7F63-46EE-865A-DE25DC807B0A}.Ad-Hoc|ARM.ActiveCfg = Release|ARM
		{2B9ED087-7F63-46EE-865A-DE25DC807B0A}.Ad-Hoc|ARM.Build.0 = Release|ARM
		{2B9ED087-7F63-46EE-865A-DE25DC807B0A}.Ad-Hoc|ARM.Deploy.0 = Release|ARM
		{2B9ED087-7F63-46EE-865A-DE25DC807B0A}.Ad-Hoc|iPhone.ActiveCfg = Release|Any CPU
		{2B9ED087-7F63-46EE-865A-DE25DC807B0A}.Ad-Hoc|iPhone.Build.0 = Release|Any CPU
		{2B9ED087-7F63-46EE-865A-DE25DC807B0A}.Ad-Hoc|iPhone.Deploy.0 = Release|Any CPU
		{2B9ED087-7F63-46EE-865A-DE25DC807B0A}.Ad-Hoc|iPhoneSimulator.ActiveCfg = Release|Any CPU
		{2B9ED087-7F63-46EE-865A-DE25DC807B0A}.Ad-Hoc|iPhoneSimulator.Build.0 = Release|Any CPU
		{2B9ED087-7F63-46EE-865A-DE25DC807B0A}.Ad-Hoc|iPhoneSimulator.Deploy.0 = Release|Any CPU
		{2B9ED087-7F63-46EE-865A-DE25DC807B0A}.Ad-Hoc|x64.ActiveCfg = Release|Any CPU
		{2B9ED087-7F63-46EE-865A-DE25DC807B0A}.Ad-Hoc|x64.Build.0 = Release|Any CPU
		{2B9ED087-7F63-46EE-865A-DE25DC807B0A}.Ad-Hoc|x64.Deploy.0 = Release|Any CPU
		{2B9ED087-7F63-46EE-865A-DE25DC807B0A}.Ad-Hoc|x86.ActiveCfg = Release|x86
		{2B9ED087-7F63-46EE-865A-DE25DC807B0A}.Ad-Hoc|x86.Build.0 = Release|x86
		{2B9ED087-7F63-46EE-865A-DE25DC807B0A}.Ad-Hoc|x86.Deploy.0 = Release|x86
		{2B9ED087-7F63-46EE-865A-DE25DC807B0A}.AppStore|Any CPU.ActiveCfg = Release|Any CPU
		{2B9ED087-7F63-46EE-865A-DE25DC807B0A}.AppStore|Any CPU.Build.0 = Release|Any CPU
		{2B9ED087-7F63-46EE-865A-DE25DC807B0A}.AppStore|Any CPU.Deploy.0 = Release|Any CPU
		{2B9ED087-7F63-46EE-865A-DE25DC807B0A}.AppStore|ARM.ActiveCfg = Release|ARM
		{2B9ED087-7F63-46EE-865A-DE25DC807B0A}.AppStore|ARM.Build.0 = Release|ARM
		{2B9ED087-7F63-46EE-865A-DE25DC807B0A}.AppStore|ARM.Deploy.0 = Release|ARM
		{2B9ED087-7F63-46EE-865A-DE25DC807B0A}.AppStore|iPhone.ActiveCfg = Release|Any CPU
		{2B9ED087-7F63-46EE-865A-DE25DC807B0A}.AppStore|iPhone.Build.0 = Release|Any CPU
		{2B9ED087-7F63-46EE-865A-DE25DC807B0A}.AppStore|iPhone.Deploy.0 = Release|Any CPU
		{2B9ED087-7F63-46EE-865A-DE25DC807B0A}.AppStore|iPhoneSimulator.ActiveCfg = Release|Any CPU
		{2B9ED087-7F63-46EE-865A-DE25DC807B0A}.AppStore|iPhoneSimulator.Build.0 = Release|Any CPU
		{2B9ED087-7F63-46EE-865A-DE25DC807B0A}.AppStore|iPhoneSimulator.Deploy.0 = Release|Any CPU
		{2B9ED087-7F63-46EE-865A-DE25DC807B0A}.AppStore|x64.ActiveCfg = Release|Any CPU
		{2B9ED087-7F63-46EE-865A-DE25DC807B0A}.AppStore|x64.Build.0 = Release|Any CPU
		{2B9ED087-7F63-46EE-865A-DE25DC807B0A}.AppStore|x64.Deploy.0 = Release|Any CPU
		{2B9ED087-7F63-46EE-865A-DE25DC807B0A}.AppStore|x86.ActiveCfg = Release|x86
		{2B9ED087-7F63-46EE-865A-DE25DC807B0A}.AppStore|x86.Build.0 = Release|x86
		{2B9ED087-7F63-46EE-865A-DE25DC807B0A}.AppStore|x86.Deploy.0 = Release|x86
		{2B9ED087-7F63-46EE-865A-DE25DC807B0A}.Debug|Any CPU.ActiveCfg = Debug|Any CPU
		{2B9ED087-7F63-46EE-865A-DE25DC807B0A}.Debug|Any CPU.Build.0 = Debug|Any CPU
		{2B9ED087-7F63-46EE-865A-DE25DC807B0A}.Debug|Any CPU.Deploy.0 = Debug|Any CPU
		{2B9ED087-7F63-46EE-865A-DE25DC807B0A}.Debug|ARM.ActiveCfg = Debug|ARM
		{2B9ED087-7F63-46EE-865A-DE25DC807B0A}.Debug|ARM.Build.0 = Debug|ARM
		{2B9ED087-7F63-46EE-865A-DE25DC807B0A}.Debug|ARM.Deploy.0 = Debug|ARM
		{2B9ED087-7F63-46EE-865A-DE25DC807B0A}.Debug|iPhone.ActiveCfg = Debug|Any CPU
		{2B9ED087-7F63-46EE-865A-DE25DC807B0A}.Debug|iPhone.Build.0 = Debug|Any CPU
		{2B9ED087-7F63-46EE-865A-DE25DC807B0A}.Debug|iPhone.Deploy.0 = Debug|Any CPU
		{2B9ED087-7F63-46EE-865A-DE25DC807B0A}.Debug|iPhoneSimulator.ActiveCfg = Debug|Any CPU
		{2B9ED087-7F63-46EE-865A-DE25DC807B0A}.Debug|iPhoneSimulator.Build.0 = Debug|Any CPU
		{2B9ED087-7F63-46EE-865A-DE25DC807B0A}.Debug|iPhoneSimulator.Deploy.0 = Debug|Any CPU
		{2B9ED087-7F63-46EE-865A-DE25DC807B0A}.Debug|x64.ActiveCfg = Debug|Any CPU
		{2B9ED087-7F63-46EE-865A-DE25DC807B0A}.Debug|x64.Build.0 = Debug|Any CPU
		{2B9ED087-7F63-46EE-865A-DE25DC807B0A}.Debug|x64.Deploy.0 = Debug|Any CPU
		{2B9ED087-7F63-46EE-865A-DE25DC807B0A}.Debug|x86.ActiveCfg = Debug|x86
		{2B9ED087-7F63-46EE-865A-DE25DC807B0A}.Debug|x86.Build.0 = Debug|x86
		{2B9ED087-7F63-46EE-865A-DE25DC807B0A}.Debug|x86.Deploy.0 = Debug|x86
		{2B9ED087-7F63-46EE-865A-DE25DC807B0A}.Release|Any CPU.ActiveCfg = Release|Any CPU
		{2B9ED087-7F63-46EE-865A-DE25DC807B0A}.Release|Any CPU.Build.0 = Release|Any CPU
		{2B9ED087-7F63-46EE-865A-DE25DC807B0A}.Release|Any CPU.Deploy.0 = Release|Any CPU
		{2B9ED087-7F63-46EE-865A-DE25DC807B0A}.Release|ARM.ActiveCfg = Release|ARM
		{2B9ED087-7F63-46EE-865A-DE25DC807B0A}.Release|ARM.Build.0 = Release|ARM
		{2B9ED087-7F63-46EE-865A-DE25DC807B0A}.Release|ARM.Deploy.0 = Release|ARM
		{2B9ED087-7F63-46EE-865A-DE25DC807B0A}.Release|iPhone.ActiveCfg = Release|Any CPU
		{2B9ED087-7F63-46EE-865A-DE25DC807B0A}.Release|iPhone.Build.0 = Release|Any CPU
		{2B9ED087-7F63-46EE-865A-DE25DC807B0A}.Release|iPhone.Deploy.0 = Release|Any CPU
		{2B9ED087-7F63-46EE-865A-DE25DC807B0A}.Release|iPhoneSimulator.ActiveCfg = Release|Any CPU
		{2B9ED087-7F63-46EE-865A-DE25DC807B0A}.Release|iPhoneSimulator.Build.0 = Release|Any CPU
		{2B9ED087-7F63-46EE-865A-DE25DC807B0A}.Release|iPhoneSimulator.Deploy.0 = Release|Any CPU
		{2B9ED087-7F63-46EE-865A-DE25DC807B0A}.Release|x64.ActiveCfg = Release|Any CPU
		{2B9ED087-7F63-46EE-865A-DE25DC807B0A}.Release|x64.Build.0 = Release|Any CPU
		{2B9ED087-7F63-46EE-865A-DE25DC807B0A}.Release|x64.Deploy.0 = Release|Any CPU
		{2B9ED087-7F63-46EE-865A-DE25DC807B0A}.Release|x86.ActiveCfg = Release|x86
		{2B9ED087-7F63-46EE-865A-DE25DC807B0A}.Release|x86.Build.0 = Release|x86
		{2B9ED087-7F63-46EE-865A-DE25DC807B0A}.Release|x86.Deploy.0 = Release|x86
		{EFADA61D-B0E4-4F1C-B0B9-F5CFF19898B3}.Ad-Hoc|Any CPU.ActiveCfg = Release|x86
		{EFADA61D-B0E4-4F1C-B0B9-F5CFF19898B3}.Ad-Hoc|Any CPU.Build.0 = Release|x86
		{EFADA61D-B0E4-4F1C-B0B9-F5CFF19898B3}.Ad-Hoc|Any CPU.Deploy.0 = Release|x86
		{EFADA61D-B0E4-4F1C-B0B9-F5CFF19898B3}.Ad-Hoc|ARM.ActiveCfg = Release|ARM
		{EFADA61D-B0E4-4F1C-B0B9-F5CFF19898B3}.Ad-Hoc|ARM.Build.0 = Release|ARM
		{EFADA61D-B0E4-4F1C-B0B9-F5CFF19898B3}.Ad-Hoc|ARM.Deploy.0 = Release|ARM
		{EFADA61D-B0E4-4F1C-B0B9-F5CFF19898B3}.Ad-Hoc|iPhone.ActiveCfg = Release|x86
		{EFADA61D-B0E4-4F1C-B0B9-F5CFF19898B3}.Ad-Hoc|iPhone.Build.0 = Release|x86
		{EFADA61D-B0E4-4F1C-B0B9-F5CFF19898B3}.Ad-Hoc|iPhone.Deploy.0 = Release|x86
		{EFADA61D-B0E4-4F1C-B0B9-F5CFF19898B3}.Ad-Hoc|iPhoneSimulator.ActiveCfg = Release|x86
		{EFADA61D-B0E4-4F1C-B0B9-F5CFF19898B3}.Ad-Hoc|iPhoneSimulator.Build.0 = Release|x86
		{EFADA61D-B0E4-4F1C-B0B9-F5CFF19898B3}.Ad-Hoc|iPhoneSimulator.Deploy.0 = Release|x86
		{EFADA61D-B0E4-4F1C-B0B9-F5CFF19898B3}.Ad-Hoc|x64.ActiveCfg = Release|x64
		{EFADA61D-B0E4-4F1C-B0B9-F5CFF19898B3}.Ad-Hoc|x64.Build.0 = Release|x64
		{EFADA61D-B0E4-4F1C-B0B9-F5CFF19898B3}.Ad-Hoc|x64.Deploy.0 = Release|x64
		{EFADA61D-B0E4-4F1C-B0B9-F5CFF19898B3}.Ad-Hoc|x86.ActiveCfg = Release|x86
		{EFADA61D-B0E4-4F1C-B0B9-F5CFF19898B3}.Ad-Hoc|x86.Build.0 = Release|x86
		{EFADA61D-B0E4-4F1C-B0B9-F5CFF19898B3}.Ad-Hoc|x86.Deploy.0 = Release|x86
		{EFADA61D-B0E4-4F1C-B0B9-F5CFF19898B3}.AppStore|Any CPU.ActiveCfg = Release|x86
		{EFADA61D-B0E4-4F1C-B0B9-F5CFF19898B3}.AppStore|Any CPU.Build.0 = Release|x86
		{EFADA61D-B0E4-4F1C-B0B9-F5CFF19898B3}.AppStore|Any CPU.Deploy.0 = Release|x86
		{EFADA61D-B0E4-4F1C-B0B9-F5CFF19898B3}.AppStore|ARM.ActiveCfg = Release|ARM
		{EFADA61D-B0E4-4F1C-B0B9-F5CFF19898B3}.AppStore|ARM.Build.0 = Release|ARM
		{EFADA61D-B0E4-4F1C-B0B9-F5CFF19898B3}.AppStore|ARM.Deploy.0 = Release|ARM
		{EFADA61D-B0E4-4F1C-B0B9-F5CFF19898B3}.AppStore|iPhone.ActiveCfg = Release|x86
		{EFADA61D-B0E4-4F1C-B0B9-F5CFF19898B3}.AppStore|iPhone.Build.0 = Release|x86
		{EFADA61D-B0E4-4F1C-B0B9-F5CFF19898B3}.AppStore|iPhone.Deploy.0 = Release|x86
		{EFADA61D-B0E4-4F1C-B0B9-F5CFF19898B3}.AppStore|iPhoneSimulator.ActiveCfg = Release|x86
		{EFADA61D-B0E4-4F1C-B0B9-F5CFF19898B3}.AppStore|iPhoneSimulator.Build.0 = Release|x86
		{EFADA61D-B0E4-4F1C-B0B9-F5CFF19898B3}.AppStore|iPhoneSimulator.Deploy.0 = Release|x86
		{EFADA61D-B0E4-4F1C-B0B9-F5CFF19898B3}.AppStore|x64.ActiveCfg = Release|x64
		{EFADA61D-B0E4-4F1C-B0B9-F5CFF19898B3}.AppStore|x64.Build.0 = Release|x64
		{EFADA61D-B0E4-4F1C-B0B9-F5CFF19898B3}.AppStore|x64.Deploy.0 = Release|x64
		{EFADA61D-B0E4-4F1C-B0B9-F5CFF19898B3}.AppStore|x86.ActiveCfg = Release|x86
		{EFADA61D-B0E4-4F1C-B0B9-F5CFF19898B3}.AppStore|x86.Build.0 = Release|x86
		{EFADA61D-B0E4-4F1C-B0B9-F5CFF19898B3}.AppStore|x86.Deploy.0 = Release|x86
		{EFADA61D-B0E4-4F1C-B0B9-F5CFF19898B3}.Debug|Any CPU.ActiveCfg = Debug|x86
		{EFADA61D-B0E4-4F1C-B0B9-F5CFF19898B3}.Debug|ARM.ActiveCfg = Debug|ARM
		{EFADA61D-B0E4-4F1C-B0B9-F5CFF19898B3}.Debug|ARM.Build.0 = Debug|ARM
		{EFADA61D-B0E4-4F1C-B0B9-F5CFF19898B3}.Debug|ARM.Deploy.0 = Debug|ARM
		{EFADA61D-B0E4-4F1C-B0B9-F5CFF19898B3}.Debug|iPhone.ActiveCfg = Debug|x86
		{EFADA61D-B0E4-4F1C-B0B9-F5CFF19898B3}.Debug|iPhoneSimulator.ActiveCfg = Debug|x86
		{EFADA61D-B0E4-4F1C-B0B9-F5CFF19898B3}.Debug|x64.ActiveCfg = Debug|x64
		{EFADA61D-B0E4-4F1C-B0B9-F5CFF19898B3}.Debug|x64.Build.0 = Debug|x64
		{EFADA61D-B0E4-4F1C-B0B9-F5CFF19898B3}.Debug|x64.Deploy.0 = Debug|x64
		{EFADA61D-B0E4-4F1C-B0B9-F5CFF19898B3}.Debug|x86.ActiveCfg = Debug|x86
		{EFADA61D-B0E4-4F1C-B0B9-F5CFF19898B3}.Debug|x86.Build.0 = Debug|x86
		{EFADA61D-B0E4-4F1C-B0B9-F5CFF19898B3}.Debug|x86.Deploy.0 = Debug|x86
		{EFADA61D-B0E4-4F1C-B0B9-F5CFF19898B3}.Release|Any CPU.ActiveCfg = Release|x86
		{EFADA61D-B0E4-4F1C-B0B9-F5CFF19898B3}.Release|ARM.ActiveCfg = Release|ARM
		{EFADA61D-B0E4-4F1C-B0B9-F5CFF19898B3}.Release|ARM.Build.0 = Release|ARM
		{EFADA61D-B0E4-4F1C-B0B9-F5CFF19898B3}.Release|ARM.Deploy.0 = Release|ARM
		{EFADA61D-B0E4-4F1C-B0B9-F5CFF19898B3}.Release|iPhone.ActiveCfg = Release|x86
		{EFADA61D-B0E4-4F1C-B0B9-F5CFF19898B3}.Release|iPhoneSimulator.ActiveCfg = Release|x86
		{EFADA61D-B0E4-4F1C-B0B9-F5CFF19898B3}.Release|x64.ActiveCfg = Release|x64
		{EFADA61D-B0E4-4F1C-B0B9-F5CFF19898B3}.Release|x64.Build.0 = Release|x64
		{EFADA61D-B0E4-4F1C-B0B9-F5CFF19898B3}.Release|x64.Deploy.0 = Release|x64
		{EFADA61D-B0E4-4F1C-B0B9-F5CFF19898B3}.Release|x86.ActiveCfg = Release|x86
		{EFADA61D-B0E4-4F1C-B0B9-F5CFF19898B3}.Release|x86.Build.0 = Release|x86
		{EFADA61D-B0E4-4F1C-B0B9-F5CFF19898B3}.Release|x86.Deploy.0 = Release|x86
		{5463E389-F35F-49CE-B971-C4DAC22065E7}.Ad-Hoc|Any CPU.ActiveCfg = Release|Any CPU
		{5463E389-F35F-49CE-B971-C4DAC22065E7}.Ad-Hoc|Any CPU.Build.0 = Release|Any CPU
		{5463E389-F35F-49CE-B971-C4DAC22065E7}.Ad-Hoc|Any CPU.Deploy.0 = Release|Any CPU
		{5463E389-F35F-49CE-B971-C4DAC22065E7}.Ad-Hoc|ARM.ActiveCfg = Release|ARM
		{5463E389-F35F-49CE-B971-C4DAC22065E7}.Ad-Hoc|ARM.Build.0 = Release|ARM
		{5463E389-F35F-49CE-B971-C4DAC22065E7}.Ad-Hoc|ARM.Deploy.0 = Release|ARM
		{5463E389-F35F-49CE-B971-C4DAC22065E7}.Ad-Hoc|iPhone.ActiveCfg = Release|Any CPU
		{5463E389-F35F-49CE-B971-C4DAC22065E7}.Ad-Hoc|iPhone.Build.0 = Release|Any CPU
		{5463E389-F35F-49CE-B971-C4DAC22065E7}.Ad-Hoc|iPhone.Deploy.0 = Release|Any CPU
		{5463E389-F35F-49CE-B971-C4DAC22065E7}.Ad-Hoc|iPhoneSimulator.ActiveCfg = Release|Any CPU
		{5463E389-F35F-49CE-B971-C4DAC22065E7}.Ad-Hoc|iPhoneSimulator.Build.0 = Release|Any CPU
		{5463E389-F35F-49CE-B971-C4DAC22065E7}.Ad-Hoc|iPhoneSimulator.Deploy.0 = Release|Any CPU
		{5463E389-F35F-49CE-B971-C4DAC22065E7}.Ad-Hoc|x64.ActiveCfg = Release|x64
		{5463E389-F35F-49CE-B971-C4DAC22065E7}.Ad-Hoc|x64.Build.0 = Release|x64
		{5463E389-F35F-49CE-B971-C4DAC22065E7}.Ad-Hoc|x64.Deploy.0 = Release|x64
		{5463E389-F35F-49CE-B971-C4DAC22065E7}.Ad-Hoc|x86.ActiveCfg = Release|x86
		{5463E389-F35F-49CE-B971-C4DAC22065E7}.Ad-Hoc|x86.Build.0 = Release|x86
		{5463E389-F35F-49CE-B971-C4DAC22065E7}.Ad-Hoc|x86.Deploy.0 = Release|x86
		{5463E389-F35F-49CE-B971-C4DAC22065E7}.AppStore|Any CPU.ActiveCfg = Release|Any CPU
		{5463E389-F35F-49CE-B971-C4DAC22065E7}.AppStore|Any CPU.Build.0 = Release|Any CPU
		{5463E389-F35F-49CE-B971-C4DAC22065E7}.AppStore|Any CPU.Deploy.0 = Release|Any CPU
		{5463E389-F35F-49CE-B971-C4DAC22065E7}.AppStore|ARM.ActiveCfg = Release|ARM
		{5463E389-F35F-49CE-B971-C4DAC22065E7}.AppStore|ARM.Build.0 = Release|ARM
		{5463E389-F35F-49CE-B971-C4DAC22065E7}.AppStore|ARM.Deploy.0 = Release|ARM
		{5463E389-F35F-49CE-B971-C4DAC22065E7}.AppStore|iPhone.ActiveCfg = Release|Any CPU
		{5463E389-F35F-49CE-B971-C4DAC22065E7}.AppStore|iPhone.Build.0 = Release|Any CPU
		{5463E389-F35F-49CE-B971-C4DAC22065E7}.AppStore|iPhone.Deploy.0 = Release|Any CPU
		{5463E389-F35F-49CE-B971-C4DAC22065E7}.AppStore|iPhoneSimulator.ActiveCfg = Release|Any CPU
		{5463E389-F35F-49CE-B971-C4DAC22065E7}.AppStore|iPhoneSimulator.Build.0 = Release|Any CPU
		{5463E389-F35F-49CE-B971-C4DAC22065E7}.AppStore|iPhoneSimulator.Deploy.0 = Release|Any CPU
		{5463E389-F35F-49CE-B971-C4DAC22065E7}.AppStore|x64.ActiveCfg = Release|x64
		{5463E389-F35F-49CE-B971-C4DAC22065E7}.AppStore|x64.Build.0 = Release|x64
		{5463E389-F35F-49CE-B971-C4DAC22065E7}.AppStore|x64.Deploy.0 = Release|x64
		{5463E389-F35F-49CE-B971-C4DAC22065E7}.AppStore|x86.ActiveCfg = Release|x86
		{5463E389-F35F-49CE-B971-C4DAC22065E7}.AppStore|x86.Build.0 = Release|x86
		{5463E389-F35F-49CE-B971-C4DAC22065E7}.AppStore|x86.Deploy.0 = Release|x86
		{5463E389-F35F-49CE-B971-C4DAC22065E7}.Debug|Any CPU.ActiveCfg = Debug|Any CPU
		{5463E389-F35F-49CE-B971-C4DAC22065E7}.Debug|Any CPU.Build.0 = Debug|Any CPU
		{5463E389-F35F-49CE-B971-C4DAC22065E7}.Debug|Any CPU.Deploy.0 = Debug|Any CPU
		{5463E389-F35F-49CE-B971-C4DAC22065E7}.Debug|ARM.ActiveCfg = Debug|ARM
		{5463E389-F35F-49CE-B971-C4DAC22065E7}.Debug|ARM.Build.0 = Debug|ARM
		{5463E389-F35F-49CE-B971-C4DAC22065E7}.Debug|ARM.Deploy.0 = Debug|ARM
		{5463E389-F35F-49CE-B971-C4DAC22065E7}.Debug|iPhone.ActiveCfg = Debug|Any CPU
		{5463E389-F35F-49CE-B971-C4DAC22065E7}.Debug|iPhone.Build.0 = Debug|Any CPU
		{5463E389-F35F-49CE-B971-C4DAC22065E7}.Debug|iPhone.Deploy.0 = Debug|Any CPU
		{5463E389-F35F-49CE-B971-C4DAC22065E7}.Debug|iPhoneSimulator.ActiveCfg = Debug|Any CPU
		{5463E389-F35F-49CE-B971-C4DAC22065E7}.Debug|iPhoneSimulator.Build.0 = Debug|Any CPU
		{5463E389-F35F-49CE-B971-C4DAC22065E7}.Debug|iPhoneSimulator.Deploy.0 = Debug|Any CPU
		{5463E389-F35F-49CE-B971-C4DAC22065E7}.Debug|x64.ActiveCfg = Debug|x64
		{5463E389-F35F-49CE-B971-C4DAC22065E7}.Debug|x64.Build.0 = Debug|x64
		{5463E389-F35F-49CE-B971-C4DAC22065E7}.Debug|x64.Deploy.0 = Debug|x64
		{5463E389-F35F-49CE-B971-C4DAC22065E7}.Debug|x86.ActiveCfg = Debug|x86
		{5463E389-F35F-49CE-B971-C4DAC22065E7}.Debug|x86.Build.0 = Debug|x86
		{5463E389-F35F-49CE-B971-C4DAC22065E7}.Debug|x86.Deploy.0 = Debug|x86
		{5463E389-F35F-49CE-B971-C4DAC22065E7}.Release|Any CPU.ActiveCfg = Release|Any CPU
		{5463E389-F35F-49CE-B971-C4DAC22065E7}.Release|Any CPU.Build.0 = Release|Any CPU
		{5463E389-F35F-49CE-B971-C4DAC22065E7}.Release|Any CPU.Deploy.0 = Release|Any CPU
		{5463E389-F35F-49CE-B971-C4DAC22065E7}.Release|ARM.ActiveCfg = Release|ARM
		{5463E389-F35F-49CE-B971-C4DAC22065E7}.Release|ARM.Build.0 = Release|ARM
		{5463E389-F35F-49CE-B971-C4DAC22065E7}.Release|ARM.Deploy.0 = Release|ARM
		{5463E389-F35F-49CE-B971-C4DAC22065E7}.Release|iPhone.ActiveCfg = Release|Any CPU
		{5463E389-F35F-49CE-B971-C4DAC22065E7}.Release|iPhone.Build.0 = Release|Any CPU
		{5463E389-F35F-49CE-B971-C4DAC22065E7}.Release|iPhone.Deploy.0 = Release|Any CPU
		{5463E389-F35F-49CE-B971-C4DAC22065E7}.Release|iPhoneSimulator.ActiveCfg = Release|Any CPU
		{5463E389-F35F-49CE-B971-C4DAC22065E7}.Release|iPhoneSimulator.Build.0 = Release|Any CPU
		{5463E389-F35F-49CE-B971-C4DAC22065E7}.Release|iPhoneSimulator.Deploy.0 = Release|Any CPU
		{5463E389-F35F-49CE-B971-C4DAC22065E7}.Release|x64.ActiveCfg = Release|x64
		{5463E389-F35F-49CE-B971-C4DAC22065E7}.Release|x64.Build.0 = Release|x64
		{5463E389-F35F-49CE-B971-C4DAC22065E7}.Release|x64.Deploy.0 = Release|x64
		{5463E389-F35F-49CE-B971-C4DAC22065E7}.Release|x86.ActiveCfg = Release|x86
		{5463E389-F35F-49CE-B971-C4DAC22065E7}.Release|x86.Build.0 = Release|x86
		{5463E389-F35F-49CE-B971-C4DAC22065E7}.Release|x86.Deploy.0 = Release|x86
	EndGlobalSection
	GlobalSection(SolutionProperties) = preSolution
		HideSolutionNode = FALSE
	EndGlobalSection
EndGlobal
