
Microsoft Visual Studio Solution File, Format Version 12.00
# Visual Studio 14
VisualStudioVersion = 14.0.25420.1
MinimumVisualStudioVersion = 10.0.40219.1
Project("{FAE04EC0-301F-11D3-BF4B-00C04F79EFBC}") = "HelloXamarinForms", "HelloXamarinForms\HelloXamarinForms\HelloXamarinForms.csproj", "{A4138DF9-2034-4648-8369-882FA61CA56E}"
EndProject
Project("{FAE04EC0-301F-11D3-BF4B-00C04F79EFBC}") = "HelloXamarinForms.Droid", "HelloXamarinForms\HelloXamarinForms.Droid\HelloXamarinForms.Droid.csproj", "{F5D9A889-F9F8-477A-9D45-C475630C95D1}"
EndProject
Project("{FAE04EC0-301F-11D3-BF4B-00C04F79EFBC}") = "HelloXamarinForms.iOS", "HelloXamarinForms\HelloXamarinForms.iOS\HelloXamarinForms.iOS.csproj", "{F93B24CB-1DE5-4DD4-800A-EB99C845BD7E}"
EndProject
Project("{FAE04EC0-301F-11D3-BF4B-00C04F79EFBC}") = "HelloXamarinForms.WinPhone", "HelloXamarinForms\HelloXamarinForms.WinPhone\HelloXamarinForms.WinPhone.csproj", "{31C59C84-9DFF-4168-AD6B-E253E33B55E3}"
EndProject
Project("{FAE04EC0-301F-11D3-BF4B-00C04F79EFBC}") = "HelloXamarinForms.UWP", "HelloXamarinForms\HelloXamarinForms.UWP\HelloXamarinForms.UWP.csproj", "{61486FC4-38F1-43E7-8AED-83EA5A75AB0D}"
EndProject
Project("{FAE04EC0-301F-11D3-BF4B-00C04F79EFBC}") = "HelloXamarinForms.Windows", "HelloXamarinForms\HelloXamarinForms.Windows\HelloXamarinForms.Windows.csproj", "{0D64273F-FBB8-4681-A1B0-D7E388559037}"
EndProject
Global
	GlobalSection(SolutionConfigurationPlatforms) = preSolution
		Ad-Hoc|Any CPU = Ad-Hoc|Any CPU
		Ad-Hoc|ARM = Ad-Hoc|ARM
		Ad-Hoc|iPhone = Ad-Hoc|iPhone
		Ad-Hoc|iPhoneSimulator = Ad-Hoc|iPhoneSimulator
		Ad-Hoc|x64 = Ad-Hoc|x64
		Ad-Hoc|x86 = Ad-Hoc|x86
		AppStore|Any CPU = AppStore|Any CPU
		AppStore|ARM = AppStore|ARM
		AppStore|iPhone = AppStore|iPhone
		AppStore|iPhoneSimulator = AppStore|iPhoneSimulator
		AppStore|x64 = AppStore|x64
		AppStore|x86 = AppStore|x86
		Debug|Any CPU = Debug|Any CPU
		Debug|ARM = Debug|ARM
		Debug|iPhone = Debug|iPhone
		Debug|iPhoneSimulator = Debug|iPhoneSimulator
		Debug|x64 = Debug|x64
		Debug|x86 = Debug|x86
		Release|Any CPU = Release|Any CPU
		Release|ARM = Release|ARM
		Release|iPhone = Release|iPhone
		Release|iPhoneSimulator = Release|iPhoneSimulator
		Release|x64 = Release|x64
		Release|x86 = Release|x86
	EndGlobalSection
	GlobalSection(ProjectConfigurationPlatforms) = postSolution
		{A4138DF9-2034-4648-8369-882FA61CA56E}.Ad-Hoc|Any CPU.ActiveCfg = Release|Any CPU
		{A4138DF9-2034-4648-8369-882FA61CA56E}.Ad-Hoc|Any CPU.Build.0 = Release|Any CPU
		{A4138DF9-2034-4648-8369-882FA61CA56E}.Ad-Hoc|ARM.ActiveCfg = Release|Any CPU
		{A4138DF9-2034-4648-8369-882FA61CA56E}.Ad-Hoc|ARM.Build.0 = Release|Any CPU
		{A4138DF9-2034-4648-8369-882FA61CA56E}.Ad-Hoc|iPhone.ActiveCfg = Release|Any CPU
		{A4138DF9-2034-4648-8369-882FA61CA56E}.Ad-Hoc|iPhone.Build.0 = Release|Any CPU
		{A4138DF9-2034-4648-8369-882FA61CA56E}.Ad-Hoc|iPhoneSimulator.ActiveCfg = Release|Any CPU
		{A4138DF9-2034-4648-8369-882FA61CA56E}.Ad-Hoc|iPhoneSimulator.Build.0 = Release|Any CPU
		{A4138DF9-2034-4648-8369-882FA61CA56E}.Ad-Hoc|x64.ActiveCfg = Release|Any CPU
		{A4138DF9-2034-4648-8369-882FA61CA56E}.Ad-Hoc|x64.Build.0 = Release|Any CPU
		{A4138DF9-2034-4648-8369-882FA61CA56E}.Ad-Hoc|x86.ActiveCfg = Release|Any CPU
		{A4138DF9-2034-4648-8369-882FA61CA56E}.Ad-Hoc|x86.Build.0 = Release|Any CPU
		{A4138DF9-2034-4648-8369-882FA61CA56E}.AppStore|Any CPU.ActiveCfg = Release|Any CPU
		{A4138DF9-2034-4648-8369-882FA61CA56E}.AppStore|Any CPU.Build.0 = Release|Any CPU
		{A4138DF9-2034-4648-8369-882FA61CA56E}.AppStore|ARM.ActiveCfg = Release|Any CPU
		{A4138DF9-2034-4648-8369-882FA61CA56E}.AppStore|ARM.Build.0 = Release|Any CPU
		{A4138DF9-2034-4648-8369-882FA61CA56E}.AppStore|iPhone.ActiveCfg = Release|Any CPU
		{A4138DF9-2034-4648-8369-882FA61CA56E}.AppStore|iPhone.Build.0 = Release|Any CPU
		{A4138DF9-2034-4648-8369-882FA61CA56E}.AppStore|iPhoneSimulator.ActiveCfg = Release|Any CPU
		{A4138DF9-2034-4648-8369-882FA61CA56E}.AppStore|iPhoneSimulator.Build.0 = Release|Any CPU
		{A4138DF9-2034-4648-8369-882FA61CA56E}.AppStore|x64.ActiveCfg = Release|Any CPU
		{A4138DF9-2034-4648-8369-882FA61CA56E}.AppStore|x64.Build.0 = Release|Any CPU
		{A4138DF9-2034-4648-8369-882FA61CA56E}.AppStore|x86.ActiveCfg = Release|Any CPU
		{A4138DF9-2034-4648-8369-882FA61CA56E}.AppStore|x86.Build.0 = Release|Any CPU
		{A4138DF9-2034-4648-8369-882FA61CA56E}.Debug|Any CPU.ActiveCfg = Debug|Any CPU
		{A4138DF9-2034-4648-8369-882FA61CA56E}.Debug|Any CPU.Build.0 = Debug|Any CPU
		{A4138DF9-2034-4648-8369-882FA61CA56E}.Debug|ARM.ActiveCfg = Debug|Any CPU
		{A4138DF9-2034-4648-8369-882FA61CA56E}.Debug|ARM.Build.0 = Debug|Any CPU
		{A4138DF9-2034-4648-8369-882FA61CA56E}.Debug|iPhone.ActiveCfg = Debug|Any CPU
		{A4138DF9-2034-4648-8369-882FA61CA56E}.Debug|iPhone.Build.0 = Debug|Any CPU
		{A4138DF9-2034-4648-8369-882FA61CA56E}.Debug|iPhoneSimulator.ActiveCfg = Debug|Any CPU
		{A4138DF9-2034-4648-8369-882FA61CA56E}.Debug|iPhoneSimulator.Build.0 = Debug|Any CPU
		{A4138DF9-2034-4648-8369-882FA61CA56E}.Debug|x64.ActiveCfg = Debug|Any CPU
		{A4138DF9-2034-4648-8369-882FA61CA56E}.Debug|x64.Build.0 = Debug|Any CPU
		{A4138DF9-2034-4648-8369-882FA61CA56E}.Debug|x86.ActiveCfg = Debug|Any CPU
		{A4138DF9-2034-4648-8369-882FA61CA56E}.Debug|x86.Build.0 = Debug|Any CPU
		{A4138DF9-2034-4648-8369-882FA61CA56E}.Release|Any CPU.ActiveCfg = Release|Any CPU
		{A4138DF9-2034-4648-8369-882FA61CA56E}.Release|Any CPU.Build.0 = Release|Any CPU
		{A4138DF9-2034-4648-8369-882FA61CA56E}.Release|ARM.ActiveCfg = Release|Any CPU
		{A4138DF9-2034-4648-8369-882FA61CA56E}.Release|ARM.Build.0 = Release|Any CPU
		{A4138DF9-2034-4648-8369-882FA61CA56E}.Release|iPhone.ActiveCfg = Release|Any CPU
		{A4138DF9-2034-4648-8369-882FA61CA56E}.Release|iPhone.Build.0 = Release|Any CPU
		{A4138DF9-2034-4648-8369-882FA61CA56E}.Release|iPhoneSimulator.ActiveCfg = Release|Any CPU
		{A4138DF9-2034-4648-8369-882FA61CA56E}.Release|iPhoneSimulator.Build.0 = Release|Any CPU
		{A4138DF9-2034-4648-8369-882FA61CA56E}.Release|x64.ActiveCfg = Release|Any CPU
		{A4138DF9-2034-4648-8369-882FA61CA56E}.Release|x64.Build.0 = Release|Any CPU
		{A4138DF9-2034-4648-8369-882FA61CA56E}.Release|x86.ActiveCfg = Release|Any CPU
		{A4138DF9-2034-4648-8369-882FA61CA56E}.Release|x86.Build.0 = Release|Any CPU
		{F5D9A889-F9F8-477A-9D45-C475630C95D1}.Ad-Hoc|Any CPU.ActiveCfg = Release|Any CPU
		{F5D9A889-F9F8-477A-9D45-C475630C95D1}.Ad-Hoc|Any CPU.Build.0 = Release|Any CPU
		{F5D9A889-F9F8-477A-9D45-C475630C95D1}.Ad-Hoc|Any CPU.Deploy.0 = Release|Any CPU
		{F5D9A889-F9F8-477A-9D45-C475630C95D1}.Ad-Hoc|ARM.ActiveCfg = Release|Any CPU
		{F5D9A889-F9F8-477A-9D45-C475630C95D1}.Ad-Hoc|ARM.Build.0 = Release|Any CPU
		{F5D9A889-F9F8-477A-9D45-C475630C95D1}.Ad-Hoc|ARM.Deploy.0 = Release|Any CPU
		{F5D9A889-F9F8-477A-9D45-C475630C95D1}.Ad-Hoc|iPhone.ActiveCfg = Release|Any CPU
		{F5D9A889-F9F8-477A-9D45-C475630C95D1}.Ad-Hoc|iPhone.Build.0 = Release|Any CPU
		{F5D9A889-F9F8-477A-9D45-C475630C95D1}.Ad-Hoc|iPhone.Deploy.0 = Release|Any CPU
		{F5D9A889-F9F8-477A-9D45-C475630C95D1}.Ad-Hoc|iPhoneSimulator.ActiveCfg = Release|Any CPU
		{F5D9A889-F9F8-477A-9D45-C475630C95D1}.Ad-Hoc|iPhoneSimulator.Build.0 = Release|Any CPU
		{F5D9A889-F9F8-477A-9D45-C475630C95D1}.Ad-Hoc|iPhoneSimulator.Deploy.0 = Release|Any CPU
		{F5D9A889-F9F8-477A-9D45-C475630C95D1}.Ad-Hoc|x64.ActiveCfg = Release|Any CPU
		{F5D9A889-F9F8-477A-9D45-C475630C95D1}.Ad-Hoc|x64.Build.0 = Release|Any CPU
		{F5D9A889-F9F8-477A-9D45-C475630C95D1}.Ad-Hoc|x64.Deploy.0 = Release|Any CPU
		{F5D9A889-F9F8-477A-9D45-C475630C95D1}.Ad-Hoc|x86.ActiveCfg = Release|Any CPU
		{F5D9A889-F9F8-477A-9D45-C475630C95D1}.Ad-Hoc|x86.Build.0 = Release|Any CPU
		{F5D9A889-F9F8-477A-9D45-C475630C95D1}.Ad-Hoc|x86.Deploy.0 = Release|Any CPU
		{F5D9A889-F9F8-477A-9D45-C475630C95D1}.AppStore|Any CPU.ActiveCfg = Release|Any CPU
		{F5D9A889-F9F8-477A-9D45-C475630C95D1}.AppStore|Any CPU.Build.0 = Release|Any CPU
		{F5D9A889-F9F8-477A-9D45-C475630C95D1}.AppStore|Any CPU.Deploy.0 = Release|Any CPU
		{F5D9A889-F9F8-477A-9D45-C475630C95D1}.AppStore|ARM.ActiveCfg = Release|Any CPU
		{F5D9A889-F9F8-477A-9D45-C475630C95D1}.AppStore|ARM.Build.0 = Release|Any CPU
		{F5D9A889-F9F8-477A-9D45-C475630C95D1}.AppStore|ARM.Deploy.0 = Release|Any CPU
		{F5D9A889-F9F8-477A-9D45-C475630C95D1}.AppStore|iPhone.ActiveCfg = Release|Any CPU
		{F5D9A889-F9F8-477A-9D45-C475630C95D1}.AppStore|iPhone.Build.0 = Release|Any CPU
		{F5D9A889-F9F8-477A-9D45-C475630C95D1}.AppStore|iPhone.Deploy.0 = Release|Any CPU
		{F5D9A889-F9F8-477A-9D45-C475630C95D1}.AppStore|iPhoneSimulator.ActiveCfg = Release|Any CPU
		{F5D9A889-F9F8-477A-9D45-C475630C95D1}.AppStore|iPhoneSimulator.Build.0 = Release|Any CPU
		{F5D9A889-F9F8-477A-9D45-C475630C95D1}.AppStore|iPhoneSimulator.Deploy.0 = Release|Any CPU
		{F5D9A889-F9F8-477A-9D45-C475630C95D1}.AppStore|x64.ActiveCfg = Release|Any CPU
		{F5D9A889-F9F8-477A-9D45-C475630C95D1}.AppStore|x64.Build.0 = Release|Any CPU
		{F5D9A889-F9F8-477A-9D45-C475630C95D1}.AppStore|x64.Deploy.0 = Release|Any CPU
		{F5D9A889-F9F8-477A-9D45-C475630C95D1}.AppStore|x86.ActiveCfg = Release|Any CPU
		{F5D9A889-F9F8-477A-9D45-C475630C95D1}.AppStore|x86.Build.0 = Release|Any CPU
		{F5D9A889-F9F8-477A-9D45-C475630C95D1}.AppStore|x86.Deploy.0 = Release|Any CPU
		{F5D9A889-F9F8-477A-9D45-C475630C95D1}.Debug|Any CPU.ActiveCfg = Debug|Any CPU
		{F5D9A889-F9F8-477A-9D45-C475630C95D1}.Debug|Any CPU.Build.0 = Debug|Any CPU
		{F5D9A889-F9F8-477A-9D45-C475630C95D1}.Debug|Any CPU.Deploy.0 = Debug|Any CPU
		{F5D9A889-F9F8-477A-9D45-C475630C95D1}.Debug|ARM.ActiveCfg = Debug|Any CPU
		{F5D9A889-F9F8-477A-9D45-C475630C95D1}.Debug|ARM.Build.0 = Debug|Any CPU
		{F5D9A889-F9F8-477A-9D45-C475630C95D1}.Debug|ARM.Deploy.0 = Debug|Any CPU
		{F5D9A889-F9F8-477A-9D45-C475630C95D1}.Debug|iPhone.ActiveCfg = Debug|Any CPU
		{F5D9A889-F9F8-477A-9D45-C475630C95D1}.Debug|iPhone.Build.0 = Debug|Any CPU
		{F5D9A889-F9F8-477A-9D45-C475630C95D1}.Debug|iPhone.Deploy.0 = Debug|Any CPU
		{F5D9A889-F9F8-477A-9D45-C475630C95D1}.Debug|iPhoneSimulator.ActiveCfg = Debug|Any CPU
		{F5D9A889-F9F8-477A-9D45-C475630C95D1}.Debug|iPhoneSimulator.Build.0 = Debug|Any CPU
		{F5D9A889-F9F8-477A-9D45-C475630C95D1}.Debug|iPhoneSimulator.Deploy.0 = Debug|Any CPU
		{F5D9A889-F9F8-477A-9D45-C475630C95D1}.Debug|x64.ActiveCfg = Debug|Any CPU
		{F5D9A889-F9F8-477A-9D45-C475630C95D1}.Debug|x64.Build.0 = Debug|Any CPU
		{F5D9A889-F9F8-477A-9D45-C475630C95D1}.Debug|x64.Deploy.0 = Debug|Any CPU
		{F5D9A889-F9F8-477A-9D45-C475630C95D1}.Debug|x86.ActiveCfg = Debug|Any CPU
		{F5D9A889-F9F8-477A-9D45-C475630C95D1}.Debug|x86.Build.0 = Debug|Any CPU
		{F5D9A889-F9F8-477A-9D45-C475630C95D1}.Debug|x86.Deploy.0 = Debug|Any CPU
		{F5D9A889-F9F8-477A-9D45-C475630C95D1}.Release|Any CPU.ActiveCfg = Release|Any CPU
		{F5D9A889-F9F8-477A-9D45-C475630C95D1}.Release|Any CPU.Build.0 = Release|Any CPU
		{F5D9A889-F9F8-477A-9D45-C475630C95D1}.Release|Any CPU.Deploy.0 = Release|Any CPU
		{F5D9A889-F9F8-477A-9D45-C475630C95D1}.Release|ARM.ActiveCfg = Release|Any CPU
		{F5D9A889-F9F8-477A-9D45-C475630C95D1}.Release|ARM.Build.0 = Release|Any CPU
		{F5D9A889-F9F8-477A-9D45-C475630C95D1}.Release|ARM.Deploy.0 = Release|Any CPU
		{F5D9A889-F9F8-477A-9D45-C475630C95D1}.Release|iPhone.ActiveCfg = Release|Any CPU
		{F5D9A889-F9F8-477A-9D45-C475630C95D1}.Release|iPhone.Build.0 = Release|Any CPU
		{F5D9A889-F9F8-477A-9D45-C475630C95D1}.Release|iPhone.Deploy.0 = Release|Any CPU
		{F5D9A889-F9F8-477A-9D45-C475630C95D1}.Release|iPhoneSimulator.ActiveCfg = Release|Any CPU
		{F5D9A889-F9F8-477A-9D45-C475630C95D1}.Release|iPhoneSimulator.Build.0 = Release|Any CPU
		{F5D9A889-F9F8-477A-9D45-C475630C95D1}.Release|iPhoneSimulator.Deploy.0 = Release|Any CPU
		{F5D9A889-F9F8-477A-9D45-C475630C95D1}.Release|x64.ActiveCfg = Release|Any CPU
		{F5D9A889-F9F8-477A-9D45-C475630C95D1}.Release|x64.Build.0 = Release|Any CPU
		{F5D9A889-F9F8-477A-9D45-C475630C95D1}.Release|x64.Deploy.0 = Release|Any CPU
		{F5D9A889-F9F8-477A-9D45-C475630C95D1}.Release|x86.ActiveCfg = Release|Any CPU
		{F5D9A889-F9F8-477A-9D45-C475630C95D1}.Release|x86.Build.0 = Release|Any CPU
		{F5D9A889-F9F8-477A-9D45-C475630C95D1}.Release|x86.Deploy.0 = Release|Any CPU
		{F93B24CB-1DE5-4DD4-800A-EB99C845BD7E}.Ad-Hoc|Any CPU.ActiveCfg = Ad-Hoc|iPhone
		{F93B24CB-1DE5-4DD4-800A-EB99C845BD7E}.Ad-Hoc|ARM.ActiveCfg = Ad-Hoc|iPhone
		{F93B24CB-1DE5-4DD4-800A-EB99C845BD7E}.Ad-Hoc|iPhone.ActiveCfg = Ad-Hoc|iPhone
		{F93B24CB-1DE5-4DD4-800A-EB99C845BD7E}.Ad-Hoc|iPhone.Build.0 = Ad-Hoc|iPhone
		{F93B24CB-1DE5-4DD4-800A-EB99C845BD7E}.Ad-Hoc|iPhoneSimulator.ActiveCfg = Ad-Hoc|iPhoneSimulator
		{F93B24CB-1DE5-4DD4-800A-EB99C845BD7E}.Ad-Hoc|iPhoneSimulator.Build.0 = Ad-Hoc|iPhoneSimulator
		{F93B24CB-1DE5-4DD4-800A-EB99C845BD7E}.Ad-Hoc|x64.ActiveCfg = Ad-Hoc|iPhone
		{F93B24CB-1DE5-4DD4-800A-EB99C845BD7E}.Ad-Hoc|x86.ActiveCfg = Ad-Hoc|iPhone
		{F93B24CB-1DE5-4DD4-800A-EB99C845BD7E}.AppStore|Any CPU.ActiveCfg = AppStore|iPhone
		{F93B24CB-1DE5-4DD4-800A-EB99C845BD7E}.AppStore|ARM.ActiveCfg = AppStore|iPhone
		{F93B24CB-1DE5-4DD4-800A-EB99C845BD7E}.AppStore|iPhone.ActiveCfg = AppStore|iPhone
		{F93B24CB-1DE5-4DD4-800A-EB99C845BD7E}.AppStore|iPhone.Build.0 = AppStore|iPhone
		{F93B24CB-1DE5-4DD4-800A-EB99C845BD7E}.AppStore|iPhoneSimulator.ActiveCfg = AppStore|iPhoneSimulator
		{F93B24CB-1DE5-4DD4-800A-EB99C845BD7E}.AppStore|iPhoneSimulator.Build.0 = AppStore|iPhoneSimulator
		{F93B24CB-1DE5-4DD4-800A-EB99C845BD7E}.AppStore|x64.ActiveCfg = AppStore|iPhone
		{F93B24CB-1DE5-4DD4-800A-EB99C845BD7E}.AppStore|x86.ActiveCfg = AppStore|iPhone
		{F93B24CB-1DE5-4DD4-800A-EB99C845BD7E}.Debug|Any CPU.ActiveCfg = Debug|iPhone
		{F93B24CB-1DE5-4DD4-800A-EB99C845BD7E}.Debug|Any CPU.Build.0 = Debug|iPhone
		{F93B24CB-1DE5-4DD4-800A-EB99C845BD7E}.Debug|ARM.ActiveCfg = Debug|iPhone
		{F93B24CB-1DE5-4DD4-800A-EB99C845BD7E}.Debug|iPhone.ActiveCfg = Debug|iPhone
		{F93B24CB-1DE5-4DD4-800A-EB99C845BD7E}.Debug|iPhone.Build.0 = Debug|iPhone
		{F93B24CB-1DE5-4DD4-800A-EB99C845BD7E}.Debug|iPhoneSimulator.ActiveCfg = Debug|iPhoneSimulator
		{F93B24CB-1DE5-4DD4-800A-EB99C845BD7E}.Debug|iPhoneSimulator.Build.0 = Debug|iPhoneSimulator
		{F93B24CB-1DE5-4DD4-800A-EB99C845BD7E}.Debug|x64.ActiveCfg = Debug|iPhone
		{F93B24CB-1DE5-4DD4-800A-EB99C845BD7E}.Debug|x86.ActiveCfg = Debug|iPhone
		{F93B24CB-1DE5-4DD4-800A-EB99C845BD7E}.Release|Any CPU.ActiveCfg = Release|iPhone
		{F93B24CB-1DE5-4DD4-800A-EB99C845BD7E}.Release|ARM.ActiveCfg = Release|iPhone
		{F93B24CB-1DE5-4DD4-800A-EB99C845BD7E}.Release|iPhone.ActiveCfg = Release|iPhone
		{F93B24CB-1DE5-4DD4-800A-EB99C845BD7E}.Release|iPhone.Build.0 = Release|iPhone
		{F93B24CB-1DE5-4DD4-800A-EB99C845BD7E}.Release|iPhoneSimulator.ActiveCfg = Release|iPhoneSimulator
		{F93B24CB-1DE5-4DD4-800A-EB99C845BD7E}.Release|iPhoneSimulator.Build.0 = Release|iPhoneSimulator
		{F93B24CB-1DE5-4DD4-800A-EB99C845BD7E}.Release|x64.ActiveCfg = Release|iPhone
		{F93B24CB-1DE5-4DD4-800A-EB99C845BD7E}.Release|x86.ActiveCfg = Release|iPhone
		{31C59C84-9DFF-4168-AD6B-E253E33B55E3}.Ad-Hoc|Any CPU.ActiveCfg = Release|Any CPU
		{31C59C84-9DFF-4168-AD6B-E253E33B55E3}.Ad-Hoc|Any CPU.Build.0 = Release|Any CPU
		{31C59C84-9DFF-4168-AD6B-E253E33B55E3}.Ad-Hoc|Any CPU.Deploy.0 = Release|Any CPU
		{31C59C84-9DFF-4168-AD6B-E253E33B55E3}.Ad-Hoc|ARM.ActiveCfg = Release|ARM
		{31C59C84-9DFF-4168-AD6B-E253E33B55E3}.Ad-Hoc|ARM.Build.0 = Release|ARM
		{31C59C84-9DFF-4168-AD6B-E253E33B55E3}.Ad-Hoc|ARM.Deploy.0 = Release|ARM
		{31C59C84-9DFF-4168-AD6B-E253E33B55E3}.Ad-Hoc|iPhone.ActiveCfg = Release|Any CPU
		{31C59C84-9DFF-4168-AD6B-E253E33B55E3}.Ad-Hoc|iPhone.Build.0 = Release|Any CPU
		{31C59C84-9DFF-4168-AD6B-E253E33B55E3}.Ad-Hoc|iPhone.Deploy.0 = Release|Any CPU
		{31C59C84-9DFF-4168-AD6B-E253E33B55E3}.Ad-Hoc|iPhoneSimulator.ActiveCfg = Release|Any CPU
		{31C59C84-9DFF-4168-AD6B-E253E33B55E3}.Ad-Hoc|iPhoneSimulator.Build.0 = Release|Any CPU
		{31C59C84-9DFF-4168-AD6B-E253E33B55E3}.Ad-Hoc|iPhoneSimulator.Deploy.0 = Release|Any CPU
		{31C59C84-9DFF-4168-AD6B-E253E33B55E3}.Ad-Hoc|x64.ActiveCfg = Release|Any CPU
		{31C59C84-9DFF-4168-AD6B-E253E33B55E3}.Ad-Hoc|x64.Build.0 = Release|Any CPU
		{31C59C84-9DFF-4168-AD6B-E253E33B55E3}.Ad-Hoc|x64.Deploy.0 = Release|Any CPU
		{31C59C84-9DFF-4168-AD6B-E253E33B55E3}.Ad-Hoc|x86.ActiveCfg = Release|x86
		{31C59C84-9DFF-4168-AD6B-E253E33B55E3}.Ad-Hoc|x86.Build.0 = Release|x86
		{31C59C84-9DFF-4168-AD6B-E253E33B55E3}.Ad-Hoc|x86.Deploy.0 = Release|x86
		{31C59C84-9DFF-4168-AD6B-E253E33B55E3}.AppStore|Any CPU.ActiveCfg = Release|Any CPU
		{31C59C84-9DFF-4168-AD6B-E253E33B55E3}.AppStore|Any CPU.Build.0 = Release|Any CPU
		{31C59C84-9DFF-4168-AD6B-E253E33B55E3}.AppStore|Any CPU.Deploy.0 = Release|Any CPU
		{31C59C84-9DFF-4168-AD6B-E253E33B55E3}.AppStore|ARM.ActiveCfg = Release|ARM
		{31C59C84-9DFF-4168-AD6B-E253E33B55E3}.AppStore|ARM.Build.0 = Release|ARM
		{31C59C84-9DFF-4168-AD6B-E253E33B55E3}.AppStore|ARM.Deploy.0 = Release|ARM
		{31C59C84-9DFF-4168-AD6B-E253E33B55E3}.AppStore|iPhone.ActiveCfg = Release|Any CPU
		{31C59C84-9DFF-4168-AD6B-E253E33B55E3}.AppStore|iPhone.Build.0 = Release|Any CPU
		{31C59C84-9DFF-4168-AD6B-E253E33B55E3}.AppStore|iPhone.Deploy.0 = Release|Any CPU
		{31C59C84-9DFF-4168-AD6B-E253E33B55E3}.AppStore|iPhoneSimulator.ActiveCfg = Release|Any CPU
		{31C59C84-9DFF-4168-AD6B-E253E33B55E3}.AppStore|iPhoneSimulator.Build.0 = Release|Any CPU
		{31C59C84-9DFF-4168-AD6B-E253E33B55E3}.AppStore|iPhoneSimulator.Deploy.0 = Release|Any CPU
		{31C59C84-9DFF-4168-AD6B-E253E33B55E3}.AppStore|x64.ActiveCfg = Release|Any CPU
		{31C59C84-9DFF-4168-AD6B-E253E33B55E3}.AppStore|x64.Build.0 = Release|Any CPU
		{31C59C84-9DFF-4168-AD6B-E253E33B55E3}.AppStore|x64.Deploy.0 = Release|Any CPU
		{31C59C84-9DFF-4168-AD6B-E253E33B55E3}.AppStore|x86.ActiveCfg = Release|x86
		{31C59C84-9DFF-4168-AD6B-E253E33B55E3}.AppStore|x86.Build.0 = Release|x86
		{31C59C84-9DFF-4168-AD6B-E253E33B55E3}.AppStore|x86.Deploy.0 = Release|x86
		{31C59C84-9DFF-4168-AD6B-E253E33B55E3}.Debug|Any CPU.ActiveCfg = Debug|Any CPU
		{31C59C84-9DFF-4168-AD6B-E253E33B55E3}.Debug|Any CPU.Build.0 = Debug|Any CPU
		{31C59C84-9DFF-4168-AD6B-E253E33B55E3}.Debug|Any CPU.Deploy.0 = Debug|Any CPU
		{31C59C84-9DFF-4168-AD6B-E253E33B55E3}.Debug|ARM.ActiveCfg = Debug|ARM
		{31C59C84-9DFF-4168-AD6B-E253E33B55E3}.Debug|ARM.Build.0 = Debug|ARM
		{31C59C84-9DFF-4168-AD6B-E253E33B55E3}.Debug|ARM.Deploy.0 = Debug|ARM
		{31C59C84-9DFF-4168-AD6B-E253E33B55E3}.Debug|iPhone.ActiveCfg = Debug|Any CPU
		{31C59C84-9DFF-4168-AD6B-E253E33B55E3}.Debug|iPhone.Build.0 = Debug|Any CPU
		{31C59C84-9DFF-4168-AD6B-E253E33B55E3}.Debug|iPhone.Deploy.0 = Debug|Any CPU
		{31C59C84-9DFF-4168-AD6B-E253E33B55E3}.Debug|iPhoneSimulator.ActiveCfg = Debug|Any CPU
		{31C59C84-9DFF-4168-AD6B-E253E33B55E3}.Debug|iPhoneSimulator.Build.0 = Debug|Any CPU
		{31C59C84-9DFF-4168-AD6B-E253E33B55E3}.Debug|iPhoneSimulator.Deploy.0 = Debug|Any CPU
		{31C59C84-9DFF-4168-AD6B-E253E33B55E3}.Debug|x64.ActiveCfg = Debug|Any CPU
		{31C59C84-9DFF-4168-AD6B-E253E33B55E3}.Debug|x64.Build.0 = Debug|Any CPU
		{31C59C84-9DFF-4168-AD6B-E253E33B55E3}.Debug|x64.Deploy.0 = Debug|Any CPU
		{31C59C84-9DFF-4168-AD6B-E253E33B55E3}.Debug|x86.ActiveCfg = Debug|x86
		{31C59C84-9DFF-4168-AD6B-E253E33B55E3}.Debug|x86.Build.0 = Debug|x86
		{31C59C84-9DFF-4168-AD6B-E253E33B55E3}.Debug|x86.Deploy.0 = Debug|x86
		{31C59C84-9DFF-4168-AD6B-E253E33B55E3}.Release|Any CPU.ActiveCfg = Release|Any CPU
		{31C59C84-9DFF-4168-AD6B-E253E33B55E3}.Release|Any CPU.Build.0 = Release|Any CPU
		{31C59C84-9DFF-4168-AD6B-E253E33B55E3}.Release|Any CPU.Deploy.0 = Release|Any CPU
		{31C59C84-9DFF-4168-AD6B-E253E33B55E3}.Release|ARM.ActiveCfg = Release|ARM
		{31C59C84-9DFF-4168-AD6B-E253E33B55E3}.Release|ARM.Build.0 = Release|ARM
		{31C59C84-9DFF-4168-AD6B-E253E33B55E3}.Release|ARM.Deploy.0 = Release|ARM
		{31C59C84-9DFF-4168-AD6B-E253E33B55E3}.Release|iPhone.ActiveCfg = Release|Any CPU
		{31C59C84-9DFF-4168-AD6B-E253E33B55E3}.Release|iPhone.Build.0 = Release|Any CPU
		{31C59C84-9DFF-4168-AD6B-E253E33B55E3}.Release|iPhone.Deploy.0 = Release|Any CPU
		{31C59C84-9DFF-4168-AD6B-E253E33B55E3}.Release|iPhoneSimulator.ActiveCfg = Release|Any CPU
		{31C59C84-9DFF-4168-AD6B-E253E33B55E3}.Release|iPhoneSimulator.Build.0 = Release|Any CPU
		{31C59C84-9DFF-4168-AD6B-E253E33B55E3}.Release|iPhoneSimulator.Deploy.0 = Release|Any CPU
		{31C59C84-9DFF-4168-AD6B-E253E33B55E3}.Release|x64.ActiveCfg = Release|Any CPU
		{31C59C84-9DFF-4168-AD6B-E253E33B55E3}.Release|x64.Build.0 = Release|Any CPU
		{31C59C84-9DFF-4168-AD6B-E253E33B55E3}.Release|x64.Deploy.0 = Release|Any CPU
		{31C59C84-9DFF-4168-AD6B-E253E33B55E3}.Release|x86.ActiveCfg = Release|x86
		{31C59C84-9DFF-4168-AD6B-E253E33B55E3}.Release|x86.Build.0 = Release|x86
		{31C59C84-9DFF-4168-AD6B-E253E33B55E3}.Release|x86.Deploy.0 = Release|x86
		{61486FC4-38F1-43E7-8AED-83EA5A75AB0D}.Ad-Hoc|Any CPU.ActiveCfg = Release|x86
		{61486FC4-38F1-43E7-8AED-83EA5A75AB0D}.Ad-Hoc|Any CPU.Build.0 = Release|x86
		{61486FC4-38F1-43E7-8AED-83EA5A75AB0D}.Ad-Hoc|Any CPU.Deploy.0 = Release|x86
		{61486FC4-38F1-43E7-8AED-83EA5A75AB0D}.Ad-Hoc|ARM.ActiveCfg = Release|ARM
		{61486FC4-38F1-43E7-8AED-83EA5A75AB0D}.Ad-Hoc|ARM.Build.0 = Release|ARM
		{61486FC4-38F1-43E7-8AED-83EA5A75AB0D}.Ad-Hoc|ARM.Deploy.0 = Release|ARM
		{61486FC4-38F1-43E7-8AED-83EA5A75AB0D}.Ad-Hoc|iPhone.ActiveCfg = Release|x86
		{61486FC4-38F1-43E7-8AED-83EA5A75AB0D}.Ad-Hoc|iPhone.Build.0 = Release|x86
		{61486FC4-38F1-43E7-8AED-83EA5A75AB0D}.Ad-Hoc|iPhone.Deploy.0 = Release|x86
		{61486FC4-38F1-43E7-8AED-83EA5A75AB0D}.Ad-Hoc|iPhoneSimulator.ActiveCfg = Release|x86
		{61486FC4-38F1-43E7-8AED-83EA5A75AB0D}.Ad-Hoc|iPhoneSimulator.Build.0 = Release|x86
		{61486FC4-38F1-43E7-8AED-83EA5A75AB0D}.Ad-Hoc|iPhoneSimulator.Deploy.0 = Release|x86
		{61486FC4-38F1-43E7-8AED-83EA5A75AB0D}.Ad-Hoc|x64.ActiveCfg = Release|x64
		{61486FC4-38F1-43E7-8AED-83EA5A75AB0D}.Ad-Hoc|x64.Build.0 = Release|x64
		{61486FC4-38F1-43E7-8AED-83EA5A75AB0D}.Ad-Hoc|x64.Deploy.0 = Release|x64
		{61486FC4-38F1-43E7-8AED-83EA5A75AB0D}.Ad-Hoc|x86.ActiveCfg = Release|x86
		{61486FC4-38F1-43E7-8AED-83EA5A75AB0D}.Ad-Hoc|x86.Build.0 = Release|x86
		{61486FC4-38F1-43E7-8AED-83EA5A75AB0D}.Ad-Hoc|x86.Deploy.0 = Release|x86
		{61486FC4-38F1-43E7-8AED-83EA5A75AB0D}.AppStore|Any CPU.ActiveCfg = Release|x86
		{61486FC4-38F1-43E7-8AED-83EA5A75AB0D}.AppStore|Any CPU.Build.0 = Release|x86
		{61486FC4-38F1-43E7-8AED-83EA5A75AB0D}.AppStore|Any CPU.Deploy.0 = Release|x86
		{61486FC4-38F1-43E7-8AED-83EA5A75AB0D}.AppStore|ARM.ActiveCfg = Release|ARM
		{61486FC4-38F1-43E7-8AED-83EA5A75AB0D}.AppStore|ARM.Build.0 = Release|ARM
		{61486FC4-38F1-43E7-8AED-83EA5A75AB0D}.AppStore|ARM.Deploy.0 = Release|ARM
		{61486FC4-38F1-43E7-8AED-83EA5A75AB0D}.AppStore|iPhone.ActiveCfg = Release|x86
		{61486FC4-38F1-43E7-8AED-83EA5A75AB0D}.AppStore|iPhone.Build.0 = Release|x86
		{61486FC4-38F1-43E7-8AED-83EA5A75AB0D}.AppStore|iPhone.Deploy.0 = Release|x86
		{61486FC4-38F1-43E7-8AED-83EA5A75AB0D}.AppStore|iPhoneSimulator.ActiveCfg = Release|x86
		{61486FC4-38F1-43E7-8AED-83EA5A75AB0D}.AppStore|iPhoneSimulator.Build.0 = Release|x86
		{61486FC4-38F1-43E7-8AED-83EA5A75AB0D}.AppStore|iPhoneSimulator.Deploy.0 = Release|x86
		{61486FC4-38F1-43E7-8AED-83EA5A75AB0D}.AppStore|x64.ActiveCfg = Release|x64
		{61486FC4-38F1-43E7-8AED-83EA5A75AB0D}.AppStore|x64.Build.0 = Release|x64
		{61486FC4-38F1-43E7-8AED-83EA5A75AB0D}.AppStore|x64.Deploy.0 = Release|x64
		{61486FC4-38F1-43E7-8AED-83EA5A75AB0D}.AppStore|x86.ActiveCfg = Release|x86
		{61486FC4-38F1-43E7-8AED-83EA5A75AB0D}.AppStore|x86.Build.0 = Release|x86
		{61486FC4-38F1-43E7-8AED-83EA5A75AB0D}.AppStore|x86.Deploy.0 = Release|x86
		{61486FC4-38F1-43E7-8AED-83EA5A75AB0D}.Debug|Any CPU.ActiveCfg = Debug|x86
		{61486FC4-38F1-43E7-8AED-83EA5A75AB0D}.Debug|Any CPU.Build.0 = Debug|x86
		{61486FC4-38F1-43E7-8AED-83EA5A75AB0D}.Debug|Any CPU.Deploy.0 = Debug|x86
		{61486FC4-38F1-43E7-8AED-83EA5A75AB0D}.Debug|ARM.ActiveCfg = Debug|ARM
		{61486FC4-38F1-43E7-8AED-83EA5A75AB0D}.Debug|ARM.Build.0 = Debug|ARM
		{61486FC4-38F1-43E7-8AED-83EA5A75AB0D}.Debug|ARM.Deploy.0 = Debug|ARM
		{61486FC4-38F1-43E7-8AED-83EA5A75AB0D}.Debug|iPhone.ActiveCfg = Debug|x86
		{61486FC4-38F1-43E7-8AED-83EA5A75AB0D}.Debug|iPhone.Build.0 = Debug|x86
		{61486FC4-38F1-43E7-8AED-83EA5A75AB0D}.Debug|iPhone.Deploy.0 = Debug|x86
		{61486FC4-38F1-43E7-8AED-83EA5A75AB0D}.Debug|iPhoneSimulator.ActiveCfg = Debug|x86
		{61486FC4-38F1-43E7-8AED-83EA5A75AB0D}.Debug|x64.ActiveCfg = Debug|x64
		{61486FC4-38F1-43E7-8AED-83EA5A75AB0D}.Debug|x64.Build.0 = Debug|x64
		{61486FC4-38F1-43E7-8AED-83EA5A75AB0D}.Debug|x64.Deploy.0 = Debug|x64
		{61486FC4-38F1-43E7-8AED-83EA5A75AB0D}.Debug|x86.ActiveCfg = Debug|x86
		{61486FC4-38F1-43E7-8AED-83EA5A75AB0D}.Debug|x86.Build.0 = Debug|x86
		{61486FC4-38F1-43E7-8AED-83EA5A75AB0D}.Debug|x86.Deploy.0 = Debug|x86
		{61486FC4-38F1-43E7-8AED-83EA5A75AB0D}.Release|Any CPU.ActiveCfg = Release|x86
		{61486FC4-38F1-43E7-8AED-83EA5A75AB0D}.Release|ARM.ActiveCfg = Release|ARM
		{61486FC4-38F1-43E7-8AED-83EA5A75AB0D}.Release|ARM.Build.0 = Release|ARM
		{61486FC4-38F1-43E7-8AED-83EA5A75AB0D}.Release|ARM.Deploy.0 = Release|ARM
		{61486FC4-38F1-43E7-8AED-83EA5A75AB0D}.Release|iPhone.ActiveCfg = Release|x86
		{61486FC4-38F1-43E7-8AED-83EA5A75AB0D}.Release|iPhoneSimulator.ActiveCfg = Release|x86
		{61486FC4-38F1-43E7-8AED-83EA5A75AB0D}.Release|x64.ActiveCfg = Release|x64
		{61486FC4-38F1-43E7-8AED-83EA5A75AB0D}.Release|x64.Build.0 = Release|x64
		{61486FC4-38F1-43E7-8AED-83EA5A75AB0D}.Release|x64.Deploy.0 = Release|x64
		{61486FC4-38F1-43E7-8AED-83EA5A75AB0D}.Release|x86.ActiveCfg = Release|x86
		{61486FC4-38F1-43E7-8AED-83EA5A75AB0D}.Release|x86.Build.0 = Release|x86
		{61486FC4-38F1-43E7-8AED-83EA5A75AB0D}.Release|x86.Deploy.0 = Release|x86
		{0D64273F-FBB8-4681-A1B0-D7E388559037}.Ad-Hoc|Any CPU.ActiveCfg = Release|Any CPU
		{0D64273F-FBB8-4681-A1B0-D7E388559037}.Ad-Hoc|Any CPU.Build.0 = Release|Any CPU
		{0D64273F-FBB8-4681-A1B0-D7E388559037}.Ad-Hoc|Any CPU.Deploy.0 = Release|Any CPU
		{0D64273F-FBB8-4681-A1B0-D7E388559037}.Ad-Hoc|ARM.ActiveCfg = Release|ARM
		{0D64273F-FBB8-4681-A1B0-D7E388559037}.Ad-Hoc|ARM.Build.0 = Release|ARM
		{0D64273F-FBB8-4681-A1B0-D7E388559037}.Ad-Hoc|ARM.Deploy.0 = Release|ARM
		{0D64273F-FBB8-4681-A1B0-D7E388559037}.Ad-Hoc|iPhone.ActiveCfg = Release|Any CPU
		{0D64273F-FBB8-4681-A1B0-D7E388559037}.Ad-Hoc|iPhone.Build.0 = Release|Any CPU
		{0D64273F-FBB8-4681-A1B0-D7E388559037}.Ad-Hoc|iPhone.Deploy.0 = Release|Any CPU
		{0D64273F-FBB8-4681-A1B0-D7E388559037}.Ad-Hoc|iPhoneSimulator.ActiveCfg = Release|Any CPU
		{0D64273F-FBB8-4681-A1B0-D7E388559037}.Ad-Hoc|iPhoneSimulator.Build.0 = Release|Any CPU
		{0D64273F-FBB8-4681-A1B0-D7E388559037}.Ad-Hoc|iPhoneSimulator.Deploy.0 = Release|Any CPU
		{0D64273F-FBB8-4681-A1B0-D7E388559037}.Ad-Hoc|x64.ActiveCfg = Release|x64
		{0D64273F-FBB8-4681-A1B0-D7E388559037}.Ad-Hoc|x64.Build.0 = Release|x64
		{0D64273F-FBB8-4681-A1B0-D7E388559037}.Ad-Hoc|x64.Deploy.0 = Release|x64
		{0D64273F-FBB8-4681-A1B0-D7E388559037}.Ad-Hoc|x86.ActiveCfg = Release|x86
		{0D64273F-FBB8-4681-A1B0-D7E388559037}.Ad-Hoc|x86.Build.0 = Release|x86
		{0D64273F-FBB8-4681-A1B0-D7E388559037}.Ad-Hoc|x86.Deploy.0 = Release|x86
		{0D64273F-FBB8-4681-A1B0-D7E388559037}.AppStore|Any CPU.ActiveCfg = Release|Any CPU
		{0D64273F-FBB8-4681-A1B0-D7E388559037}.AppStore|Any CPU.Build.0 = Release|Any CPU
		{0D64273F-FBB8-4681-A1B0-D7E388559037}.AppStore|Any CPU.Deploy.0 = Release|Any CPU
		{0D64273F-FBB8-4681-A1B0-D7E388559037}.AppStore|ARM.ActiveCfg = Release|ARM
		{0D64273F-FBB8-4681-A1B0-D7E388559037}.AppStore|ARM.Build.0 = Release|ARM
		{0D64273F-FBB8-4681-A1B0-D7E388559037}.AppStore|ARM.Deploy.0 = Release|ARM
		{0D64273F-FBB8-4681-A1B0-D7E388559037}.AppStore|iPhone.ActiveCfg = Release|Any CPU
		{0D64273F-FBB8-4681-A1B0-D7E388559037}.AppStore|iPhone.Build.0 = Release|Any CPU
		{0D64273F-FBB8-4681-A1B0-D7E388559037}.AppStore|iPhone.Deploy.0 = Release|Any CPU
		{0D64273F-FBB8-4681-A1B0-D7E388559037}.AppStore|iPhoneSimulator.ActiveCfg = Release|Any CPU
		{0D64273F-FBB8-4681-A1B0-D7E388559037}.AppStore|iPhoneSimulator.Build.0 = Release|Any CPU
		{0D64273F-FBB8-4681-A1B0-D7E388559037}.AppStore|iPhoneSimulator.Deploy.0 = Release|Any CPU
		{0D64273F-FBB8-4681-A1B0-D7E388559037}.AppStore|x64.ActiveCfg = Release|x64
		{0D64273F-FBB8-4681-A1B0-D7E388559037}.AppStore|x64.Build.0 = Release|x64
		{0D64273F-FBB8-4681-A1B0-D7E388559037}.AppStore|x64.Deploy.0 = Release|x64
		{0D64273F-FBB8-4681-A1B0-D7E388559037}.AppStore|x86.ActiveCfg = Release|x86
		{0D64273F-FBB8-4681-A1B0-D7E388559037}.AppStore|x86.Build.0 = Release|x86
		{0D64273F-FBB8-4681-A1B0-D7E388559037}.AppStore|x86.Deploy.0 = Release|x86
		{0D64273F-FBB8-4681-A1B0-D7E388559037}.Debug|Any CPU.ActiveCfg = Debug|Any CPU
		{0D64273F-FBB8-4681-A1B0-D7E388559037}.Debug|Any CPU.Build.0 = Debug|Any CPU
		{0D64273F-FBB8-4681-A1B0-D7E388559037}.Debug|Any CPU.Deploy.0 = Debug|Any CPU
		{0D64273F-FBB8-4681-A1B0-D7E388559037}.Debug|ARM.ActiveCfg = Debug|ARM
		{0D64273F-FBB8-4681-A1B0-D7E388559037}.Debug|ARM.Build.0 = Debug|ARM
		{0D64273F-FBB8-4681-A1B0-D7E388559037}.Debug|ARM.Deploy.0 = Debug|ARM
		{0D64273F-FBB8-4681-A1B0-D7E388559037}.Debug|iPhone.ActiveCfg = Debug|Any CPU
		{0D64273F-FBB8-4681-A1B0-D7E388559037}.Debug|iPhone.Build.0 = Debug|Any CPU
		{0D64273F-FBB8-4681-A1B0-D7E388559037}.Debug|iPhone.Deploy.0 = Debug|Any CPU
		{0D64273F-FBB8-4681-A1B0-D7E388559037}.Debug|iPhoneSimulator.ActiveCfg = Debug|Any CPU
		{0D64273F-FBB8-4681-A1B0-D7E388559037}.Debug|iPhoneSimulator.Build.0 = Debug|Any CPU
		{0D64273F-FBB8-4681-A1B0-D7E388559037}.Debug|iPhoneSimulator.Deploy.0 = Debug|Any CPU
		{0D64273F-FBB8-4681-A1B0-D7E388559037}.Debug|x64.ActiveCfg = Debug|x64
		{0D64273F-FBB8-4681-A1B0-D7E388559037}.Debug|x64.Build.0 = Debug|x64
		{0D64273F-FBB8-4681-A1B0-D7E388559037}.Debug|x64.Deploy.0 = Debug|x64
		{0D64273F-FBB8-4681-A1B0-D7E388559037}.Debug|x86.ActiveCfg = Debug|x86
		{0D64273F-FBB8-4681-A1B0-D7E388559037}.Debug|x86.Build.0 = Debug|x86
		{0D64273F-FBB8-4681-A1B0-D7E388559037}.Debug|x86.Deploy.0 = Debug|x86
		{0D64273F-FBB8-4681-A1B0-D7E388559037}.Release|Any CPU.ActiveCfg = Release|Any CPU
		{0D64273F-FBB8-4681-A1B0-D7E388559037}.Release|Any CPU.Build.0 = Release|Any CPU
		{0D64273F-FBB8-4681-A1B0-D7E388559037}.Release|Any CPU.Deploy.0 = Release|Any CPU
		{0D64273F-FBB8-4681-A1B0-D7E388559037}.Release|ARM.ActiveCfg = Release|ARM
		{0D64273F-FBB8-4681-A1B0-D7E388559037}.Release|ARM.Build.0 = Release|ARM
		{0D64273F-FBB8-4681-A1B0-D7E388559037}.Release|ARM.Deploy.0 = Release|ARM
		{0D64273F-FBB8-4681-A1B0-D7E388559037}.Release|iPhone.ActiveCfg = Release|Any CPU
		{0D64273F-FBB8-4681-A1B0-D7E388559037}.Release|iPhone.Build.0 = Release|Any CPU
		{0D64273F-FBB8-4681-A1B0-D7E388559037}.Release|iPhone.Deploy.0 = Release|Any CPU
		{0D64273F-FBB8-4681-A1B0-D7E388559037}.Release|iPhoneSimulator.ActiveCfg = Release|Any CPU
		{0D64273F-FBB8-4681-A1B0-D7E388559037}.Release|iPhoneSimulator.Build.0 = Release|Any CPU
		{0D64273F-FBB8-4681-A1B0-D7E388559037}.Release|iPhoneSimulator.Deploy.0 = Release|Any CPU
		{0D64273F-FBB8-4681-A1B0-D7E388559037}.Release|x64.ActiveCfg = Release|x64
		{0D64273F-FBB8-4681-A1B0-D7E388559037}.Release|x64.Build.0 = Release|x64
		{0D64273F-FBB8-4681-A1B0-D7E388559037}.Release|x64.Deploy.0 = Release|x64
		{0D64273F-FBB8-4681-A1B0-D7E388559037}.Release|x86.ActiveCfg = Release|x86
		{0D64273F-FBB8-4681-A1B0-D7E388559037}.Release|x86.Build.0 = Release|x86
		{0D64273F-FBB8-4681-A1B0-D7E388559037}.Release|x86.Deploy.0 = Release|x86
	EndGlobalSection
	GlobalSection(SolutionProperties) = preSolution
		HideSolutionNode = FALSE
	EndGlobalSection
EndGlobal
