
Microsoft Visual Studio Solution File, Format Version 12.00
# Visual Studio 14
VisualStudioVersion = 14.0.25420.1
MinimumVisualStudioVersion = 10.0.40219.1
Project("{FAE04EC0-301F-11D3-BF4B-00C04F79EFBC}") = "ControleCorrida.Android", "ControleCorrida\ControleCorrida.Android\ControleCorrida.Android.csproj", "{3CDC5836-C813-4139-829B-33C268064F97}"
EndProject
Project("{FAE04EC0-301F-11D3-BF4B-00C04F79EFBC}") = "ControleCorrida", "ControleCorrida\ControleCorrida\ControleCorrida.csproj", "{41B2CAE6-FBFE-4C73-9986-9B0F5E6A1FBD}"
EndProject
Project("{FAE04EC0-301F-11D3-BF4B-00C04F79EFBC}") = "ControleCorrida.UWP", "ControleCorrida\ControleCorrida.UWP\ControleCorrida.UWP.csproj", "{71259E3D-F93A-43BF-9754-53E129360009}"
EndProject
Project("{FAE04EC0-301F-11D3-BF4B-00C04F79EFBC}") = "ControleCorrida.iOS", "ControleCorrida\ControleCorrida.iOS\ControleCorrida.iOS.csproj", "{87D84F74-EDEA-42F9-B17D-27AED3589123}"
EndProject
Global
	GlobalSection(SolutionConfigurationPlatforms) = preSolution
		Ad-Hoc|Any CPU = Ad-Hoc|Any CPU
		Ad-Hoc|ARM = Ad-Hoc|ARM
		Ad-Hoc|iPhone = Ad-Hoc|iPhone
		Ad-Hoc|iPhoneSimulator = Ad-Hoc|iPhoneSimulator
		Ad-Hoc|x64 = Ad-Hoc|x64
		Ad-Hoc|x86 = Ad-Hoc|x86
		AppStore|Any CPU = AppStore|Any CPU
		AppStore|ARM = AppStore|ARM
		AppStore|iPhone = AppStore|iPhone
		AppStore|iPhoneSimulator = AppStore|iPhoneSimulator
		AppStore|x64 = AppStore|x64
		AppStore|x86 = AppStore|x86
		Debug|Any CPU = Debug|Any CPU
		Debug|ARM = Debug|ARM
		Debug|iPhone = Debug|iPhone
		Debug|iPhoneSimulator = Debug|iPhoneSimulator
		Debug|x64 = Debug|x64
		Debug|x86 = Debug|x86
		Release|Any CPU = Release|Any CPU
		Release|ARM = Release|ARM
		Release|iPhone = Release|iPhone
		Release|iPhoneSimulator = Release|iPhoneSimulator
		Release|x64 = Release|x64
		Release|x86 = Release|x86
	EndGlobalSection
	GlobalSection(ProjectConfigurationPlatforms) = postSolution
		{3CDC5836-C813-4139-829B-33C268064F97}.Ad-Hoc|Any CPU.ActiveCfg = Release|Any CPU
		{3CDC5836-C813-4139-829B-33C268064F97}.Ad-Hoc|Any CPU.Build.0 = Release|Any CPU
		{3CDC5836-C813-4139-829B-33C268064F97}.Ad-Hoc|Any CPU.Deploy.0 = Release|Any CPU
		{3CDC5836-C813-4139-829B-33C268064F97}.Ad-Hoc|ARM.ActiveCfg = Release|Any CPU
		{3CDC5836-C813-4139-829B-33C268064F97}.Ad-Hoc|ARM.Build.0 = Release|Any CPU
		{3CDC5836-C813-4139-829B-33C268064F97}.Ad-Hoc|ARM.Deploy.0 = Release|Any CPU
		{3CDC5836-C813-4139-829B-33C268064F97}.Ad-Hoc|iPhone.ActiveCfg = Release|Any CPU
		{3CDC5836-C813-4139-829B-33C268064F97}.Ad-Hoc|iPhone.Build.0 = Release|Any CPU
		{3CDC5836-C813-4139-829B-33C268064F97}.Ad-Hoc|iPhone.Deploy.0 = Release|Any CPU
		{3CDC5836-C813-4139-829B-33C268064F97}.Ad-Hoc|iPhoneSimulator.ActiveCfg = Release|Any CPU
		{3CDC5836-C813-4139-829B-33C268064F97}.Ad-Hoc|iPhoneSimulator.Build.0 = Release|Any CPU
		{3CDC5836-C813-4139-829B-33C268064F97}.Ad-Hoc|iPhoneSimulator.Deploy.0 = Release|Any CPU
		{3CDC5836-C813-4139-829B-33C268064F97}.Ad-Hoc|x64.ActiveCfg = Release|Any CPU
		{3CDC5836-C813-4139-829B-33C268064F97}.Ad-Hoc|x64.Build.0 = Release|Any CPU
		{3CDC5836-C813-4139-829B-33C268064F97}.Ad-Hoc|x64.Deploy.0 = Release|Any CPU
		{3CDC5836-C813-4139-829B-33C268064F97}.Ad-Hoc|x86.ActiveCfg = Release|Any CPU
		{3CDC5836-C813-4139-829B-33C268064F97}.Ad-Hoc|x86.Build.0 = Release|Any CPU
		{3CDC5836-C813-4139-829B-33C268064F97}.Ad-Hoc|x86.Deploy.0 = Release|Any CPU
		{3CDC5836-C813-4139-829B-33C268064F97}.AppStore|Any CPU.ActiveCfg = Release|Any CPU
		{3CDC5836-C813-4139-829B-33C268064F97}.AppStore|Any CPU.Build.0 = Release|Any CPU
		{3CDC5836-C813-4139-829B-33C268064F97}.AppStore|Any CPU.Deploy.0 = Release|Any CPU
		{3CDC5836-C813-4139-829B-33C268064F97}.AppStore|ARM.ActiveCfg = Release|Any CPU
		{3CDC5836-C813-4139-829B-33C268064F97}.AppStore|ARM.Build.0 = Release|Any CPU
		{3CDC5836-C813-4139-829B-33C268064F97}.AppStore|ARM.Deploy.0 = Release|Any CPU
		{3CDC5836-C813-4139-829B-33C268064F97}.AppStore|iPhone.ActiveCfg = Release|Any CPU
		{3CDC5836-C813-4139-829B-33C268064F97}.AppStore|iPhone.Build.0 = Release|Any CPU
		{3CDC5836-C813-4139-829B-33C268064F97}.AppStore|iPhone.Deploy.0 = Release|Any CPU
		{3CDC5836-C813-4139-829B-33C268064F97}.AppStore|iPhoneSimulator.ActiveCfg = Release|Any CPU
		{3CDC5836-C813-4139-829B-33C268064F97}.AppStore|iPhoneSimulator.Build.0 = Release|Any CPU
		{3CDC5836-C813-4139-829B-33C268064F97}.AppStore|iPhoneSimulator.Deploy.0 = Release|Any CPU
		{3CDC5836-C813-4139-829B-33C268064F97}.AppStore|x64.ActiveCfg = Release|Any CPU
		{3CDC5836-C813-4139-829B-33C268064F97}.AppStore|x64.Build.0 = Release|Any CPU
		{3CDC5836-C813-4139-829B-33C268064F97}.AppStore|x64.Deploy.0 = Release|Any CPU
		{3CDC5836-C813-4139-829B-33C268064F97}.AppStore|x86.ActiveCfg = Release|Any CPU
		{3CDC5836-C813-4139-829B-33C268064F97}.AppStore|x86.Build.0 = Release|Any CPU
		{3CDC5836-C813-4139-829B-33C268064F97}.AppStore|x86.Deploy.0 = Release|Any CPU
		{3CDC5836-C813-4139-829B-33C268064F97}.Debug|Any CPU.ActiveCfg = Debug|Any CPU
		{3CDC5836-C813-4139-829B-33C268064F97}.Debug|Any CPU.Build.0 = Debug|Any CPU
		{3CDC5836-C813-4139-829B-33C268064F97}.Debug|Any CPU.Deploy.0 = Debug|Any CPU
		{3CDC5836-C813-4139-829B-33C268064F97}.Debug|ARM.ActiveCfg = Debug|Any CPU
		{3CDC5836-C813-4139-829B-33C268064F97}.Debug|ARM.Build.0 = Debug|Any CPU
		{3CDC5836-C813-4139-829B-33C268064F97}.Debug|ARM.Deploy.0 = Debug|Any CPU
		{3CDC5836-C813-4139-829B-33C268064F97}.Debug|iPhone.ActiveCfg = Debug|Any CPU
		{3CDC5836-C813-4139-829B-33C268064F97}.Debug|iPhone.Build.0 = Debug|Any CPU
		{3CDC5836-C813-4139-829B-33C268064F97}.Debug|iPhone.Deploy.0 = Debug|Any CPU
		{3CDC5836-C813-4139-829B-33C268064F97}.Debug|iPhoneSimulator.ActiveCfg = Debug|Any CPU
		{3CDC5836-C813-4139-829B-33C268064F97}.Debug|iPhoneSimulator.Build.0 = Debug|Any CPU
		{3CDC5836-C813-4139-829B-33C268064F97}.Debug|iPhoneSimulator.Deploy.0 = Debug|Any CPU
		{3CDC5836-C813-4139-829B-33C268064F97}.Debug|x64.ActiveCfg = Debug|Any CPU
		{3CDC5836-C813-4139-829B-33C268064F97}.Debug|x64.Build.0 = Debug|Any CPU
		{3CDC5836-C813-4139-829B-33C268064F97}.Debug|x64.Deploy.0 = Debug|Any CPU
		{3CDC5836-C813-4139-829B-33C268064F97}.Debug|x86.ActiveCfg = Debug|Any CPU
		{3CDC5836-C813-4139-829B-33C268064F97}.Debug|x86.Build.0 = Debug|Any CPU
		{3CDC5836-C813-4139-829B-33C268064F97}.Debug|x86.Deploy.0 = Debug|Any CPU
		{3CDC5836-C813-4139-829B-33C268064F97}.Release|Any CPU.ActiveCfg = Release|Any CPU
		{3CDC5836-C813-4139-829B-33C268064F97}.Release|Any CPU.Build.0 = Release|Any CPU
		{3CDC5836-C813-4139-829B-33C268064F97}.Release|Any CPU.Deploy.0 = Release|Any CPU
		{3CDC5836-C813-4139-829B-33C268064F97}.Release|ARM.ActiveCfg = Release|Any CPU
		{3CDC5836-C813-4139-829B-33C268064F97}.Release|ARM.Build.0 = Release|Any CPU
		{3CDC5836-C813-4139-829B-33C268064F97}.Release|ARM.Deploy.0 = Release|Any CPU
		{3CDC5836-C813-4139-829B-33C268064F97}.Release|iPhone.ActiveCfg = Release|Any CPU
		{3CDC5836-C813-4139-829B-33C268064F97}.Release|iPhone.Build.0 = Release|Any CPU
		{3CDC5836-C813-4139-829B-33C268064F97}.Release|iPhone.Deploy.0 = Release|Any CPU
		{3CDC5836-C813-4139-829B-33C268064F97}.Release|iPhoneSimulator.ActiveCfg = Release|Any CPU
		{3CDC5836-C813-4139-829B-33C268064F97}.Release|iPhoneSimulator.Build.0 = Release|Any CPU
		{3CDC5836-C813-4139-829B-33C268064F97}.Release|iPhoneSimulator.Deploy.0 = Release|Any CPU
		{3CDC5836-C813-4139-829B-33C268064F97}.Release|x64.ActiveCfg = Release|Any CPU
		{3CDC5836-C813-4139-829B-33C268064F97}.Release|x64.Build.0 = Release|Any CPU
		{3CDC5836-C813-4139-829B-33C268064F97}.Release|x64.Deploy.0 = Release|Any CPU
		{3CDC5836-C813-4139-829B-33C268064F97}.Release|x86.ActiveCfg = Release|Any CPU
		{3CDC5836-C813-4139-829B-33C268064F97}.Release|x86.Build.0 = Release|Any CPU
		{3CDC5836-C813-4139-829B-33C268064F97}.Release|x86.Deploy.0 = Release|Any CPU
		{41B2CAE6-FBFE-4C73-9986-9B0F5E6A1FBD}.Ad-Hoc|Any CPU.ActiveCfg = Release|Any CPU
		{41B2CAE6-FBFE-4C73-9986-9B0F5E6A1FBD}.Ad-Hoc|Any CPU.Build.0 = Release|Any CPU
		{41B2CAE6-FBFE-4C73-9986-9B0F5E6A1FBD}.Ad-Hoc|ARM.ActiveCfg = Release|Any CPU
		{41B2CAE6-FBFE-4C73-9986-9B0F5E6A1FBD}.Ad-Hoc|ARM.Build.0 = Release|Any CPU
		{41B2CAE6-FBFE-4C73-9986-9B0F5E6A1FBD}.Ad-Hoc|iPhone.ActiveCfg = Release|Any CPU
		{41B2CAE6-FBFE-4C73-9986-9B0F5E6A1FBD}.Ad-Hoc|iPhone.Build.0 = Release|Any CPU
		{41B2CAE6-FBFE-4C73-9986-9B0F5E6A1FBD}.Ad-Hoc|iPhoneSimulator.ActiveCfg = Release|Any CPU
		{41B2CAE6-FBFE-4C73-9986-9B0F5E6A1FBD}.Ad-Hoc|iPhoneSimulator.Build.0 = Release|Any CPU
		{41B2CAE6-FBFE-4C73-9986-9B0F5E6A1FBD}.Ad-Hoc|x64.ActiveCfg = Release|Any CPU
		{41B2CAE6-FBFE-4C73-9986-9B0F5E6A1FBD}.Ad-Hoc|x64.Build.0 = Release|Any CPU
		{41B2CAE6-FBFE-4C73-9986-9B0F5E6A1FBD}.Ad-Hoc|x86.ActiveCfg = Release|Any CPU
		{41B2CAE6-FBFE-4C73-9986-9B0F5E6A1FBD}.Ad-Hoc|x86.Build.0 = Release|Any CPU
		{41B2CAE6-FBFE-4C73-9986-9B0F5E6A1FBD}.AppStore|Any CPU.ActiveCfg = Release|Any CPU
		{41B2CAE6-FBFE-4C73-9986-9B0F5E6A1FBD}.AppStore|Any CPU.Build.0 = Release|Any CPU
		{41B2CAE6-FBFE-4C73-9986-9B0F5E6A1FBD}.AppStore|ARM.ActiveCfg = Release|Any CPU
		{41B2CAE6-FBFE-4C73-9986-9B0F5E6A1FBD}.AppStore|ARM.Build.0 = Release|Any CPU
		{41B2CAE6-FBFE-4C73-9986-9B0F5E6A1FBD}.AppStore|iPhone.ActiveCfg = Release|Any CPU
		{41B2CAE6-FBFE-4C73-9986-9B0F5E6A1FBD}.AppStore|iPhone.Build.0 = Release|Any CPU
		{41B2CAE6-FBFE-4C73-9986-9B0F5E6A1FBD}.AppStore|iPhoneSimulator.ActiveCfg = Release|Any CPU
		{41B2CAE6-FBFE-4C73-9986-9B0F5E6A1FBD}.AppStore|iPhoneSimulator.Build.0 = Release|Any CPU
		{41B2CAE6-FBFE-4C73-9986-9B0F5E6A1FBD}.AppStore|x64.ActiveCfg = Release|Any CPU
		{41B2CAE6-FBFE-4C73-9986-9B0F5E6A1FBD}.AppStore|x64.Build.0 = Release|Any CPU
		{41B2CAE6-FBFE-4C73-9986-9B0F5E6A1FBD}.AppStore|x86.ActiveCfg = Release|Any CPU
		{41B2CAE6-FBFE-4C73-9986-9B0F5E6A1FBD}.AppStore|x86.Build.0 = Release|Any CPU
		{41B2CAE6-FBFE-4C73-9986-9B0F5E6A1FBD}.Debug|Any CPU.ActiveCfg = Debug|Any CPU
		{41B2CAE6-FBFE-4C73-9986-9B0F5E6A1FBD}.Debug|Any CPU.Build.0 = Debug|Any CPU
		{41B2CAE6-FBFE-4C73-9986-9B0F5E6A1FBD}.Debug|ARM.ActiveCfg = Debug|Any CPU
		{41B2CAE6-FBFE-4C73-9986-9B0F5E6A1FBD}.Debug|ARM.Build.0 = Debug|Any CPU
		{41B2CAE6-FBFE-4C73-9986-9B0F5E6A1FBD}.Debug|iPhone.ActiveCfg = Debug|Any CPU
		{41B2CAE6-FBFE-4C73-9986-9B0F5E6A1FBD}.Debug|iPhone.Build.0 = Debug|Any CPU
		{41B2CAE6-FBFE-4C73-9986-9B0F5E6A1FBD}.Debug|iPhoneSimulator.ActiveCfg = Debug|Any CPU
		{41B2CAE6-FBFE-4C73-9986-9B0F5E6A1FBD}.Debug|iPhoneSimulator.Build.0 = Debug|Any CPU
		{41B2CAE6-FBFE-4C73-9986-9B0F5E6A1FBD}.Debug|x64.ActiveCfg = Debug|Any CPU
		{41B2CAE6-FBFE-4C73-9986-9B0F5E6A1FBD}.Debug|x64.Build.0 = Debug|Any CPU
		{41B2CAE6-FBFE-4C73-9986-9B0F5E6A1FBD}.Debug|x86.ActiveCfg = Debug|Any CPU
		{41B2CAE6-FBFE-4C73-9986-9B0F5E6A1FBD}.Debug|x86.Build.0 = Debug|Any CPU
		{41B2CAE6-FBFE-4C73-9986-9B0F5E6A1FBD}.Release|Any CPU.ActiveCfg = Release|Any CPU
		{41B2CAE6-FBFE-4C73-9986-9B0F5E6A1FBD}.Release|Any CPU.Build.0 = Release|Any CPU
		{41B2CAE6-FBFE-4C73-9986-9B0F5E6A1FBD}.Release|ARM.ActiveCfg = Release|Any CPU
		{41B2CAE6-FBFE-4C73-9986-9B0F5E6A1FBD}.Release|ARM.Build.0 = Release|Any CPU
		{41B2CAE6-FBFE-4C73-9986-9B0F5E6A1FBD}.Release|iPhone.ActiveCfg = Release|Any CPU
		{41B2CAE6-FBFE-4C73-9986-9B0F5E6A1FBD}.Release|iPhone.Build.0 = Release|Any CPU
		{41B2CAE6-FBFE-4C73-9986-9B0F5E6A1FBD}.Release|iPhoneSimulator.ActiveCfg = Release|Any CPU
		{41B2CAE6-FBFE-4C73-9986-9B0F5E6A1FBD}.Release|iPhoneSimulator.Build.0 = Release|Any CPU
		{41B2CAE6-FBFE-4C73-9986-9B0F5E6A1FBD}.Release|x64.ActiveCfg = Release|Any CPU
		{41B2CAE6-FBFE-4C73-9986-9B0F5E6A1FBD}.Release|x64.Build.0 = Release|Any CPU
		{41B2CAE6-FBFE-4C73-9986-9B0F5E6A1FBD}.Release|x86.ActiveCfg = Release|Any CPU
		{41B2CAE6-FBFE-4C73-9986-9B0F5E6A1FBD}.Release|x86.Build.0 = Release|Any CPU
		{71259E3D-F93A-43BF-9754-53E129360009}.Ad-Hoc|Any CPU.ActiveCfg = Release|x86
		{71259E3D-F93A-43BF-9754-53E129360009}.Ad-Hoc|Any CPU.Build.0 = Release|x86
		{71259E3D-F93A-43BF-9754-53E129360009}.Ad-Hoc|Any CPU.Deploy.0 = Release|x86
		{71259E3D-F93A-43BF-9754-53E129360009}.Ad-Hoc|ARM.ActiveCfg = Release|ARM
		{71259E3D-F93A-43BF-9754-53E129360009}.Ad-Hoc|ARM.Build.0 = Release|ARM
		{71259E3D-F93A-43BF-9754-53E129360009}.Ad-Hoc|ARM.Deploy.0 = Release|ARM
		{71259E3D-F93A-43BF-9754-53E129360009}.Ad-Hoc|iPhone.ActiveCfg = Release|x86
		{71259E3D-F93A-43BF-9754-53E129360009}.Ad-Hoc|iPhone.Build.0 = Release|x86
		{71259E3D-F93A-43BF-9754-53E129360009}.Ad-Hoc|iPhone.Deploy.0 = Release|x86
		{71259E3D-F93A-43BF-9754-53E129360009}.Ad-Hoc|iPhoneSimulator.ActiveCfg = Release|x86
		{71259E3D-F93A-43BF-9754-53E129360009}.Ad-Hoc|iPhoneSimulator.Build.0 = Release|x86
		{71259E3D-F93A-43BF-9754-53E129360009}.Ad-Hoc|iPhoneSimulator.Deploy.0 = Release|x86
		{71259E3D-F93A-43BF-9754-53E129360009}.Ad-Hoc|x64.ActiveCfg = Release|x64
		{71259E3D-F93A-43BF-9754-53E129360009}.Ad-Hoc|x64.Build.0 = Release|x64
		{71259E3D-F93A-43BF-9754-53E129360009}.Ad-Hoc|x64.Deploy.0 = Release|x64
		{71259E3D-F93A-43BF-9754-53E129360009}.Ad-Hoc|x86.ActiveCfg = Release|x86
		{71259E3D-F93A-43BF-9754-53E129360009}.Ad-Hoc|x86.Build.0 = Release|x86
		{71259E3D-F93A-43BF-9754-53E129360009}.Ad-Hoc|x86.Deploy.0 = Release|x86
		{71259E3D-F93A-43BF-9754-53E129360009}.AppStore|Any CPU.ActiveCfg = Release|x86
		{71259E3D-F93A-43BF-9754-53E129360009}.AppStore|Any CPU.Build.0 = Release|x86
		{71259E3D-F93A-43BF-9754-53E129360009}.AppStore|Any CPU.Deploy.0 = Release|x86
		{71259E3D-F93A-43BF-9754-53E129360009}.AppStore|ARM.ActiveCfg = Release|ARM
		{71259E3D-F93A-43BF-9754-53E129360009}.AppStore|ARM.Build.0 = Release|ARM
		{71259E3D-F93A-43BF-9754-53E129360009}.AppStore|ARM.Deploy.0 = Release|ARM
		{71259E3D-F93A-43BF-9754-53E129360009}.AppStore|iPhone.ActiveCfg = Release|x86
		{71259E3D-F93A-43BF-9754-53E129360009}.AppStore|iPhone.Build.0 = Release|x86
		{71259E3D-F93A-43BF-9754-53E129360009}.AppStore|iPhone.Deploy.0 = Release|x86
		{71259E3D-F93A-43BF-9754-53E129360009}.AppStore|iPhoneSimulator.ActiveCfg = Release|x86
		{71259E3D-F93A-43BF-9754-53E129360009}.AppStore|iPhoneSimulator.Build.0 = Release|x86
		{71259E3D-F93A-43BF-9754-53E129360009}.AppStore|iPhoneSimulator.Deploy.0 = Release|x86
		{71259E3D-F93A-43BF-9754-53E129360009}.AppStore|x64.ActiveCfg = Release|x64
		{71259E3D-F93A-43BF-9754-53E129360009}.AppStore|x64.Build.0 = Release|x64
		{71259E3D-F93A-43BF-9754-53E129360009}.AppStore|x64.Deploy.0 = Release|x64
		{71259E3D-F93A-43BF-9754-53E129360009}.AppStore|x86.ActiveCfg = Release|x86
		{71259E3D-F93A-43BF-9754-53E129360009}.AppStore|x86.Build.0 = Release|x86
		{71259E3D-F93A-43BF-9754-53E129360009}.AppStore|x86.Deploy.0 = Release|x86
		{71259E3D-F93A-43BF-9754-53E129360009}.Debug|Any CPU.ActiveCfg = Debug|x86
		{71259E3D-F93A-43BF-9754-53E129360009}.Debug|ARM.ActiveCfg = Debug|ARM
		{71259E3D-F93A-43BF-9754-53E129360009}.Debug|ARM.Build.0 = Debug|ARM
		{71259E3D-F93A-43BF-9754-53E129360009}.Debug|ARM.Deploy.0 = Debug|ARM
		{71259E3D-F93A-43BF-9754-53E129360009}.Debug|iPhone.ActiveCfg = Debug|x86
		{71259E3D-F93A-43BF-9754-53E129360009}.Debug|iPhoneSimulator.ActiveCfg = Debug|x86
		{71259E3D-F93A-43BF-9754-53E129360009}.Debug|x64.ActiveCfg = Debug|x64
		{71259E3D-F93A-43BF-9754-53E129360009}.Debug|x64.Build.0 = Debug|x64
		{71259E3D-F93A-43BF-9754-53E129360009}.Debug|x64.Deploy.0 = Debug|x64
		{71259E3D-F93A-43BF-9754-53E129360009}.Debug|x86.ActiveCfg = Debug|x86
		{71259E3D-F93A-43BF-9754-53E129360009}.Debug|x86.Build.0 = Debug|x86
		{71259E3D-F93A-43BF-9754-53E129360009}.Debug|x86.Deploy.0 = Debug|x86
		{71259E3D-F93A-43BF-9754-53E129360009}.Release|Any CPU.ActiveCfg = Release|x86
		{71259E3D-F93A-43BF-9754-53E129360009}.Release|ARM.ActiveCfg = Release|ARM
		{71259E3D-F93A-43BF-9754-53E129360009}.Release|ARM.Build.0 = Release|ARM
		{71259E3D-F93A-43BF-9754-53E129360009}.Release|ARM.Deploy.0 = Release|ARM
		{71259E3D-F93A-43BF-9754-53E129360009}.Release|iPhone.ActiveCfg = Release|x86
		{71259E3D-F93A-43BF-9754-53E129360009}.Release|iPhoneSimulator.ActiveCfg = Release|x86
		{71259E3D-F93A-43BF-9754-53E129360009}.Release|x64.ActiveCfg = Release|x64
		{71259E3D-F93A-43BF-9754-53E129360009}.Release|x64.Build.0 = Release|x64
		{71259E3D-F93A-43BF-9754-53E129360009}.Release|x64.Deploy.0 = Release|x64
		{71259E3D-F93A-43BF-9754-53E129360009}.Release|x86.ActiveCfg = Release|x86
		{71259E3D-F93A-43BF-9754-53E129360009}.Release|x86.Build.0 = Release|x86
		{71259E3D-F93A-43BF-9754-53E129360009}.Release|x86.Deploy.0 = Release|x86
		{87D84F74-EDEA-42F9-B17D-27AED3589123}.Ad-Hoc|Any CPU.ActiveCfg = Ad-Hoc|iPhone
		{87D84F74-EDEA-42F9-B17D-27AED3589123}.Ad-Hoc|ARM.ActiveCfg = Ad-Hoc|iPhone
		{87D84F74-EDEA-42F9-B17D-27AED3589123}.Ad-Hoc|iPhone.ActiveCfg = Ad-Hoc|iPhone
		{87D84F74-EDEA-42F9-B17D-27AED3589123}.Ad-Hoc|iPhone.Build.0 = Ad-Hoc|iPhone
		{87D84F74-EDEA-42F9-B17D-27AED3589123}.Ad-Hoc|iPhoneSimulator.ActiveCfg = Ad-Hoc|iPhoneSimulator
		{87D84F74-EDEA-42F9-B17D-27AED3589123}.Ad-Hoc|iPhoneSimulator.Build.0 = Ad-Hoc|iPhoneSimulator
		{87D84F74-EDEA-42F9-B17D-27AED3589123}.Ad-Hoc|x64.ActiveCfg = Ad-Hoc|iPhone
		{87D84F74-EDEA-42F9-B17D-27AED3589123}.Ad-Hoc|x86.ActiveCfg = Ad-Hoc|iPhone
		{87D84F74-EDEA-42F9-B17D-27AED3589123}.AppStore|Any CPU.ActiveCfg = AppStore|iPhone
		{87D84F74-EDEA-42F9-B17D-27AED3589123}.AppStore|ARM.ActiveCfg = AppStore|iPhone
		{87D84F74-EDEA-42F9-B17D-27AED3589123}.AppStore|iPhone.ActiveCfg = AppStore|iPhone
		{87D84F74-EDEA-42F9-B17D-27AED3589123}.AppStore|iPhone.Build.0 = AppStore|iPhone
		{87D84F74-EDEA-42F9-B17D-27AED3589123}.AppStore|iPhoneSimulator.ActiveCfg = AppStore|iPhoneSimulator
		{87D84F74-EDEA-42F9-B17D-27AED3589123}.AppStore|iPhoneSimulator.Build.0 = AppStore|iPhoneSimulator
		{87D84F74-EDEA-42F9-B17D-27AED3589123}.AppStore|x64.ActiveCfg = AppStore|iPhone
		{87D84F74-EDEA-42F9-B17D-27AED3589123}.AppStore|x86.ActiveCfg = AppStore|iPhone
		{87D84F74-EDEA-42F9-B17D-27AED3589123}.Debug|Any CPU.ActiveCfg = Debug|iPhone
		{87D84F74-EDEA-42F9-B17D-27AED3589123}.Debug|ARM.ActiveCfg = Debug|iPhone
		{87D84F74-EDEA-42F9-B17D-27AED3589123}.Debug|iPhone.ActiveCfg = Debug|iPhone
		{87D84F74-EDEA-42F9-B17D-27AED3589123}.Debug|iPhone.Build.0 = Debug|iPhone
		{87D84F74-EDEA-42F9-B17D-27AED3589123}.Debug|iPhoneSimulator.ActiveCfg = Debug|iPhoneSimulator
		{87D84F74-EDEA-42F9-B17D-27AED3589123}.Debug|iPhoneSimulator.Build.0 = Debug|iPhoneSimulator
		{87D84F74-EDEA-42F9-B17D-27AED3589123}.Debug|x64.ActiveCfg = Debug|iPhone
		{87D84F74-EDEA-42F9-B17D-27AED3589123}.Debug|x86.ActiveCfg = Debug|iPhone
		{87D84F74-EDEA-42F9-B17D-27AED3589123}.Release|Any CPU.ActiveCfg = Release|iPhone
		{87D84F74-EDEA-42F9-B17D-27AED3589123}.Release|ARM.ActiveCfg = Release|iPhone
		{87D84F74-EDEA-42F9-B17D-27AED3589123}.Release|iPhone.ActiveCfg = Release|iPhone
		{87D84F74-EDEA-42F9-B17D-27AED3589123}.Release|iPhone.Build.0 = Release|iPhone
		{87D84F74-EDEA-42F9-B17D-27AED3589123}.Release|iPhoneSimulator.ActiveCfg = Release|iPhoneSimulator
		{87D84F74-EDEA-42F9-B17D-27AED3589123}.Release|iPhoneSimulator.Build.0 = Release|iPhoneSimulator
		{87D84F74-EDEA-42F9-B17D-27AED3589123}.Release|x64.ActiveCfg = Release|iPhone
		{87D84F74-EDEA-42F9-B17D-27AED3589123}.Release|x86.ActiveCfg = Release|iPhone
	EndGlobalSection
	GlobalSection(SolutionProperties) = preSolution
		HideSolutionNode = FALSE
	EndGlobalSection
EndGlobal
