
Microsoft Visual Studio Solution File, Format Version 12.00
# Visual Studio 14
VisualStudioVersion = 14.0.25420.1
MinimumVisualStudioVersion = 10.0.40219.1
Project("{FAE04EC0-301F-11D3-BF4B-00C04F79EFBC}") = "Lab05.Android", "Lab05\Lab05.Android\Lab05.Android.csproj", "{CC61232F-97D4-4643-837A-B6D6E9A3F92C}"
EndProject
Project("{FAE04EC0-301F-11D3-BF4B-00C04F79EFBC}") = "Lab05", "Lab05\Lab05\Lab05.csproj", "{A7D0C56E-68B2-402D-B88F-B481D8F3D80D}"
EndProject
Project("{FAE04EC0-301F-11D3-BF4B-00C04F79EFBC}") = "Lab05.UWP", "Lab05\Lab05.UWP\Lab05.UWP.csproj", "{059D4D9F-F51B-4EEF-AEC6-EBB8D1586DE2}"
EndProject
Project("{FAE04EC0-301F-11D3-BF4B-00C04F79EFBC}") = "Lab05.iOS", "Lab05\Lab05.iOS\Lab05.iOS.csproj", "{AD241124-14D0-4697-AD85-BAA59A1D0D2A}"
EndProject
Global
	GlobalSection(SolutionConfigurationPlatforms) = preSolution
		Ad-Hoc|Any CPU = Ad-Hoc|Any CPU
		Ad-Hoc|ARM = Ad-Hoc|ARM
		Ad-Hoc|iPhone = Ad-Hoc|iPhone
		Ad-Hoc|iPhoneSimulator = Ad-Hoc|iPhoneSimulator
		Ad-Hoc|x64 = Ad-Hoc|x64
		Ad-Hoc|x86 = Ad-Hoc|x86
		AppStore|Any CPU = AppStore|Any CPU
		AppStore|ARM = AppStore|ARM
		AppStore|iPhone = AppStore|iPhone
		AppStore|iPhoneSimulator = AppStore|iPhoneSimulator
		AppStore|x64 = AppStore|x64
		AppStore|x86 = AppStore|x86
		Debug|Any CPU = Debug|Any CPU
		Debug|ARM = Debug|ARM
		Debug|iPhone = Debug|iPhone
		Debug|iPhoneSimulator = Debug|iPhoneSimulator
		Debug|x64 = Debug|x64
		Debug|x86 = Debug|x86
		Release|Any CPU = Release|Any CPU
		Release|ARM = Release|ARM
		Release|iPhone = Release|iPhone
		Release|iPhoneSimulator = Release|iPhoneSimulator
		Release|x64 = Release|x64
		Release|x86 = Release|x86
	EndGlobalSection
	GlobalSection(ProjectConfigurationPlatforms) = postSolution
		{CC61232F-97D4-4643-837A-B6D6E9A3F92C}.Ad-Hoc|Any CPU.ActiveCfg = Release|Any CPU
		{CC61232F-97D4-4643-837A-B6D6E9A3F92C}.Ad-Hoc|Any CPU.Build.0 = Release|Any CPU
		{CC61232F-97D4-4643-837A-B6D6E9A3F92C}.Ad-Hoc|Any CPU.Deploy.0 = Release|Any CPU
		{CC61232F-97D4-4643-837A-B6D6E9A3F92C}.Ad-Hoc|ARM.ActiveCfg = Release|Any CPU
		{CC61232F-97D4-4643-837A-B6D6E9A3F92C}.Ad-Hoc|ARM.Build.0 = Release|Any CPU
		{CC61232F-97D4-4643-837A-B6D6E9A3F92C}.Ad-Hoc|ARM.Deploy.0 = Release|Any CPU
		{CC61232F-97D4-4643-837A-B6D6E9A3F92C}.Ad-Hoc|iPhone.ActiveCfg = Release|Any CPU
		{CC61232F-97D4-4643-837A-B6D6E9A3F92C}.Ad-Hoc|iPhone.Build.0 = Release|Any CPU
		{CC61232F-97D4-4643-837A-B6D6E9A3F92C}.Ad-Hoc|iPhone.Deploy.0 = Release|Any CPU
		{CC61232F-97D4-4643-837A-B6D6E9A3F92C}.Ad-Hoc|iPhoneSimulator.ActiveCfg = Release|Any CPU
		{CC61232F-97D4-4643-837A-B6D6E9A3F92C}.Ad-Hoc|iPhoneSimulator.Build.0 = Release|Any CPU
		{CC61232F-97D4-4643-837A-B6D6E9A3F92C}.Ad-Hoc|iPhoneSimulator.Deploy.0 = Release|Any CPU
		{CC61232F-97D4-4643-837A-B6D6E9A3F92C}.Ad-Hoc|x64.ActiveCfg = Release|Any CPU
		{CC61232F-97D4-4643-837A-B6D6E9A3F92C}.Ad-Hoc|x64.Build.0 = Release|Any CPU
		{CC61232F-97D4-4643-837A-B6D6E9A3F92C}.Ad-Hoc|x64.Deploy.0 = Release|Any CPU
		{CC61232F-97D4-4643-837A-B6D6E9A3F92C}.Ad-Hoc|x86.ActiveCfg = Release|Any CPU
		{CC61232F-97D4-4643-837A-B6D6E9A3F92C}.Ad-Hoc|x86.Build.0 = Release|Any CPU
		{CC61232F-97D4-4643-837A-B6D6E9A3F92C}.Ad-Hoc|x86.Deploy.0 = Release|Any CPU
		{CC61232F-97D4-4643-837A-B6D6E9A3F92C}.AppStore|Any CPU.ActiveCfg = Release|Any CPU
		{CC61232F-97D4-4643-837A-B6D6E9A3F92C}.AppStore|Any CPU.Build.0 = Release|Any CPU
		{CC61232F-97D4-4643-837A-B6D6E9A3F92C}.AppStore|Any CPU.Deploy.0 = Release|Any CPU
		{CC61232F-97D4-4643-837A-B6D6E9A3F92C}.AppStore|ARM.ActiveCfg = Release|Any CPU
		{CC61232F-97D4-4643-837A-B6D6E9A3F92C}.AppStore|ARM.Build.0 = Release|Any CPU
		{CC61232F-97D4-4643-837A-B6D6E9A3F92C}.AppStore|ARM.Deploy.0 = Release|Any CPU
		{CC61232F-97D4-4643-837A-B6D6E9A3F92C}.AppStore|iPhone.ActiveCfg = Release|Any CPU
		{CC61232F-97D4-4643-837A-B6D6E9A3F92C}.AppStore|iPhone.Build.0 = Release|Any CPU
		{CC61232F-97D4-4643-837A-B6D6E9A3F92C}.AppStore|iPhone.Deploy.0 = Release|Any CPU
		{CC61232F-97D4-4643-837A-B6D6E9A3F92C}.AppStore|iPhoneSimulator.ActiveCfg = Release|Any CPU
		{CC61232F-97D4-4643-837A-B6D6E9A3F92C}.AppStore|iPhoneSimulator.Build.0 = Release|Any CPU
		{CC61232F-97D4-4643-837A-B6D6E9A3F92C}.AppStore|iPhoneSimulator.Deploy.0 = Release|Any CPU
		{CC61232F-97D4-4643-837A-B6D6E9A3F92C}.AppStore|x64.ActiveCfg = Release|Any CPU
		{CC61232F-97D4-4643-837A-B6D6E9A3F92C}.AppStore|x64.Build.0 = Release|Any CPU
		{CC61232F-97D4-4643-837A-B6D6E9A3F92C}.AppStore|x64.Deploy.0 = Release|Any CPU
		{CC61232F-97D4-4643-837A-B6D6E9A3F92C}.AppStore|x86.ActiveCfg = Release|Any CPU
		{CC61232F-97D4-4643-837A-B6D6E9A3F92C}.AppStore|x86.Build.0 = Release|Any CPU
		{CC61232F-97D4-4643-837A-B6D6E9A3F92C}.AppStore|x86.Deploy.0 = Release|Any CPU
		{CC61232F-97D4-4643-837A-B6D6E9A3F92C}.Debug|Any CPU.ActiveCfg = Debug|Any CPU
		{CC61232F-97D4-4643-837A-B6D6E9A3F92C}.Debug|Any CPU.Build.0 = Debug|Any CPU
		{CC61232F-97D4-4643-837A-B6D6E9A3F92C}.Debug|Any CPU.Deploy.0 = Debug|Any CPU
		{CC61232F-97D4-4643-837A-B6D6E9A3F92C}.Debug|ARM.ActiveCfg = Debug|Any CPU
		{CC61232F-97D4-4643-837A-B6D6E9A3F92C}.Debug|ARM.Build.0 = Debug|Any CPU
		{CC61232F-97D4-4643-837A-B6D6E9A3F92C}.Debug|ARM.Deploy.0 = Debug|Any CPU
		{CC61232F-97D4-4643-837A-B6D6E9A3F92C}.Debug|iPhone.ActiveCfg = Debug|Any CPU
		{CC61232F-97D4-4643-837A-B6D6E9A3F92C}.Debug|iPhone.Build.0 = Debug|Any CPU
		{CC61232F-97D4-4643-837A-B6D6E9A3F92C}.Debug|iPhone.Deploy.0 = Debug|Any CPU
		{CC61232F-97D4-4643-837A-B6D6E9A3F92C}.Debug|iPhoneSimulator.ActiveCfg = Debug|Any CPU
		{CC61232F-97D4-4643-837A-B6D6E9A3F92C}.Debug|iPhoneSimulator.Build.0 = Debug|Any CPU
		{CC61232F-97D4-4643-837A-B6D6E9A3F92C}.Debug|iPhoneSimulator.Deploy.0 = Debug|Any CPU
		{CC61232F-97D4-4643-837A-B6D6E9A3F92C}.Debug|x64.ActiveCfg = Debug|Any CPU
		{CC61232F-97D4-4643-837A-B6D6E9A3F92C}.Debug|x64.Build.0 = Debug|Any CPU
		{CC61232F-97D4-4643-837A-B6D6E9A3F92C}.Debug|x64.Deploy.0 = Debug|Any CPU
		{CC61232F-97D4-4643-837A-B6D6E9A3F92C}.Debug|x86.ActiveCfg = Debug|Any CPU
		{CC61232F-97D4-4643-837A-B6D6E9A3F92C}.Debug|x86.Build.0 = Debug|Any CPU
		{CC61232F-97D4-4643-837A-B6D6E9A3F92C}.Debug|x86.Deploy.0 = Debug|Any CPU
		{CC61232F-97D4-4643-837A-B6D6E9A3F92C}.Release|Any CPU.ActiveCfg = Release|Any CPU
		{CC61232F-97D4-4643-837A-B6D6E9A3F92C}.Release|Any CPU.Build.0 = Release|Any CPU
		{CC61232F-97D4-4643-837A-B6D6E9A3F92C}.Release|Any CPU.Deploy.0 = Release|Any CPU
		{CC61232F-97D4-4643-837A-B6D6E9A3F92C}.Release|ARM.ActiveCfg = Release|Any CPU
		{CC61232F-97D4-4643-837A-B6D6E9A3F92C}.Release|ARM.Build.0 = Release|Any CPU
		{CC61232F-97D4-4643-837A-B6D6E9A3F92C}.Release|ARM.Deploy.0 = Release|Any CPU
		{CC61232F-97D4-4643-837A-B6D6E9A3F92C}.Release|iPhone.ActiveCfg = Release|Any CPU
		{CC61232F-97D4-4643-837A-B6D6E9A3F92C}.Release|iPhone.Build.0 = Release|Any CPU
		{CC61232F-97D4-4643-837A-B6D6E9A3F92C}.Release|iPhone.Deploy.0 = Release|Any CPU
		{CC61232F-97D4-4643-837A-B6D6E9A3F92C}.Release|iPhoneSimulator.ActiveCfg = Release|Any CPU
		{CC61232F-97D4-4643-837A-B6D6E9A3F92C}.Release|iPhoneSimulator.Build.0 = Release|Any CPU
		{CC61232F-97D4-4643-837A-B6D6E9A3F92C}.Release|iPhoneSimulator.Deploy.0 = Release|Any CPU
		{CC61232F-97D4-4643-837A-B6D6E9A3F92C}.Release|x64.ActiveCfg = Release|Any CPU
		{CC61232F-97D4-4643-837A-B6D6E9A3F92C}.Release|x64.Build.0 = Release|Any CPU
		{CC61232F-97D4-4643-837A-B6D6E9A3F92C}.Release|x64.Deploy.0 = Release|Any CPU
		{CC61232F-97D4-4643-837A-B6D6E9A3F92C}.Release|x86.ActiveCfg = Release|Any CPU
		{CC61232F-97D4-4643-837A-B6D6E9A3F92C}.Release|x86.Build.0 = Release|Any CPU
		{CC61232F-97D4-4643-837A-B6D6E9A3F92C}.Release|x86.Deploy.0 = Release|Any CPU
		{A7D0C56E-68B2-402D-B88F-B481D8F3D80D}.Ad-Hoc|Any CPU.ActiveCfg = Release|Any CPU
		{A7D0C56E-68B2-402D-B88F-B481D8F3D80D}.Ad-Hoc|Any CPU.Build.0 = Release|Any CPU
		{A7D0C56E-68B2-402D-B88F-B481D8F3D80D}.Ad-Hoc|ARM.ActiveCfg = Release|Any CPU
		{A7D0C56E-68B2-402D-B88F-B481D8F3D80D}.Ad-Hoc|ARM.Build.0 = Release|Any CPU
		{A7D0C56E-68B2-402D-B88F-B481D8F3D80D}.Ad-Hoc|iPhone.ActiveCfg = Release|Any CPU
		{A7D0C56E-68B2-402D-B88F-B481D8F3D80D}.Ad-Hoc|iPhone.Build.0 = Release|Any CPU
		{A7D0C56E-68B2-402D-B88F-B481D8F3D80D}.Ad-Hoc|iPhoneSimulator.ActiveCfg = Release|Any CPU
		{A7D0C56E-68B2-402D-B88F-B481D8F3D80D}.Ad-Hoc|iPhoneSimulator.Build.0 = Release|Any CPU
		{A7D0C56E-68B2-402D-B88F-B481D8F3D80D}.Ad-Hoc|x64.ActiveCfg = Release|Any CPU
		{A7D0C56E-68B2-402D-B88F-B481D8F3D80D}.Ad-Hoc|x64.Build.0 = Release|Any CPU
		{A7D0C56E-68B2-402D-B88F-B481D8F3D80D}.Ad-Hoc|x86.ActiveCfg = Release|Any CPU
		{A7D0C56E-68B2-402D-B88F-B481D8F3D80D}.Ad-Hoc|x86.Build.0 = Release|Any CPU
		{A7D0C56E-68B2-402D-B88F-B481D8F3D80D}.AppStore|Any CPU.ActiveCfg = Release|Any CPU
		{A7D0C56E-68B2-402D-B88F-B481D8F3D80D}.AppStore|Any CPU.Build.0 = Release|Any CPU
		{A7D0C56E-68B2-402D-B88F-B481D8F3D80D}.AppStore|ARM.ActiveCfg = Release|Any CPU
		{A7D0C56E-68B2-402D-B88F-B481D8F3D80D}.AppStore|ARM.Build.0 = Release|Any CPU
		{A7D0C56E-68B2-402D-B88F-B481D8F3D80D}.AppStore|iPhone.ActiveCfg = Release|Any CPU
		{A7D0C56E-68B2-402D-B88F-B481D8F3D80D}.AppStore|iPhone.Build.0 = Release|Any CPU
		{A7D0C56E-68B2-402D-B88F-B481D8F3D80D}.AppStore|iPhoneSimulator.ActiveCfg = Release|Any CPU
		{A7D0C56E-68B2-402D-B88F-B481D8F3D80D}.AppStore|iPhoneSimulator.Build.0 = Release|Any CPU
		{A7D0C56E-68B2-402D-B88F-B481D8F3D80D}.AppStore|x64.ActiveCfg = Release|Any CPU
		{A7D0C56E-68B2-402D-B88F-B481D8F3D80D}.AppStore|x64.Build.0 = Release|Any CPU
		{A7D0C56E-68B2-402D-B88F-B481D8F3D80D}.AppStore|x86.ActiveCfg = Release|Any CPU
		{A7D0C56E-68B2-402D-B88F-B481D8F3D80D}.AppStore|x86.Build.0 = Release|Any CPU
		{A7D0C56E-68B2-402D-B88F-B481D8F3D80D}.Debug|Any CPU.ActiveCfg = Debug|Any CPU
		{A7D0C56E-68B2-402D-B88F-B481D8F3D80D}.Debug|Any CPU.Build.0 = Debug|Any CPU
		{A7D0C56E-68B2-402D-B88F-B481D8F3D80D}.Debug|ARM.ActiveCfg = Debug|Any CPU
		{A7D0C56E-68B2-402D-B88F-B481D8F3D80D}.Debug|ARM.Build.0 = Debug|Any CPU
		{A7D0C56E-68B2-402D-B88F-B481D8F3D80D}.Debug|iPhone.ActiveCfg = Debug|Any CPU
		{A7D0C56E-68B2-402D-B88F-B481D8F3D80D}.Debug|iPhone.Build.0 = Debug|Any CPU
		{A7D0C56E-68B2-402D-B88F-B481D8F3D80D}.Debug|iPhoneSimulator.ActiveCfg = Debug|Any CPU
		{A7D0C56E-68B2-402D-B88F-B481D8F3D80D}.Debug|iPhoneSimulator.Build.0 = Debug|Any CPU
		{A7D0C56E-68B2-402D-B88F-B481D8F3D80D}.Debug|x64.ActiveCfg = Debug|Any CPU
		{A7D0C56E-68B2-402D-B88F-B481D8F3D80D}.Debug|x64.Build.0 = Debug|Any CPU
		{A7D0C56E-68B2-402D-B88F-B481D8F3D80D}.Debug|x86.ActiveCfg = Debug|Any CPU
		{A7D0C56E-68B2-402D-B88F-B481D8F3D80D}.Debug|x86.Build.0 = Debug|Any CPU
		{A7D0C56E-68B2-402D-B88F-B481D8F3D80D}.Release|Any CPU.ActiveCfg = Release|Any CPU
		{A7D0C56E-68B2-402D-B88F-B481D8F3D80D}.Release|Any CPU.Build.0 = Release|Any CPU
		{A7D0C56E-68B2-402D-B88F-B481D8F3D80D}.Release|ARM.ActiveCfg = Release|Any CPU
		{A7D0C56E-68B2-402D-B88F-B481D8F3D80D}.Release|ARM.Build.0 = Release|Any CPU
		{A7D0C56E-68B2-402D-B88F-B481D8F3D80D}.Release|iPhone.ActiveCfg = Release|Any CPU
		{A7D0C56E-68B2-402D-B88F-B481D8F3D80D}.Release|iPhone.Build.0 = Release|Any CPU
		{A7D0C56E-68B2-402D-B88F-B481D8F3D80D}.Release|iPhoneSimulator.ActiveCfg = Release|Any CPU
		{A7D0C56E-68B2-402D-B88F-B481D8F3D80D}.Release|iPhoneSimulator.Build.0 = Release|Any CPU
		{A7D0C56E-68B2-402D-B88F-B481D8F3D80D}.Release|x64.ActiveCfg = Release|Any CPU
		{A7D0C56E-68B2-402D-B88F-B481D8F3D80D}.Release|x64.Build.0 = Release|Any CPU
		{A7D0C56E-68B2-402D-B88F-B481D8F3D80D}.Release|x86.ActiveCfg = Release|Any CPU
		{A7D0C56E-68B2-402D-B88F-B481D8F3D80D}.Release|x86.Build.0 = Release|Any CPU
		{059D4D9F-F51B-4EEF-AEC6-EBB8D1586DE2}.Ad-Hoc|Any CPU.ActiveCfg = Release|x86
		{059D4D9F-F51B-4EEF-AEC6-EBB8D1586DE2}.Ad-Hoc|Any CPU.Build.0 = Release|x86
		{059D4D9F-F51B-4EEF-AEC6-EBB8D1586DE2}.Ad-Hoc|Any CPU.Deploy.0 = Release|x86
		{059D4D9F-F51B-4EEF-AEC6-EBB8D1586DE2}.Ad-Hoc|ARM.ActiveCfg = Release|ARM
		{059D4D9F-F51B-4EEF-AEC6-EBB8D1586DE2}.Ad-Hoc|ARM.Build.0 = Release|ARM
		{059D4D9F-F51B-4EEF-AEC6-EBB8D1586DE2}.Ad-Hoc|ARM.Deploy.0 = Release|ARM
		{059D4D9F-F51B-4EEF-AEC6-EBB8D1586DE2}.Ad-Hoc|iPhone.ActiveCfg = Release|x86
		{059D4D9F-F51B-4EEF-AEC6-EBB8D1586DE2}.Ad-Hoc|iPhone.Build.0 = Release|x86
		{059D4D9F-F51B-4EEF-AEC6-EBB8D1586DE2}.Ad-Hoc|iPhone.Deploy.0 = Release|x86
		{059D4D9F-F51B-4EEF-AEC6-EBB8D1586DE2}.Ad-Hoc|iPhoneSimulator.ActiveCfg = Release|x86
		{059D4D9F-F51B-4EEF-AEC6-EBB8D1586DE2}.Ad-Hoc|iPhoneSimulator.Build.0 = Release|x86
		{059D4D9F-F51B-4EEF-AEC6-EBB8D1586DE2}.Ad-Hoc|iPhoneSimulator.Deploy.0 = Release|x86
		{059D4D9F-F51B-4EEF-AEC6-EBB8D1586DE2}.Ad-Hoc|x64.ActiveCfg = Release|x64
		{059D4D9F-F51B-4EEF-AEC6-EBB8D1586DE2}.Ad-Hoc|x64.Build.0 = Release|x64
		{059D4D9F-F51B-4EEF-AEC6-EBB8D1586DE2}.Ad-Hoc|x64.Deploy.0 = Release|x64
		{059D4D9F-F51B-4EEF-AEC6-EBB8D1586DE2}.Ad-Hoc|x86.ActiveCfg = Release|x86
		{059D4D9F-F51B-4EEF-AEC6-EBB8D1586DE2}.Ad-Hoc|x86.Build.0 = Release|x86
		{059D4D9F-F51B-4EEF-AEC6-EBB8D1586DE2}.Ad-Hoc|x86.Deploy.0 = Release|x86
		{059D4D9F-F51B-4EEF-AEC6-EBB8D1586DE2}.AppStore|Any CPU.ActiveCfg = Release|x86
		{059D4D9F-F51B-4EEF-AEC6-EBB8D1586DE2}.AppStore|Any CPU.Build.0 = Release|x86
		{059D4D9F-F51B-4EEF-AEC6-EBB8D1586DE2}.AppStore|Any CPU.Deploy.0 = Release|x86
		{059D4D9F-F51B-4EEF-AEC6-EBB8D1586DE2}.AppStore|ARM.ActiveCfg = Release|ARM
		{059D4D9F-F51B-4EEF-AEC6-EBB8D1586DE2}.AppStore|ARM.Build.0 = Release|ARM
		{059D4D9F-F51B-4EEF-AEC6-EBB8D1586DE2}.AppStore|ARM.Deploy.0 = Release|ARM
		{059D4D9F-F51B-4EEF-AEC6-EBB8D1586DE2}.AppStore|iPhone.ActiveCfg = Release|x86
		{059D4D9F-F51B-4EEF-AEC6-EBB8D1586DE2}.AppStore|iPhone.Build.0 = Release|x86
		{059D4D9F-F51B-4EEF-AEC6-EBB8D1586DE2}.AppStore|iPhone.Deploy.0 = Release|x86
		{059D4D9F-F51B-4EEF-AEC6-EBB8D1586DE2}.AppStore|iPhoneSimulator.ActiveCfg = Release|x86
		{059D4D9F-F51B-4EEF-AEC6-EBB8D1586DE2}.AppStore|iPhoneSimulator.Build.0 = Release|x86
		{059D4D9F-F51B-4EEF-AEC6-EBB8D1586DE2}.AppStore|iPhoneSimulator.Deploy.0 = Release|x86
		{059D4D9F-F51B-4EEF-AEC6-EBB8D1586DE2}.AppStore|x64.ActiveCfg = Release|x64
		{059D4D9F-F51B-4EEF-AEC6-EBB8D1586DE2}.AppStore|x64.Build.0 = Release|x64
		{059D4D9F-F51B-4EEF-AEC6-EBB8D1586DE2}.AppStore|x64.Deploy.0 = Release|x64
		{059D4D9F-F51B-4EEF-AEC6-EBB8D1586DE2}.AppStore|x86.ActiveCfg = Release|x86
		{059D4D9F-F51B-4EEF-AEC6-EBB8D1586DE2}.AppStore|x86.Build.0 = Release|x86
		{059D4D9F-F51B-4EEF-AEC6-EBB8D1586DE2}.AppStore|x86.Deploy.0 = Release|x86
		{059D4D9F-F51B-4EEF-AEC6-EBB8D1586DE2}.Debug|Any CPU.ActiveCfg = Debug|x86
		{059D4D9F-F51B-4EEF-AEC6-EBB8D1586DE2}.Debug|ARM.ActiveCfg = Debug|ARM
		{059D4D9F-F51B-4EEF-AEC6-EBB8D1586DE2}.Debug|ARM.Build.0 = Debug|ARM
		{059D4D9F-F51B-4EEF-AEC6-EBB8D1586DE2}.Debug|ARM.Deploy.0 = Debug|ARM
		{059D4D9F-F51B-4EEF-AEC6-EBB8D1586DE2}.Debug|iPhone.ActiveCfg = Debug|x86
		{059D4D9F-F51B-4EEF-AEC6-EBB8D1586DE2}.Debug|iPhoneSimulator.ActiveCfg = Debug|x86
		{059D4D9F-F51B-4EEF-AEC6-EBB8D1586DE2}.Debug|x64.ActiveCfg = Debug|x64
		{059D4D9F-F51B-4EEF-AEC6-EBB8D1586DE2}.Debug|x64.Build.0 = Debug|x64
		{059D4D9F-F51B-4EEF-AEC6-EBB8D1586DE2}.Debug|x64.Deploy.0 = Debug|x64
		{059D4D9F-F51B-4EEF-AEC6-EBB8D1586DE2}.Debug|x86.ActiveCfg = Debug|x86
		{059D4D9F-F51B-4EEF-AEC6-EBB8D1586DE2}.Debug|x86.Build.0 = Debug|x86
		{059D4D9F-F51B-4EEF-AEC6-EBB8D1586DE2}.Debug|x86.Deploy.0 = Debug|x86
		{059D4D9F-F51B-4EEF-AEC6-EBB8D1586DE2}.Release|Any CPU.ActiveCfg = Release|x86
		{059D4D9F-F51B-4EEF-AEC6-EBB8D1586DE2}.Release|ARM.ActiveCfg = Release|ARM
		{059D4D9F-F51B-4EEF-AEC6-EBB8D1586DE2}.Release|ARM.Build.0 = Release|ARM
		{059D4D9F-F51B-4EEF-AEC6-EBB8D1586DE2}.Release|ARM.Deploy.0 = Release|ARM
		{059D4D9F-F51B-4EEF-AEC6-EBB8D1586DE2}.Release|iPhone.ActiveCfg = Release|x86
		{059D4D9F-F51B-4EEF-AEC6-EBB8D1586DE2}.Release|iPhoneSimulator.ActiveCfg = Release|x86
		{059D4D9F-F51B-4EEF-AEC6-EBB8D1586DE2}.Release|x64.ActiveCfg = Release|x64
		{059D4D9F-F51B-4EEF-AEC6-EBB8D1586DE2}.Release|x64.Build.0 = Release|x64
		{059D4D9F-F51B-4EEF-AEC6-EBB8D1586DE2}.Release|x64.Deploy.0 = Release|x64
		{059D4D9F-F51B-4EEF-AEC6-EBB8D1586DE2}.Release|x86.ActiveCfg = Release|x86
		{059D4D9F-F51B-4EEF-AEC6-EBB8D1586DE2}.Release|x86.Build.0 = Release|x86
		{059D4D9F-F51B-4EEF-AEC6-EBB8D1586DE2}.Release|x86.Deploy.0 = Release|x86
		{AD241124-14D0-4697-AD85-BAA59A1D0D2A}.Ad-Hoc|Any CPU.ActiveCfg = Ad-Hoc|iPhone
		{AD241124-14D0-4697-AD85-BAA59A1D0D2A}.Ad-Hoc|ARM.ActiveCfg = Ad-Hoc|iPhone
		{AD241124-14D0-4697-AD85-BAA59A1D0D2A}.Ad-Hoc|iPhone.ActiveCfg = Ad-Hoc|iPhone
		{AD241124-14D0-4697-AD85-BAA59A1D0D2A}.Ad-Hoc|iPhone.Build.0 = Ad-Hoc|iPhone
		{AD241124-14D0-4697-AD85-BAA59A1D0D2A}.Ad-Hoc|iPhoneSimulator.ActiveCfg = Ad-Hoc|iPhoneSimulator
		{AD241124-14D0-4697-AD85-BAA59A1D0D2A}.Ad-Hoc|iPhoneSimulator.Build.0 = Ad-Hoc|iPhoneSimulator
		{AD241124-14D0-4697-AD85-BAA59A1D0D2A}.Ad-Hoc|x64.ActiveCfg = Ad-Hoc|iPhone
		{AD241124-14D0-4697-AD85-BAA59A1D0D2A}.Ad-Hoc|x86.ActiveCfg = Ad-Hoc|iPhone
		{AD241124-14D0-4697-AD85-BAA59A1D0D2A}.AppStore|Any CPU.ActiveCfg = AppStore|iPhone
		{AD241124-14D0-4697-AD85-BAA59A1D0D2A}.AppStore|ARM.ActiveCfg = AppStore|iPhone
		{AD241124-14D0-4697-AD85-BAA59A1D0D2A}.AppStore|iPhone.ActiveCfg = AppStore|iPhone
		{AD241124-14D0-4697-AD85-BAA59A1D0D2A}.AppStore|iPhone.Build.0 = AppStore|iPhone
		{AD241124-14D0-4697-AD85-BAA59A1D0D2A}.AppStore|iPhoneSimulator.ActiveCfg = AppStore|iPhoneSimulator
		{AD241124-14D0-4697-AD85-BAA59A1D0D2A}.AppStore|iPhoneSimulator.Build.0 = AppStore|iPhoneSimulator
		{AD241124-14D0-4697-AD85-BAA59A1D0D2A}.AppStore|x64.ActiveCfg = AppStore|iPhone
		{AD241124-14D0-4697-AD85-BAA59A1D0D2A}.AppStore|x86.ActiveCfg = AppStore|iPhone
		{AD241124-14D0-4697-AD85-BAA59A1D0D2A}.Debug|Any CPU.ActiveCfg = Debug|iPhone
		{AD241124-14D0-4697-AD85-BAA59A1D0D2A}.Debug|ARM.ActiveCfg = Debug|iPhone
		{AD241124-14D0-4697-AD85-BAA59A1D0D2A}.Debug|iPhone.ActiveCfg = Debug|iPhone
		{AD241124-14D0-4697-AD85-BAA59A1D0D2A}.Debug|iPhone.Build.0 = Debug|iPhone
		{AD241124-14D0-4697-AD85-BAA59A1D0D2A}.Debug|iPhoneSimulator.ActiveCfg = Debug|iPhoneSimulator
		{AD241124-14D0-4697-AD85-BAA59A1D0D2A}.Debug|iPhoneSimulator.Build.0 = Debug|iPhoneSimulator
		{AD241124-14D0-4697-AD85-BAA59A1D0D2A}.Debug|x64.ActiveCfg = Debug|iPhone
		{AD241124-14D0-4697-AD85-BAA59A1D0D2A}.Debug|x86.ActiveCfg = Debug|iPhone
		{AD241124-14D0-4697-AD85-BAA59A1D0D2A}.Release|Any CPU.ActiveCfg = Release|iPhone
		{AD241124-14D0-4697-AD85-BAA59A1D0D2A}.Release|ARM.ActiveCfg = Release|iPhone
		{AD241124-14D0-4697-AD85-BAA59A1D0D2A}.Release|iPhone.ActiveCfg = Release|iPhone
		{AD241124-14D0-4697-AD85-BAA59A1D0D2A}.Release|iPhone.Build.0 = Release|iPhone
		{AD241124-14D0-4697-AD85-BAA59A1D0D2A}.Release|iPhoneSimulator.ActiveCfg = Release|iPhoneSimulator
		{AD241124-14D0-4697-AD85-BAA59A1D0D2A}.Release|iPhoneSimulator.Build.0 = Release|iPhoneSimulator
		{AD241124-14D0-4697-AD85-BAA59A1D0D2A}.Release|x64.ActiveCfg = Release|iPhone
		{AD241124-14D0-4697-AD85-BAA59A1D0D2A}.Release|x86.ActiveCfg = Release|iPhone
	EndGlobalSection
	GlobalSection(SolutionProperties) = preSolution
		HideSolutionNode = FALSE
	EndGlobalSection
EndGlobal
