
Microsoft Visual Studio Solution File, Format Version 12.00
# Visual Studio 14
VisualStudioVersion = 14.0.25420.1
MinimumVisualStudioVersion = 10.0.40219.1
Project("{FAE04EC0-301F-11D3-BF4B-00C04F79EFBC}") = "RestfulCountries.Android", "RestfulCountries\RestfulCountries.Android\RestfulCountries.Android.csproj", "{867F9DF1-7806-4E6C-B578-F1B601E9388D}"
EndProject
Project("{FAE04EC0-301F-11D3-BF4B-00C04F79EFBC}") = "RestfulCountries", "RestfulCountries\RestfulCountries\RestfulCountries.csproj", "{F0996075-EE7C-41FC-8E3D-3F5BF460DA44}"
EndProject
Project("{FAE04EC0-301F-11D3-BF4B-00C04F79EFBC}") = "RestfulCountries.UWP", "RestfulCountries\RestfulCountries.UWP\RestfulCountries.UWP.csproj", "{C87646A7-4542-47C9-87C4-A9A7961BEDDD}"
EndProject
Project("{FAE04EC0-301F-11D3-BF4B-00C04F79EFBC}") = "RestfulCountries.iOS", "RestfulCountries\RestfulCountries.iOS\RestfulCountries.iOS.csproj", "{24418DAB-6F06-4F75-9C52-FF3509574D7F}"
EndProject
Global
	GlobalSection(SolutionConfigurationPlatforms) = preSolution
		Ad-Hoc|Any CPU = Ad-Hoc|Any CPU
		Ad-Hoc|ARM = Ad-Hoc|ARM
		Ad-Hoc|iPhone = Ad-Hoc|iPhone
		Ad-Hoc|iPhoneSimulator = Ad-Hoc|iPhoneSimulator
		Ad-Hoc|x64 = Ad-Hoc|x64
		Ad-Hoc|x86 = Ad-Hoc|x86
		AppStore|Any CPU = AppStore|Any CPU
		AppStore|ARM = AppStore|ARM
		AppStore|iPhone = AppStore|iPhone
		AppStore|iPhoneSimulator = AppStore|iPhoneSimulator
		AppStore|x64 = AppStore|x64
		AppStore|x86 = AppStore|x86
		Debug|Any CPU = Debug|Any CPU
		Debug|ARM = Debug|ARM
		Debug|iPhone = Debug|iPhone
		Debug|iPhoneSimulator = Debug|iPhoneSimulator
		Debug|x64 = Debug|x64
		Debug|x86 = Debug|x86
		Release|Any CPU = Release|Any CPU
		Release|ARM = Release|ARM
		Release|iPhone = Release|iPhone
		Release|iPhoneSimulator = Release|iPhoneSimulator
		Release|x64 = Release|x64
		Release|x86 = Release|x86
	EndGlobalSection
	GlobalSection(ProjectConfigurationPlatforms) = postSolution
		{867F9DF1-7806-4E6C-B578-F1B601E9388D}.Ad-Hoc|Any CPU.ActiveCfg = Release|Any CPU
		{867F9DF1-7806-4E6C-B578-F1B601E9388D}.Ad-Hoc|Any CPU.Build.0 = Release|Any CPU
		{867F9DF1-7806-4E6C-B578-F1B601E9388D}.Ad-Hoc|Any CPU.Deploy.0 = Release|Any CPU
		{867F9DF1-7806-4E6C-B578-F1B601E9388D}.Ad-Hoc|ARM.ActiveCfg = Release|Any CPU
		{867F9DF1-7806-4E6C-B578-F1B601E9388D}.Ad-Hoc|ARM.Build.0 = Release|Any CPU
		{867F9DF1-7806-4E6C-B578-F1B601E9388D}.Ad-Hoc|ARM.Deploy.0 = Release|Any CPU
		{867F9DF1-7806-4E6C-B578-F1B601E9388D}.Ad-Hoc|iPhone.ActiveCfg = Release|Any CPU
		{867F9DF1-7806-4E6C-B578-F1B601E9388D}.Ad-Hoc|iPhone.Build.0 = Release|Any CPU
		{867F9DF1-7806-4E6C-B578-F1B601E9388D}.Ad-Hoc|iPhone.Deploy.0 = Release|Any CPU
		{867F9DF1-7806-4E6C-B578-F1B601E9388D}.Ad-Hoc|iPhoneSimulator.ActiveCfg = Release|Any CPU
		{867F9DF1-7806-4E6C-B578-F1B601E9388D}.Ad-Hoc|iPhoneSimulator.Build.0 = Release|Any CPU
		{867F9DF1-7806-4E6C-B578-F1B601E9388D}.Ad-Hoc|iPhoneSimulator.Deploy.0 = Release|Any CPU
		{867F9DF1-7806-4E6C-B578-F1B601E9388D}.Ad-Hoc|x64.ActiveCfg = Release|Any CPU
		{867F9DF1-7806-4E6C-B578-F1B601E9388D}.Ad-Hoc|x64.Build.0 = Release|Any CPU
		{867F9DF1-7806-4E6C-B578-F1B601E9388D}.Ad-Hoc|x64.Deploy.0 = Release|Any CPU
		{867F9DF1-7806-4E6C-B578-F1B601E9388D}.Ad-Hoc|x86.ActiveCfg = Release|Any CPU
		{867F9DF1-7806-4E6C-B578-F1B601E9388D}.Ad-Hoc|x86.Build.0 = Release|Any CPU
		{867F9DF1-7806-4E6C-B578-F1B601E9388D}.Ad-Hoc|x86.Deploy.0 = Release|Any CPU
		{867F9DF1-7806-4E6C-B578-F1B601E9388D}.AppStore|Any CPU.ActiveCfg = Release|Any CPU
		{867F9DF1-7806-4E6C-B578-F1B601E9388D}.AppStore|Any CPU.Build.0 = Release|Any CPU
		{867F9DF1-7806-4E6C-B578-F1B601E9388D}.AppStore|Any CPU.Deploy.0 = Release|Any CPU
		{867F9DF1-7806-4E6C-B578-F1B601E9388D}.AppStore|ARM.ActiveCfg = Release|Any CPU
		{867F9DF1-7806-4E6C-B578-F1B601E9388D}.AppStore|ARM.Build.0 = Release|Any CPU
		{867F9DF1-7806-4E6C-B578-F1B601E9388D}.AppStore|ARM.Deploy.0 = Release|Any CPU
		{867F9DF1-7806-4E6C-B578-F1B601E9388D}.AppStore|iPhone.ActiveCfg = Release|Any CPU
		{867F9DF1-7806-4E6C-B578-F1B601E9388D}.AppStore|iPhone.Build.0 = Release|Any CPU
		{867F9DF1-7806-4E6C-B578-F1B601E9388D}.AppStore|iPhone.Deploy.0 = Release|Any CPU
		{867F9DF1-7806-4E6C-B578-F1B601E9388D}.AppStore|iPhoneSimulator.ActiveCfg = Release|Any CPU
		{867F9DF1-7806-4E6C-B578-F1B601E9388D}.AppStore|iPhoneSimulator.Build.0 = Release|Any CPU
		{867F9DF1-7806-4E6C-B578-F1B601E9388D}.AppStore|iPhoneSimulator.Deploy.0 = Release|Any CPU
		{867F9DF1-7806-4E6C-B578-F1B601E9388D}.AppStore|x64.ActiveCfg = Release|Any CPU
		{867F9DF1-7806-4E6C-B578-F1B601E9388D}.AppStore|x64.Build.0 = Release|Any CPU
		{867F9DF1-7806-4E6C-B578-F1B601E9388D}.AppStore|x64.Deploy.0 = Release|Any CPU
		{867F9DF1-7806-4E6C-B578-F1B601E9388D}.AppStore|x86.ActiveCfg = Release|Any CPU
		{867F9DF1-7806-4E6C-B578-F1B601E9388D}.AppStore|x86.Build.0 = Release|Any CPU
		{867F9DF1-7806-4E6C-B578-F1B601E9388D}.AppStore|x86.Deploy.0 = Release|Any CPU
		{867F9DF1-7806-4E6C-B578-F1B601E9388D}.Debug|Any CPU.ActiveCfg = Debug|Any CPU
		{867F9DF1-7806-4E6C-B578-F1B601E9388D}.Debug|Any CPU.Build.0 = Debug|Any CPU
		{867F9DF1-7806-4E6C-B578-F1B601E9388D}.Debug|Any CPU.Deploy.0 = Debug|Any CPU
		{867F9DF1-7806-4E6C-B578-F1B601E9388D}.Debug|ARM.ActiveCfg = Debug|Any CPU
		{867F9DF1-7806-4E6C-B578-F1B601E9388D}.Debug|ARM.Build.0 = Debug|Any CPU
		{867F9DF1-7806-4E6C-B578-F1B601E9388D}.Debug|ARM.Deploy.0 = Debug|Any CPU
		{867F9DF1-7806-4E6C-B578-F1B601E9388D}.Debug|iPhone.ActiveCfg = Debug|Any CPU
		{867F9DF1-7806-4E6C-B578-F1B601E9388D}.Debug|iPhone.Build.0 = Debug|Any CPU
		{867F9DF1-7806-4E6C-B578-F1B601E9388D}.Debug|iPhone.Deploy.0 = Debug|Any CPU
		{867F9DF1-7806-4E6C-B578-F1B601E9388D}.Debug|iPhoneSimulator.ActiveCfg = Debug|Any CPU
		{867F9DF1-7806-4E6C-B578-F1B601E9388D}.Debug|iPhoneSimulator.Build.0 = Debug|Any CPU
		{867F9DF1-7806-4E6C-B578-F1B601E9388D}.Debug|iPhoneSimulator.Deploy.0 = Debug|Any CPU
		{867F9DF1-7806-4E6C-B578-F1B601E9388D}.Debug|x64.ActiveCfg = Debug|Any CPU
		{867F9DF1-7806-4E6C-B578-F1B601E9388D}.Debug|x64.Build.0 = Debug|Any CPU
		{867F9DF1-7806-4E6C-B578-F1B601E9388D}.Debug|x64.Deploy.0 = Debug|Any CPU
		{867F9DF1-7806-4E6C-B578-F1B601E9388D}.Debug|x86.ActiveCfg = Debug|Any CPU
		{867F9DF1-7806-4E6C-B578-F1B601E9388D}.Debug|x86.Build.0 = Debug|Any CPU
		{867F9DF1-7806-4E6C-B578-F1B601E9388D}.Debug|x86.Deploy.0 = Debug|Any CPU
		{867F9DF1-7806-4E6C-B578-F1B601E9388D}.Release|Any CPU.ActiveCfg = Release|Any CPU
		{867F9DF1-7806-4E6C-B578-F1B601E9388D}.Release|Any CPU.Build.0 = Release|Any CPU
		{867F9DF1-7806-4E6C-B578-F1B601E9388D}.Release|Any CPU.Deploy.0 = Release|Any CPU
		{867F9DF1-7806-4E6C-B578-F1B601E9388D}.Release|ARM.ActiveCfg = Release|Any CPU
		{867F9DF1-7806-4E6C-B578-F1B601E9388D}.Release|ARM.Build.0 = Release|Any CPU
		{867F9DF1-7806-4E6C-B578-F1B601E9388D}.Release|ARM.Deploy.0 = Release|Any CPU
		{867F9DF1-7806-4E6C-B578-F1B601E9388D}.Release|iPhone.ActiveCfg = Release|Any CPU
		{867F9DF1-7806-4E6C-B578-F1B601E9388D}.Release|iPhone.Build.0 = Release|Any CPU
		{867F9DF1-7806-4E6C-B578-F1B601E9388D}.Release|iPhone.Deploy.0 = Release|Any CPU
		{867F9DF1-7806-4E6C-B578-F1B601E9388D}.Release|iPhoneSimulator.ActiveCfg = Release|Any CPU
		{867F9DF1-7806-4E6C-B578-F1B601E9388D}.Release|iPhoneSimulator.Build.0 = Release|Any CPU
		{867F9DF1-7806-4E6C-B578-F1B601E9388D}.Release|iPhoneSimulator.Deploy.0 = Release|Any CPU
		{867F9DF1-7806-4E6C-B578-F1B601E9388D}.Release|x64.ActiveCfg = Release|Any CPU
		{867F9DF1-7806-4E6C-B578-F1B601E9388D}.Release|x64.Build.0 = Release|Any CPU
		{867F9DF1-7806-4E6C-B578-F1B601E9388D}.Release|x64.Deploy.0 = Release|Any CPU
		{867F9DF1-7806-4E6C-B578-F1B601E9388D}.Release|x86.ActiveCfg = Release|Any CPU
		{867F9DF1-7806-4E6C-B578-F1B601E9388D}.Release|x86.Build.0 = Release|Any CPU
		{867F9DF1-7806-4E6C-B578-F1B601E9388D}.Release|x86.Deploy.0 = Release|Any CPU
		{F0996075-EE7C-41FC-8E3D-3F5BF460DA44}.Ad-Hoc|Any CPU.ActiveCfg = Release|Any CPU
		{F0996075-EE7C-41FC-8E3D-3F5BF460DA44}.Ad-Hoc|Any CPU.Build.0 = Release|Any CPU
		{F0996075-EE7C-41FC-8E3D-3F5BF460DA44}.Ad-Hoc|ARM.ActiveCfg = Release|Any CPU
		{F0996075-EE7C-41FC-8E3D-3F5BF460DA44}.Ad-Hoc|ARM.Build.0 = Release|Any CPU
		{F0996075-EE7C-41FC-8E3D-3F5BF460DA44}.Ad-Hoc|iPhone.ActiveCfg = Release|Any CPU
		{F0996075-EE7C-41FC-8E3D-3F5BF460DA44}.Ad-Hoc|iPhone.Build.0 = Release|Any CPU
		{F0996075-EE7C-41FC-8E3D-3F5BF460DA44}.Ad-Hoc|iPhoneSimulator.ActiveCfg = Release|Any CPU
		{F0996075-EE7C-41FC-8E3D-3F5BF460DA44}.Ad-Hoc|iPhoneSimulator.Build.0 = Release|Any CPU
		{F0996075-EE7C-41FC-8E3D-3F5BF460DA44}.Ad-Hoc|x64.ActiveCfg = Release|Any CPU
		{F0996075-EE7C-41FC-8E3D-3F5BF460DA44}.Ad-Hoc|x64.Build.0 = Release|Any CPU
		{F0996075-EE7C-41FC-8E3D-3F5BF460DA44}.Ad-Hoc|x86.ActiveCfg = Release|Any CPU
		{F0996075-EE7C-41FC-8E3D-3F5BF460DA44}.Ad-Hoc|x86.Build.0 = Release|Any CPU
		{F0996075-EE7C-41FC-8E3D-3F5BF460DA44}.AppStore|Any CPU.ActiveCfg = Release|Any CPU
		{F0996075-EE7C-41FC-8E3D-3F5BF460DA44}.AppStore|Any CPU.Build.0 = Release|Any CPU
		{F0996075-EE7C-41FC-8E3D-3F5BF460DA44}.AppStore|ARM.ActiveCfg = Release|Any CPU
		{F0996075-EE7C-41FC-8E3D-3F5BF460DA44}.AppStore|ARM.Build.0 = Release|Any CPU
		{F0996075-EE7C-41FC-8E3D-3F5BF460DA44}.AppStore|iPhone.ActiveCfg = Release|Any CPU
		{F0996075-EE7C-41FC-8E3D-3F5BF460DA44}.AppStore|iPhone.Build.0 = Release|Any CPU
		{F0996075-EE7C-41FC-8E3D-3F5BF460DA44}.AppStore|iPhoneSimulator.ActiveCfg = Release|Any CPU
		{F0996075-EE7C-41FC-8E3D-3F5BF460DA44}.AppStore|iPhoneSimulator.Build.0 = Release|Any CPU
		{F0996075-EE7C-41FC-8E3D-3F5BF460DA44}.AppStore|x64.ActiveCfg = Release|Any CPU
		{F0996075-EE7C-41FC-8E3D-3F5BF460DA44}.AppStore|x64.Build.0 = Release|Any CPU
		{F0996075-EE7C-41FC-8E3D-3F5BF460DA44}.AppStore|x86.ActiveCfg = Release|Any CPU
		{F0996075-EE7C-41FC-8E3D-3F5BF460DA44}.AppStore|x86.Build.0 = Release|Any CPU
		{F0996075-EE7C-41FC-8E3D-3F5BF460DA44}.Debug|Any CPU.ActiveCfg = Debug|Any CPU
		{F0996075-EE7C-41FC-8E3D-3F5BF460DA44}.Debug|Any CPU.Build.0 = Debug|Any CPU
		{F0996075-EE7C-41FC-8E3D-3F5BF460DA44}.Debug|ARM.ActiveCfg = Debug|Any CPU
		{F0996075-EE7C-41FC-8E3D-3F5BF460DA44}.Debug|ARM.Build.0 = Debug|Any CPU
		{F0996075-EE7C-41FC-8E3D-3F5BF460DA44}.Debug|iPhone.ActiveCfg = Debug|Any CPU
		{F0996075-EE7C-41FC-8E3D-3F5BF460DA44}.Debug|iPhone.Build.0 = Debug|Any CPU
		{F0996075-EE7C-41FC-8E3D-3F5BF460DA44}.Debug|iPhoneSimulator.ActiveCfg = Debug|Any CPU
		{F0996075-EE7C-41FC-8E3D-3F5BF460DA44}.Debug|iPhoneSimulator.Build.0 = Debug|Any CPU
		{F0996075-EE7C-41FC-8E3D-3F5BF460DA44}.Debug|x64.ActiveCfg = Debug|Any CPU
		{F0996075-EE7C-41FC-8E3D-3F5BF460DA44}.Debug|x64.Build.0 = Debug|Any CPU
		{F0996075-EE7C-41FC-8E3D-3F5BF460DA44}.Debug|x86.ActiveCfg = Debug|Any CPU
		{F0996075-EE7C-41FC-8E3D-3F5BF460DA44}.Debug|x86.Build.0 = Debug|Any CPU
		{F0996075-EE7C-41FC-8E3D-3F5BF460DA44}.Release|Any CPU.ActiveCfg = Release|Any CPU
		{F0996075-EE7C-41FC-8E3D-3F5BF460DA44}.Release|Any CPU.Build.0 = Release|Any CPU
		{F0996075-EE7C-41FC-8E3D-3F5BF460DA44}.Release|ARM.ActiveCfg = Release|Any CPU
		{F0996075-EE7C-41FC-8E3D-3F5BF460DA44}.Release|ARM.Build.0 = Release|Any CPU
		{F0996075-EE7C-41FC-8E3D-3F5BF460DA44}.Release|iPhone.ActiveCfg = Release|Any CPU
		{F0996075-EE7C-41FC-8E3D-3F5BF460DA44}.Release|iPhone.Build.0 = Release|Any CPU
		{F0996075-EE7C-41FC-8E3D-3F5BF460DA44}.Release|iPhoneSimulator.ActiveCfg = Release|Any CPU
		{F0996075-EE7C-41FC-8E3D-3F5BF460DA44}.Release|iPhoneSimulator.Build.0 = Release|Any CPU
		{F0996075-EE7C-41FC-8E3D-3F5BF460DA44}.Release|x64.ActiveCfg = Release|Any CPU
		{F0996075-EE7C-41FC-8E3D-3F5BF460DA44}.Release|x64.Build.0 = Release|Any CPU
		{F0996075-EE7C-41FC-8E3D-3F5BF460DA44}.Release|x86.ActiveCfg = Release|Any CPU
		{F0996075-EE7C-41FC-8E3D-3F5BF460DA44}.Release|x86.Build.0 = Release|Any CPU
		{C87646A7-4542-47C9-87C4-A9A7961BEDDD}.Ad-Hoc|Any CPU.ActiveCfg = Release|x86
		{C87646A7-4542-47C9-87C4-A9A7961BEDDD}.Ad-Hoc|Any CPU.Build.0 = Release|x86
		{C87646A7-4542-47C9-87C4-A9A7961BEDDD}.Ad-Hoc|Any CPU.Deploy.0 = Release|x86
		{C87646A7-4542-47C9-87C4-A9A7961BEDDD}.Ad-Hoc|ARM.ActiveCfg = Release|ARM
		{C87646A7-4542-47C9-87C4-A9A7961BEDDD}.Ad-Hoc|ARM.Build.0 = Release|ARM
		{C87646A7-4542-47C9-87C4-A9A7961BEDDD}.Ad-Hoc|ARM.Deploy.0 = Release|ARM
		{C87646A7-4542-47C9-87C4-A9A7961BEDDD}.Ad-Hoc|iPhone.ActiveCfg = Release|x86
		{C87646A7-4542-47C9-87C4-A9A7961BEDDD}.Ad-Hoc|iPhone.Build.0 = Release|x86
		{C87646A7-4542-47C9-87C4-A9A7961BEDDD}.Ad-Hoc|iPhone.Deploy.0 = Release|x86
		{C87646A7-4542-47C9-87C4-A9A7961BEDDD}.Ad-Hoc|iPhoneSimulator.ActiveCfg = Release|x86
		{C87646A7-4542-47C9-87C4-A9A7961BEDDD}.Ad-Hoc|iPhoneSimulator.Build.0 = Release|x86
		{C87646A7-4542-47C9-87C4-A9A7961BEDDD}.Ad-Hoc|iPhoneSimulator.Deploy.0 = Release|x86
		{C87646A7-4542-47C9-87C4-A9A7961BEDDD}.Ad-Hoc|x64.ActiveCfg = Release|x64
		{C87646A7-4542-47C9-87C4-A9A7961BEDDD}.Ad-Hoc|x64.Build.0 = Release|x64
		{C87646A7-4542-47C9-87C4-A9A7961BEDDD}.Ad-Hoc|x64.Deploy.0 = Release|x64
		{C87646A7-4542-47C9-87C4-A9A7961BEDDD}.Ad-Hoc|x86.ActiveCfg = Release|x86
		{C87646A7-4542-47C9-87C4-A9A7961BEDDD}.Ad-Hoc|x86.Build.0 = Release|x86
		{C87646A7-4542-47C9-87C4-A9A7961BEDDD}.Ad-Hoc|x86.Deploy.0 = Release|x86
		{C87646A7-4542-47C9-87C4-A9A7961BEDDD}.AppStore|Any CPU.ActiveCfg = Release|x86
		{C87646A7-4542-47C9-87C4-A9A7961BEDDD}.AppStore|Any CPU.Build.0 = Release|x86
		{C87646A7-4542-47C9-87C4-A9A7961BEDDD}.AppStore|Any CPU.Deploy.0 = Release|x86
		{C87646A7-4542-47C9-87C4-A9A7961BEDDD}.AppStore|ARM.ActiveCfg = Release|ARM
		{C87646A7-4542-47C9-87C4-A9A7961BEDDD}.AppStore|ARM.Build.0 = Release|ARM
		{C87646A7-4542-47C9-87C4-A9A7961BEDDD}.AppStore|ARM.Deploy.0 = Release|ARM
		{C87646A7-4542-47C9-87C4-A9A7961BEDDD}.AppStore|iPhone.ActiveCfg = Release|x86
		{C87646A7-4542-47C9-87C4-A9A7961BEDDD}.AppStore|iPhone.Build.0 = Release|x86
		{C87646A7-4542-47C9-87C4-A9A7961BEDDD}.AppStore|iPhone.Deploy.0 = Release|x86
		{C87646A7-4542-47C9-87C4-A9A7961BEDDD}.AppStore|iPhoneSimulator.ActiveCfg = Release|x86
		{C87646A7-4542-47C9-87C4-A9A7961BEDDD}.AppStore|iPhoneSimulator.Build.0 = Release|x86
		{C87646A7-4542-47C9-87C4-A9A7961BEDDD}.AppStore|iPhoneSimulator.Deploy.0 = Release|x86
		{C87646A7-4542-47C9-87C4-A9A7961BEDDD}.AppStore|x64.ActiveCfg = Release|x64
		{C87646A7-4542-47C9-87C4-A9A7961BEDDD}.AppStore|x64.Build.0 = Release|x64
		{C87646A7-4542-47C9-87C4-A9A7961BEDDD}.AppStore|x64.Deploy.0 = Release|x64
		{C87646A7-4542-47C9-87C4-A9A7961BEDDD}.AppStore|x86.ActiveCfg = Release|x86
		{C87646A7-4542-47C9-87C4-A9A7961BEDDD}.AppStore|x86.Build.0 = Release|x86
		{C87646A7-4542-47C9-87C4-A9A7961BEDDD}.AppStore|x86.Deploy.0 = Release|x86
		{C87646A7-4542-47C9-87C4-A9A7961BEDDD}.Debug|Any CPU.ActiveCfg = Debug|x86
		{C87646A7-4542-47C9-87C4-A9A7961BEDDD}.Debug|ARM.ActiveCfg = Debug|ARM
		{C87646A7-4542-47C9-87C4-A9A7961BEDDD}.Debug|ARM.Build.0 = Debug|ARM
		{C87646A7-4542-47C9-87C4-A9A7961BEDDD}.Debug|ARM.Deploy.0 = Debug|ARM
		{C87646A7-4542-47C9-87C4-A9A7961BEDDD}.Debug|iPhone.ActiveCfg = Debug|x86
		{C87646A7-4542-47C9-87C4-A9A7961BEDDD}.Debug|iPhoneSimulator.ActiveCfg = Debug|x86
		{C87646A7-4542-47C9-87C4-A9A7961BEDDD}.Debug|x64.ActiveCfg = Debug|x64
		{C87646A7-4542-47C9-87C4-A9A7961BEDDD}.Debug|x64.Build.0 = Debug|x64
		{C87646A7-4542-47C9-87C4-A9A7961BEDDD}.Debug|x64.Deploy.0 = Debug|x64
		{C87646A7-4542-47C9-87C4-A9A7961BEDDD}.Debug|x86.ActiveCfg = Debug|x86
		{C87646A7-4542-47C9-87C4-A9A7961BEDDD}.Debug|x86.Build.0 = Debug|x86
		{C87646A7-4542-47C9-87C4-A9A7961BEDDD}.Debug|x86.Deploy.0 = Debug|x86
		{C87646A7-4542-47C9-87C4-A9A7961BEDDD}.Release|Any CPU.ActiveCfg = Release|x86
		{C87646A7-4542-47C9-87C4-A9A7961BEDDD}.Release|ARM.ActiveCfg = Release|ARM
		{C87646A7-4542-47C9-87C4-A9A7961BEDDD}.Release|ARM.Build.0 = Release|ARM
		{C87646A7-4542-47C9-87C4-A9A7961BEDDD}.Release|ARM.Deploy.0 = Release|ARM
		{C87646A7-4542-47C9-87C4-A9A7961BEDDD}.Release|iPhone.ActiveCfg = Release|x86
		{C87646A7-4542-47C9-87C4-A9A7961BEDDD}.Release|iPhoneSimulator.ActiveCfg = Release|x86
		{C87646A7-4542-47C9-87C4-A9A7961BEDDD}.Release|x64.ActiveCfg = Release|x64
		{C87646A7-4542-47C9-87C4-A9A7961BEDDD}.Release|x64.Build.0 = Release|x64
		{C87646A7-4542-47C9-87C4-A9A7961BEDDD}.Release|x64.Deploy.0 = Release|x64
		{C87646A7-4542-47C9-87C4-A9A7961BEDDD}.Release|x86.ActiveCfg = Release|x86
		{C87646A7-4542-47C9-87C4-A9A7961BEDDD}.Release|x86.Build.0 = Release|x86
		{C87646A7-4542-47C9-87C4-A9A7961BEDDD}.Release|x86.Deploy.0 = Release|x86
		{24418DAB-6F06-4F75-9C52-FF3509574D7F}.Ad-Hoc|Any CPU.ActiveCfg = Ad-Hoc|iPhone
		{24418DAB-6F06-4F75-9C52-FF3509574D7F}.Ad-Hoc|ARM.ActiveCfg = Ad-Hoc|iPhone
		{24418DAB-6F06-4F75-9C52-FF3509574D7F}.Ad-Hoc|iPhone.ActiveCfg = Ad-Hoc|iPhone
		{24418DAB-6F06-4F75-9C52-FF3509574D7F}.Ad-Hoc|iPhone.Build.0 = Ad-Hoc|iPhone
		{24418DAB-6F06-4F75-9C52-FF3509574D7F}.Ad-Hoc|iPhoneSimulator.ActiveCfg = Ad-Hoc|iPhoneSimulator
		{24418DAB-6F06-4F75-9C52-FF3509574D7F}.Ad-Hoc|iPhoneSimulator.Build.0 = Ad-Hoc|iPhoneSimulator
		{24418DAB-6F06-4F75-9C52-FF3509574D7F}.Ad-Hoc|x64.ActiveCfg = Ad-Hoc|iPhone
		{24418DAB-6F06-4F75-9C52-FF3509574D7F}.Ad-Hoc|x86.ActiveCfg = Ad-Hoc|iPhone
		{24418DAB-6F06-4F75-9C52-FF3509574D7F}.AppStore|Any CPU.ActiveCfg = AppStore|iPhone
		{24418DAB-6F06-4F75-9C52-FF3509574D7F}.AppStore|ARM.ActiveCfg = AppStore|iPhone
		{24418DAB-6F06-4F75-9C52-FF3509574D7F}.AppStore|iPhone.ActiveCfg = AppStore|iPhone
		{24418DAB-6F06-4F75-9C52-FF3509574D7F}.AppStore|iPhone.Build.0 = AppStore|iPhone
		{24418DAB-6F06-4F75-9C52-FF3509574D7F}.AppStore|iPhoneSimulator.ActiveCfg = AppStore|iPhoneSimulator
		{24418DAB-6F06-4F75-9C52-FF3509574D7F}.AppStore|iPhoneSimulator.Build.0 = AppStore|iPhoneSimulator
		{24418DAB-6F06-4F75-9C52-FF3509574D7F}.AppStore|x64.ActiveCfg = AppStore|iPhone
		{24418DAB-6F06-4F75-9C52-FF3509574D7F}.AppStore|x86.ActiveCfg = AppStore|iPhone
		{24418DAB-6F06-4F75-9C52-FF3509574D7F}.Debug|Any CPU.ActiveCfg = Debug|iPhone
		{24418DAB-6F06-4F75-9C52-FF3509574D7F}.Debug|ARM.ActiveCfg = Debug|iPhone
		{24418DAB-6F06-4F75-9C52-FF3509574D7F}.Debug|iPhone.ActiveCfg = Debug|iPhone
		{24418DAB-6F06-4F75-9C52-FF3509574D7F}.Debug|iPhone.Build.0 = Debug|iPhone
		{24418DAB-6F06-4F75-9C52-FF3509574D7F}.Debug|iPhoneSimulator.ActiveCfg = Debug|iPhoneSimulator
		{24418DAB-6F06-4F75-9C52-FF3509574D7F}.Debug|iPhoneSimulator.Build.0 = Debug|iPhoneSimulator
		{24418DAB-6F06-4F75-9C52-FF3509574D7F}.Debug|x64.ActiveCfg = Debug|iPhone
		{24418DAB-6F06-4F75-9C52-FF3509574D7F}.Debug|x86.ActiveCfg = Debug|iPhone
		{24418DAB-6F06-4F75-9C52-FF3509574D7F}.Release|Any CPU.ActiveCfg = Release|iPhone
		{24418DAB-6F06-4F75-9C52-FF3509574D7F}.Release|ARM.ActiveCfg = Release|iPhone
		{24418DAB-6F06-4F75-9C52-FF3509574D7F}.Release|iPhone.ActiveCfg = Release|iPhone
		{24418DAB-6F06-4F75-9C52-FF3509574D7F}.Release|iPhone.Build.0 = Release|iPhone
		{24418DAB-6F06-4F75-9C52-FF3509574D7F}.Release|iPhoneSimulator.ActiveCfg = Release|iPhoneSimulator
		{24418DAB-6F06-4F75-9C52-FF3509574D7F}.Release|iPhoneSimulator.Build.0 = Release|iPhoneSimulator
		{24418DAB-6F06-4F75-9C52-FF3509574D7F}.Release|x64.ActiveCfg = Release|iPhone
		{24418DAB-6F06-4F75-9C52-FF3509574D7F}.Release|x86.ActiveCfg = Release|iPhone
	EndGlobalSection
	GlobalSection(SolutionProperties) = preSolution
		HideSolutionNode = FALSE
	EndGlobalSection
EndGlobal
