
Microsoft Visual Studio Solution File, Format Version 12.00
# Visual Studio 14
VisualStudioVersion = 14.0.25420.1
MinimumVisualStudioVersion = 10.0.40219.1
Project("{FAE04EC0-301F-11D3-BF4B-00C04F79EFBC}") = "Licao01", "Licao01\Licao01.csproj", "{2A577C72-D754-4218-8ABA-DCC62850E80F}"
EndProject
Project("{FAE04EC0-301F-11D3-BF4B-00C04F79EFBC}") = "Licao02", "Licao02\Licao02.csproj", "{9710EA1A-7B7F-4B56-9620-5EA08E80F605}"
EndProject
Project("{FAE04EC0-301F-11D3-BF4B-00C04F79EFBC}") = "Licao03", "Licao03\Licao03.csproj", "{ABEA016D-4D0A-4950-B161-2095C97652DD}"
EndProject
Project("{FAE04EC0-301F-11D3-BF4B-00C04F79EFBC}") = "Licao03.ExemploListView", "Licao03.ExemploListView\Licao03.ExemploListView.csproj", "{B3ADBF4A-D58C-4D2D-881A-85F607024D82}"
EndProject
Project("{FAE04EC0-301F-11D3-BF4B-00C04F79EFBC}") = "Licao03.ExemploGridView", "Licao03.ExemploGridView\Licao03.ExemploGridView.csproj", "{4089F6F6-1D27-40D5-8D85-CBCC118BF66A}"
EndProject
Project("{FAE04EC0-301F-11D3-BF4B-00C04F79EFBC}") = "Licao04.ExemploSQLite", "Licao04.ExemploSQLite\Licao04.ExemploSQLite.csproj", "{3A6398D8-DD72-40F8-9A35-00156A6FF362}"
EndProject
Global
	GlobalSection(SolutionConfigurationPlatforms) = preSolution
		Debug|Any CPU = Debug|Any CPU
		Release|Any CPU = Release|Any CPU
	EndGlobalSection
	GlobalSection(ProjectConfigurationPlatforms) = postSolution
		{2A577C72-D754-4218-8ABA-DCC62850E80F}.Debug|Any CPU.ActiveCfg = Debug|Any CPU
		{2A577C72-D754-4218-8ABA-DCC62850E80F}.Debug|Any CPU.Build.0 = Debug|Any CPU
		{2A577C72-D754-4218-8ABA-DCC62850E80F}.Debug|Any CPU.Deploy.0 = Debug|Any CPU
		{2A577C72-D754-4218-8ABA-DCC62850E80F}.Release|Any CPU.ActiveCfg = Release|Any CPU
		{2A577C72-D754-4218-8ABA-DCC62850E80F}.Release|Any CPU.Build.0 = Release|Any CPU
		{2A577C72-D754-4218-8ABA-DCC62850E80F}.Release|Any CPU.Deploy.0 = Release|Any CPU
		{9710EA1A-7B7F-4B56-9620-5EA08E80F605}.Debug|Any CPU.ActiveCfg = Debug|Any CPU
		{9710EA1A-7B7F-4B56-9620-5EA08E80F605}.Debug|Any CPU.Build.0 = Debug|Any CPU
		{9710EA1A-7B7F-4B56-9620-5EA08E80F605}.Debug|Any CPU.Deploy.0 = Debug|Any CPU
		{9710EA1A-7B7F-4B56-9620-5EA08E80F605}.Release|Any CPU.ActiveCfg = Release|Any CPU
		{9710EA1A-7B7F-4B56-9620-5EA08E80F605}.Release|Any CPU.Build.0 = Release|Any CPU
		{9710EA1A-7B7F-4B56-9620-5EA08E80F605}.Release|Any CPU.Deploy.0 = Release|Any CPU
		{ABEA016D-4D0A-4950-B161-2095C97652DD}.Debug|Any CPU.ActiveCfg = Debug|Any CPU
		{ABEA016D-4D0A-4950-B161-2095C97652DD}.Debug|Any CPU.Build.0 = Debug|Any CPU
		{ABEA016D-4D0A-4950-B161-2095C97652DD}.Debug|Any CPU.Deploy.0 = Debug|Any CPU
		{ABEA016D-4D0A-4950-B161-2095C97652DD}.Release|Any CPU.ActiveCfg = Release|Any CPU
		{ABEA016D-4D0A-4950-B161-2095C97652DD}.Release|Any CPU.Build.0 = Release|Any CPU
		{ABEA016D-4D0A-4950-B161-2095C97652DD}.Release|Any CPU.Deploy.0 = Release|Any CPU
		{B3ADBF4A-D58C-4D2D-881A-85F607024D82}.Debug|Any CPU.ActiveCfg = Debug|Any CPU
		{B3ADBF4A-D58C-4D2D-881A-85F607024D82}.Debug|Any CPU.Build.0 = Debug|Any CPU
		{B3ADBF4A-D58C-4D2D-881A-85F607024D82}.Debug|Any CPU.Deploy.0 = Debug|Any CPU
		{B3ADBF4A-D58C-4D2D-881A-85F607024D82}.Release|Any CPU.ActiveCfg = Release|Any CPU
		{B3ADBF4A-D58C-4D2D-881A-85F607024D82}.Release|Any CPU.Build.0 = Release|Any CPU
		{B3ADBF4A-D58C-4D2D-881A-85F607024D82}.Release|Any CPU.Deploy.0 = Release|Any CPU
		{4089F6F6-1D27-40D5-8D85-CBCC118BF66A}.Debug|Any CPU.ActiveCfg = Debug|Any CPU
		{4089F6F6-1D27-40D5-8D85-CBCC118BF66A}.Debug|Any CPU.Build.0 = Debug|Any CPU
		{4089F6F6-1D27-40D5-8D85-CBCC118BF66A}.Debug|Any CPU.Deploy.0 = Debug|Any CPU
		{4089F6F6-1D27-40D5-8D85-CBCC118BF66A}.Release|Any CPU.ActiveCfg = Release|Any CPU
		{4089F6F6-1D27-40D5-8D85-CBCC118BF66A}.Release|Any CPU.Build.0 = Release|Any CPU
		{4089F6F6-1D27-40D5-8D85-CBCC118BF66A}.Release|Any CPU.Deploy.0 = Release|Any CPU
		{3A6398D8-DD72-40F8-9A35-00156A6FF362}.Debug|Any CPU.ActiveCfg = Debug|Any CPU
		{3A6398D8-DD72-40F8-9A35-00156A6FF362}.Debug|Any CPU.Build.0 = Debug|Any CPU
		{3A6398D8-DD72-40F8-9A35-00156A6FF362}.Debug|Any CPU.Deploy.0 = Debug|Any CPU
		{3A6398D8-DD72-40F8-9A35-00156A6FF362}.Release|Any CPU.ActiveCfg = Release|Any CPU
		{3A6398D8-DD72-40F8-9A35-00156A6FF362}.Release|Any CPU.Build.0 = Release|Any CPU
		{3A6398D8-DD72-40F8-9A35-00156A6FF362}.Release|Any CPU.Deploy.0 = Release|Any CPU
	EndGlobalSection
	GlobalSection(SolutionProperties) = preSolution
		HideSolutionNode = FALSE
	EndGlobalSection
EndGlobal
