
Microsoft Visual Studio Solution File, Format Version 12.00
# Visual Studio 14
VisualStudioVersion = 14.0.25420.1
MinimumVisualStudioVersion = 10.0.40219.1
Project("{D954291E-2A0B-460D-934E-DC6B0785DB48}") = "HelloXamarinFormsSAP", "HelloXamarinFormsSAP\HelloXamarinFormsSAP\HelloXamarinFormsSAP.shproj", "{0ABC1942-2759-49BB-8214-6E97B8007498}"
EndProject
Project("{FAE04EC0-301F-11D3-BF4B-00C04F79EFBC}") = "HelloXamarinFormsSAP.Droid", "HelloXamarinFormsSAP\HelloXamarinFormsSAP.Droid\HelloXamarinFormsSAP.Droid.csproj", "{D717B74D-C462-4DB0-A39D-7076F64BFB69}"
EndProject
Project("{FAE04EC0-301F-11D3-BF4B-00C04F79EFBC}") = "HelloXamarinFormsSAP.iOS", "HelloXamarinFormsSAP\HelloXamarinFormsSAP.iOS\HelloXamarinFormsSAP.iOS.csproj", "{ABDF6454-8D7B-48DC-98FE-CDDEBB4577F8}"
EndProject
Project("{FAE04EC0-301F-11D3-BF4B-00C04F79EFBC}") = "HelloXamarinFormsSAP.WinPhone", "HelloXamarinFormsSAP\HelloXamarinFormsSAP.WinPhone\HelloXamarinFormsSAP.WinPhone.csproj", "{65E58A05-4C11-44DF-AA8A-E12DC03C1195}"
EndProject
Project("{FAE04EC0-301F-11D3-BF4B-00C04F79EFBC}") = "HelloXamarinFormsSAP.UWP", "HelloXamarinFormsSAP\HelloXamarinFormsSAP.UWP\HelloXamarinFormsSAP.UWP.csproj", "{CFEFC863-06B1-49F5-A7B2-5B007C40787A}"
EndProject
Project("{FAE04EC0-301F-11D3-BF4B-00C04F79EFBC}") = "HelloXamarinFormsSAP.Windows", "HelloXamarinFormsSAP\HelloXamarinFormsSAP.Windows\HelloXamarinFormsSAP.Windows.csproj", "{A82C051F-8186-4F66-AFA9-154F82048900}"
EndProject
Global
	GlobalSection(SharedMSBuildProjectFiles) = preSolution
		HelloXamarinFormsSAP\HelloXamarinFormsSAP\HelloXamarinFormsSAP.projitems*{0abc1942-2759-49bb-8214-6e97b8007498}*SharedItemsImports = 13
		HelloXamarinFormsSAP\HelloXamarinFormsSAP\HelloXamarinFormsSAP.projitems*{abdf6454-8d7b-48dc-98fe-cddebb4577f8}*SharedItemsImports = 4
		HelloXamarinFormsSAP\HelloXamarinFormsSAP\HelloXamarinFormsSAP.projitems*{d717b74d-c462-4db0-a39d-7076f64bfb69}*SharedItemsImports = 4
	EndGlobalSection
	GlobalSection(SolutionConfigurationPlatforms) = preSolution
		Ad-Hoc|Any CPU = Ad-Hoc|Any CPU
		Ad-Hoc|ARM = Ad-Hoc|ARM
		Ad-Hoc|iPhone = Ad-Hoc|iPhone
		Ad-Hoc|iPhoneSimulator = Ad-Hoc|iPhoneSimulator
		Ad-Hoc|x64 = Ad-Hoc|x64
		Ad-Hoc|x86 = Ad-Hoc|x86
		AppStore|Any CPU = AppStore|Any CPU
		AppStore|ARM = AppStore|ARM
		AppStore|iPhone = AppStore|iPhone
		AppStore|iPhoneSimulator = AppStore|iPhoneSimulator
		AppStore|x64 = AppStore|x64
		AppStore|x86 = AppStore|x86
		Debug|Any CPU = Debug|Any CPU
		Debug|ARM = Debug|ARM
		Debug|iPhone = Debug|iPhone
		Debug|iPhoneSimulator = Debug|iPhoneSimulator
		Debug|x64 = Debug|x64
		Debug|x86 = Debug|x86
		Release|Any CPU = Release|Any CPU
		Release|ARM = Release|ARM
		Release|iPhone = Release|iPhone
		Release|iPhoneSimulator = Release|iPhoneSimulator
		Release|x64 = Release|x64
		Release|x86 = Release|x86
	EndGlobalSection
	GlobalSection(ProjectConfigurationPlatforms) = postSolution
		{D717B74D-C462-4DB0-A39D-7076F64BFB69}.Ad-Hoc|Any CPU.ActiveCfg = Release|Any CPU
		{D717B74D-C462-4DB0-A39D-7076F64BFB69}.Ad-Hoc|Any CPU.Build.0 = Release|Any CPU
		{D717B74D-C462-4DB0-A39D-7076F64BFB69}.Ad-Hoc|Any CPU.Deploy.0 = Release|Any CPU
		{D717B74D-C462-4DB0-A39D-7076F64BFB69}.Ad-Hoc|ARM.ActiveCfg = Release|Any CPU
		{D717B74D-C462-4DB0-A39D-7076F64BFB69}.Ad-Hoc|ARM.Build.0 = Release|Any CPU
		{D717B74D-C462-4DB0-A39D-7076F64BFB69}.Ad-Hoc|ARM.Deploy.0 = Release|Any CPU
		{D717B74D-C462-4DB0-A39D-7076F64BFB69}.Ad-Hoc|iPhone.ActiveCfg = Release|Any CPU
		{D717B74D-C462-4DB0-A39D-7076F64BFB69}.Ad-Hoc|iPhone.Build.0 = Release|Any CPU
		{D717B74D-C462-4DB0-A39D-7076F64BFB69}.Ad-Hoc|iPhone.Deploy.0 = Release|Any CPU
		{D717B74D-C462-4DB0-A39D-7076F64BFB69}.Ad-Hoc|iPhoneSimulator.ActiveCfg = Release|Any CPU
		{D717B74D-C462-4DB0-A39D-7076F64BFB69}.Ad-Hoc|iPhoneSimulator.Build.0 = Release|Any CPU
		{D717B74D-C462-4DB0-A39D-7076F64BFB69}.Ad-Hoc|iPhoneSimulator.Deploy.0 = Release|Any CPU
		{D717B74D-C462-4DB0-A39D-7076F64BFB69}.Ad-Hoc|x64.ActiveCfg = Release|Any CPU
		{D717B74D-C462-4DB0-A39D-7076F64BFB69}.Ad-Hoc|x64.Build.0 = Release|Any CPU
		{D717B74D-C462-4DB0-A39D-7076F64BFB69}.Ad-Hoc|x64.Deploy.0 = Release|Any CPU
		{D717B74D-C462-4DB0-A39D-7076F64BFB69}.Ad-Hoc|x86.ActiveCfg = Release|Any CPU
		{D717B74D-C462-4DB0-A39D-7076F64BFB69}.Ad-Hoc|x86.Build.0 = Release|Any CPU
		{D717B74D-C462-4DB0-A39D-7076F64BFB69}.Ad-Hoc|x86.Deploy.0 = Release|Any CPU
		{D717B74D-C462-4DB0-A39D-7076F64BFB69}.AppStore|Any CPU.ActiveCfg = Release|Any CPU
		{D717B74D-C462-4DB0-A39D-7076F64BFB69}.AppStore|Any CPU.Build.0 = Release|Any CPU
		{D717B74D-C462-4DB0-A39D-7076F64BFB69}.AppStore|Any CPU.Deploy.0 = Release|Any CPU
		{D717B74D-C462-4DB0-A39D-7076F64BFB69}.AppStore|ARM.ActiveCfg = Release|Any CPU
		{D717B74D-C462-4DB0-A39D-7076F64BFB69}.AppStore|ARM.Build.0 = Release|Any CPU
		{D717B74D-C462-4DB0-A39D-7076F64BFB69}.AppStore|ARM.Deploy.0 = Release|Any CPU
		{D717B74D-C462-4DB0-A39D-7076F64BFB69}.AppStore|iPhone.ActiveCfg = Release|Any CPU
		{D717B74D-C462-4DB0-A39D-7076F64BFB69}.AppStore|iPhone.Build.0 = Release|Any CPU
		{D717B74D-C462-4DB0-A39D-7076F64BFB69}.AppStore|iPhone.Deploy.0 = Release|Any CPU
		{D717B74D-C462-4DB0-A39D-7076F64BFB69}.AppStore|iPhoneSimulator.ActiveCfg = Release|Any CPU
		{D717B74D-C462-4DB0-A39D-7076F64BFB69}.AppStore|iPhoneSimulator.Build.0 = Release|Any CPU
		{D717B74D-C462-4DB0-A39D-7076F64BFB69}.AppStore|iPhoneSimulator.Deploy.0 = Release|Any CPU
		{D717B74D-C462-4DB0-A39D-7076F64BFB69}.AppStore|x64.ActiveCfg = Release|Any CPU
		{D717B74D-C462-4DB0-A39D-7076F64BFB69}.AppStore|x64.Build.0 = Release|Any CPU
		{D717B74D-C462-4DB0-A39D-7076F64BFB69}.AppStore|x64.Deploy.0 = Release|Any CPU
		{D717B74D-C462-4DB0-A39D-7076F64BFB69}.AppStore|x86.ActiveCfg = Release|Any CPU
		{D717B74D-C462-4DB0-A39D-7076F64BFB69}.AppStore|x86.Build.0 = Release|Any CPU
		{D717B74D-C462-4DB0-A39D-7076F64BFB69}.AppStore|x86.Deploy.0 = Release|Any CPU
		{D717B74D-C462-4DB0-A39D-7076F64BFB69}.Debug|Any CPU.ActiveCfg = Debug|Any CPU
		{D717B74D-C462-4DB0-A39D-7076F64BFB69}.Debug|Any CPU.Build.0 = Debug|Any CPU
		{D717B74D-C462-4DB0-A39D-7076F64BFB69}.Debug|Any CPU.Deploy.0 = Debug|Any CPU
		{D717B74D-C462-4DB0-A39D-7076F64BFB69}.Debug|ARM.ActiveCfg = Debug|Any CPU
		{D717B74D-C462-4DB0-A39D-7076F64BFB69}.Debug|ARM.Build.0 = Debug|Any CPU
		{D717B74D-C462-4DB0-A39D-7076F64BFB69}.Debug|ARM.Deploy.0 = Debug|Any CPU
		{D717B74D-C462-4DB0-A39D-7076F64BFB69}.Debug|iPhone.ActiveCfg = Debug|Any CPU
		{D717B74D-C462-4DB0-A39D-7076F64BFB69}.Debug|iPhone.Build.0 = Debug|Any CPU
		{D717B74D-C462-4DB0-A39D-7076F64BFB69}.Debug|iPhone.Deploy.0 = Debug|Any CPU
		{D717B74D-C462-4DB0-A39D-7076F64BFB69}.Debug|iPhoneSimulator.ActiveCfg = Debug|Any CPU
		{D717B74D-C462-4DB0-A39D-7076F64BFB69}.Debug|iPhoneSimulator.Build.0 = Debug|Any CPU
		{D717B74D-C462-4DB0-A39D-7076F64BFB69}.Debug|iPhoneSimulator.Deploy.0 = Debug|Any CPU
		{D717B74D-C462-4DB0-A39D-7076F64BFB69}.Debug|x64.ActiveCfg = Debug|Any CPU
		{D717B74D-C462-4DB0-A39D-7076F64BFB69}.Debug|x64.Build.0 = Debug|Any CPU
		{D717B74D-C462-4DB0-A39D-7076F64BFB69}.Debug|x64.Deploy.0 = Debug|Any CPU
		{D717B74D-C462-4DB0-A39D-7076F64BFB69}.Debug|x86.ActiveCfg = Debug|Any CPU
		{D717B74D-C462-4DB0-A39D-7076F64BFB69}.Debug|x86.Build.0 = Debug|Any CPU
		{D717B74D-C462-4DB0-A39D-7076F64BFB69}.Debug|x86.Deploy.0 = Debug|Any CPU
		{D717B74D-C462-4DB0-A39D-7076F64BFB69}.Release|Any CPU.ActiveCfg = Release|Any CPU
		{D717B74D-C462-4DB0-A39D-7076F64BFB69}.Release|Any CPU.Build.0 = Release|Any CPU
		{D717B74D-C462-4DB0-A39D-7076F64BFB69}.Release|Any CPU.Deploy.0 = Release|Any CPU
		{D717B74D-C462-4DB0-A39D-7076F64BFB69}.Release|ARM.ActiveCfg = Release|Any CPU
		{D717B74D-C462-4DB0-A39D-7076F64BFB69}.Release|ARM.Build.0 = Release|Any CPU
		{D717B74D-C462-4DB0-A39D-7076F64BFB69}.Release|ARM.Deploy.0 = Release|Any CPU
		{D717B74D-C462-4DB0-A39D-7076F64BFB69}.Release|iPhone.ActiveCfg = Release|Any CPU
		{D717B74D-C462-4DB0-A39D-7076F64BFB69}.Release|iPhone.Build.0 = Release|Any CPU
		{D717B74D-C462-4DB0-A39D-7076F64BFB69}.Release|iPhone.Deploy.0 = Release|Any CPU
		{D717B74D-C462-4DB0-A39D-7076F64BFB69}.Release|iPhoneSimulator.ActiveCfg = Release|Any CPU
		{D717B74D-C462-4DB0-A39D-7076F64BFB69}.Release|iPhoneSimulator.Build.0 = Release|Any CPU
		{D717B74D-C462-4DB0-A39D-7076F64BFB69}.Release|iPhoneSimulator.Deploy.0 = Release|Any CPU
		{D717B74D-C462-4DB0-A39D-7076F64BFB69}.Release|x64.ActiveCfg = Release|Any CPU
		{D717B74D-C462-4DB0-A39D-7076F64BFB69}.Release|x64.Build.0 = Release|Any CPU
		{D717B74D-C462-4DB0-A39D-7076F64BFB69}.Release|x64.Deploy.0 = Release|Any CPU
		{D717B74D-C462-4DB0-A39D-7076F64BFB69}.Release|x86.ActiveCfg = Release|Any CPU
		{D717B74D-C462-4DB0-A39D-7076F64BFB69}.Release|x86.Build.0 = Release|Any CPU
		{D717B74D-C462-4DB0-A39D-7076F64BFB69}.Release|x86.Deploy.0 = Release|Any CPU
		{ABDF6454-8D7B-48DC-98FE-CDDEBB4577F8}.Ad-Hoc|Any CPU.ActiveCfg = Ad-Hoc|iPhone
		{ABDF6454-8D7B-48DC-98FE-CDDEBB4577F8}.Ad-Hoc|ARM.ActiveCfg = Ad-Hoc|iPhone
		{ABDF6454-8D7B-48DC-98FE-CDDEBB4577F8}.Ad-Hoc|iPhone.ActiveCfg = Ad-Hoc|iPhone
		{ABDF6454-8D7B-48DC-98FE-CDDEBB4577F8}.Ad-Hoc|iPhone.Build.0 = Ad-Hoc|iPhone
		{ABDF6454-8D7B-48DC-98FE-CDDEBB4577F8}.Ad-Hoc|iPhoneSimulator.ActiveCfg = Ad-Hoc|iPhoneSimulator
		{ABDF6454-8D7B-48DC-98FE-CDDEBB4577F8}.Ad-Hoc|iPhoneSimulator.Build.0 = Ad-Hoc|iPhoneSimulator
		{ABDF6454-8D7B-48DC-98FE-CDDEBB4577F8}.Ad-Hoc|x64.ActiveCfg = Ad-Hoc|iPhone
		{ABDF6454-8D7B-48DC-98FE-CDDEBB4577F8}.Ad-Hoc|x86.ActiveCfg = Ad-Hoc|iPhone
		{ABDF6454-8D7B-48DC-98FE-CDDEBB4577F8}.AppStore|Any CPU.ActiveCfg = AppStore|iPhone
		{ABDF6454-8D7B-48DC-98FE-CDDEBB4577F8}.AppStore|ARM.ActiveCfg = AppStore|iPhone
		{ABDF6454-8D7B-48DC-98FE-CDDEBB4577F8}.AppStore|iPhone.ActiveCfg = AppStore|iPhone
		{ABDF6454-8D7B-48DC-98FE-CDDEBB4577F8}.AppStore|iPhone.Build.0 = AppStore|iPhone
		{ABDF6454-8D7B-48DC-98FE-CDDEBB4577F8}.AppStore|iPhoneSimulator.ActiveCfg = AppStore|iPhoneSimulator
		{ABDF6454-8D7B-48DC-98FE-CDDEBB4577F8}.AppStore|iPhoneSimulator.Build.0 = AppStore|iPhoneSimulator
		{ABDF6454-8D7B-48DC-98FE-CDDEBB4577F8}.AppStore|x64.ActiveCfg = AppStore|iPhone
		{ABDF6454-8D7B-48DC-98FE-CDDEBB4577F8}.AppStore|x86.ActiveCfg = AppStore|iPhone
		{ABDF6454-8D7B-48DC-98FE-CDDEBB4577F8}.Debug|Any CPU.ActiveCfg = Debug|iPhone
		{ABDF6454-8D7B-48DC-98FE-CDDEBB4577F8}.Debug|ARM.ActiveCfg = Debug|iPhone
		{ABDF6454-8D7B-48DC-98FE-CDDEBB4577F8}.Debug|iPhone.ActiveCfg = Debug|iPhone
		{ABDF6454-8D7B-48DC-98FE-CDDEBB4577F8}.Debug|iPhone.Build.0 = Debug|iPhone
		{ABDF6454-8D7B-48DC-98FE-CDDEBB4577F8}.Debug|iPhoneSimulator.ActiveCfg = Debug|iPhoneSimulator
		{ABDF6454-8D7B-48DC-98FE-CDDEBB4577F8}.Debug|iPhoneSimulator.Build.0 = Debug|iPhoneSimulator
		{ABDF6454-8D7B-48DC-98FE-CDDEBB4577F8}.Debug|x64.ActiveCfg = Debug|iPhone
		{ABDF6454-8D7B-48DC-98FE-CDDEBB4577F8}.Debug|x86.ActiveCfg = Debug|iPhone
		{ABDF6454-8D7B-48DC-98FE-CDDEBB4577F8}.Release|Any CPU.ActiveCfg = Release|iPhone
		{ABDF6454-8D7B-48DC-98FE-CDDEBB4577F8}.Release|ARM.ActiveCfg = Release|iPhone
		{ABDF6454-8D7B-48DC-98FE-CDDEBB4577F8}.Release|iPhone.ActiveCfg = Release|iPhone
		{ABDF6454-8D7B-48DC-98FE-CDDEBB4577F8}.Release|iPhone.Build.0 = Release|iPhone
		{ABDF6454-8D7B-48DC-98FE-CDDEBB4577F8}.Release|iPhoneSimulator.ActiveCfg = Release|iPhoneSimulator
		{ABDF6454-8D7B-48DC-98FE-CDDEBB4577F8}.Release|iPhoneSimulator.Build.0 = Release|iPhoneSimulator
		{ABDF6454-8D7B-48DC-98FE-CDDEBB4577F8}.Release|x64.ActiveCfg = Release|iPhone
		{ABDF6454-8D7B-48DC-98FE-CDDEBB4577F8}.Release|x86.ActiveCfg = Release|iPhone
		{65E58A05-4C11-44DF-AA8A-E12DC03C1195}.Ad-Hoc|Any CPU.ActiveCfg = Release|Any CPU
		{65E58A05-4C11-44DF-AA8A-E12DC03C1195}.Ad-Hoc|Any CPU.Build.0 = Release|Any CPU
		{65E58A05-4C11-44DF-AA8A-E12DC03C1195}.Ad-Hoc|Any CPU.Deploy.0 = Release|Any CPU
		{65E58A05-4C11-44DF-AA8A-E12DC03C1195}.Ad-Hoc|ARM.ActiveCfg = Release|ARM
		{65E58A05-4C11-44DF-AA8A-E12DC03C1195}.Ad-Hoc|ARM.Build.0 = Release|ARM
		{65E58A05-4C11-44DF-AA8A-E12DC03C1195}.Ad-Hoc|ARM.Deploy.0 = Release|ARM
		{65E58A05-4C11-44DF-AA8A-E12DC03C1195}.Ad-Hoc|iPhone.ActiveCfg = Release|Any CPU
		{65E58A05-4C11-44DF-AA8A-E12DC03C1195}.Ad-Hoc|iPhone.Build.0 = Release|Any CPU
		{65E58A05-4C11-44DF-AA8A-E12DC03C1195}.Ad-Hoc|iPhone.Deploy.0 = Release|Any CPU
		{65E58A05-4C11-44DF-AA8A-E12DC03C1195}.Ad-Hoc|iPhoneSimulator.ActiveCfg = Release|Any CPU
		{65E58A05-4C11-44DF-AA8A-E12DC03C1195}.Ad-Hoc|iPhoneSimulator.Build.0 = Release|Any CPU
		{65E58A05-4C11-44DF-AA8A-E12DC03C1195}.Ad-Hoc|iPhoneSimulator.Deploy.0 = Release|Any CPU
		{65E58A05-4C11-44DF-AA8A-E12DC03C1195}.Ad-Hoc|x64.ActiveCfg = Release|Any CPU
		{65E58A05-4C11-44DF-AA8A-E12DC03C1195}.Ad-Hoc|x64.Build.0 = Release|Any CPU
		{65E58A05-4C11-44DF-AA8A-E12DC03C1195}.Ad-Hoc|x64.Deploy.0 = Release|Any CPU
		{65E58A05-4C11-44DF-AA8A-E12DC03C1195}.Ad-Hoc|x86.ActiveCfg = Release|x86
		{65E58A05-4C11-44DF-AA8A-E12DC03C1195}.Ad-Hoc|x86.Build.0 = Release|x86
		{65E58A05-4C11-44DF-AA8A-E12DC03C1195}.Ad-Hoc|x86.Deploy.0 = Release|x86
		{65E58A05-4C11-44DF-AA8A-E12DC03C1195}.AppStore|Any CPU.ActiveCfg = Release|Any CPU
		{65E58A05-4C11-44DF-AA8A-E12DC03C1195}.AppStore|Any CPU.Build.0 = Release|Any CPU
		{65E58A05-4C11-44DF-AA8A-E12DC03C1195}.AppStore|Any CPU.Deploy.0 = Release|Any CPU
		{65E58A05-4C11-44DF-AA8A-E12DC03C1195}.AppStore|ARM.ActiveCfg = Release|ARM
		{65E58A05-4C11-44DF-AA8A-E12DC03C1195}.AppStore|ARM.Build.0 = Release|ARM
		{65E58A05-4C11-44DF-AA8A-E12DC03C1195}.AppStore|ARM.Deploy.0 = Release|ARM
		{65E58A05-4C11-44DF-AA8A-E12DC03C1195}.AppStore|iPhone.ActiveCfg = Release|Any CPU
		{65E58A05-4C11-44DF-AA8A-E12DC03C1195}.AppStore|iPhone.Build.0 = Release|Any CPU
		{65E58A05-4C11-44DF-AA8A-E12DC03C1195}.AppStore|iPhone.Deploy.0 = Release|Any CPU
		{65E58A05-4C11-44DF-AA8A-E12DC03C1195}.AppStore|iPhoneSimulator.ActiveCfg = Release|Any CPU
		{65E58A05-4C11-44DF-AA8A-E12DC03C1195}.AppStore|iPhoneSimulator.Build.0 = Release|Any CPU
		{65E58A05-4C11-44DF-AA8A-E12DC03C1195}.AppStore|iPhoneSimulator.Deploy.0 = Release|Any CPU
		{65E58A05-4C11-44DF-AA8A-E12DC03C1195}.AppStore|x64.ActiveCfg = Release|Any CPU
		{65E58A05-4C11-44DF-AA8A-E12DC03C1195}.AppStore|x64.Build.0 = Release|Any CPU
		{65E58A05-4C11-44DF-AA8A-E12DC03C1195}.AppStore|x64.Deploy.0 = Release|Any CPU
		{65E58A05-4C11-44DF-AA8A-E12DC03C1195}.AppStore|x86.ActiveCfg = Release|x86
		{65E58A05-4C11-44DF-AA8A-E12DC03C1195}.AppStore|x86.Build.0 = Release|x86
		{65E58A05-4C11-44DF-AA8A-E12DC03C1195}.AppStore|x86.Deploy.0 = Release|x86
		{65E58A05-4C11-44DF-AA8A-E12DC03C1195}.Debug|Any CPU.ActiveCfg = Debug|Any CPU
		{65E58A05-4C11-44DF-AA8A-E12DC03C1195}.Debug|Any CPU.Build.0 = Debug|Any CPU
		{65E58A05-4C11-44DF-AA8A-E12DC03C1195}.Debug|Any CPU.Deploy.0 = Debug|Any CPU
		{65E58A05-4C11-44DF-AA8A-E12DC03C1195}.Debug|ARM.ActiveCfg = Debug|ARM
		{65E58A05-4C11-44DF-AA8A-E12DC03C1195}.Debug|ARM.Build.0 = Debug|ARM
		{65E58A05-4C11-44DF-AA8A-E12DC03C1195}.Debug|ARM.Deploy.0 = Debug|ARM
		{65E58A05-4C11-44DF-AA8A-E12DC03C1195}.Debug|iPhone.ActiveCfg = Debug|Any CPU
		{65E58A05-4C11-44DF-AA8A-E12DC03C1195}.Debug|iPhone.Build.0 = Debug|Any CPU
		{65E58A05-4C11-44DF-AA8A-E12DC03C1195}.Debug|iPhone.Deploy.0 = Debug|Any CPU
		{65E58A05-4C11-44DF-AA8A-E12DC03C1195}.Debug|iPhoneSimulator.ActiveCfg = Debug|Any CPU
		{65E58A05-4C11-44DF-AA8A-E12DC03C1195}.Debug|iPhoneSimulator.Build.0 = Debug|Any CPU
		{65E58A05-4C11-44DF-AA8A-E12DC03C1195}.Debug|iPhoneSimulator.Deploy.0 = Debug|Any CPU
		{65E58A05-4C11-44DF-AA8A-E12DC03C1195}.Debug|x64.ActiveCfg = Debug|Any CPU
		{65E58A05-4C11-44DF-AA8A-E12DC03C1195}.Debug|x64.Build.0 = Debug|Any CPU
		{65E58A05-4C11-44DF-AA8A-E12DC03C1195}.Debug|x64.Deploy.0 = Debug|Any CPU
		{65E58A05-4C11-44DF-AA8A-E12DC03C1195}.Debug|x86.ActiveCfg = Debug|x86
		{65E58A05-4C11-44DF-AA8A-E12DC03C1195}.Debug|x86.Build.0 = Debug|x86
		{65E58A05-4C11-44DF-AA8A-E12DC03C1195}.Debug|x86.Deploy.0 = Debug|x86
		{65E58A05-4C11-44DF-AA8A-E12DC03C1195}.Release|Any CPU.ActiveCfg = Release|Any CPU
		{65E58A05-4C11-44DF-AA8A-E12DC03C1195}.Release|Any CPU.Build.0 = Release|Any CPU
		{65E58A05-4C11-44DF-AA8A-E12DC03C1195}.Release|Any CPU.Deploy.0 = Release|Any CPU
		{65E58A05-4C11-44DF-AA8A-E12DC03C1195}.Release|ARM.ActiveCfg = Release|ARM
		{65E58A05-4C11-44DF-AA8A-E12DC03C1195}.Release|ARM.Build.0 = Release|ARM
		{65E58A05-4C11-44DF-AA8A-E12DC03C1195}.Release|ARM.Deploy.0 = Release|ARM
		{65E58A05-4C11-44DF-AA8A-E12DC03C1195}.Release|iPhone.ActiveCfg = Release|Any CPU
		{65E58A05-4C11-44DF-AA8A-E12DC03C1195}.Release|iPhone.Build.0 = Release|Any CPU
		{65E58A05-4C11-44DF-AA8A-E12DC03C1195}.Release|iPhone.Deploy.0 = Release|Any CPU
		{65E58A05-4C11-44DF-AA8A-E12DC03C1195}.Release|iPhoneSimulator.ActiveCfg = Release|Any CPU
		{65E58A05-4C11-44DF-AA8A-E12DC03C1195}.Release|iPhoneSimulator.Build.0 = Release|Any CPU
		{65E58A05-4C11-44DF-AA8A-E12DC03C1195}.Release|iPhoneSimulator.Deploy.0 = Release|Any CPU
		{65E58A05-4C11-44DF-AA8A-E12DC03C1195}.Release|x64.ActiveCfg = Release|Any CPU
		{65E58A05-4C11-44DF-AA8A-E12DC03C1195}.Release|x64.Build.0 = Release|Any CPU
		{65E58A05-4C11-44DF-AA8A-E12DC03C1195}.Release|x64.Deploy.0 = Release|Any CPU
		{65E58A05-4C11-44DF-AA8A-E12DC03C1195}.Release|x86.ActiveCfg = Release|x86
		{65E58A05-4C11-44DF-AA8A-E12DC03C1195}.Release|x86.Build.0 = Release|x86
		{65E58A05-4C11-44DF-AA8A-E12DC03C1195}.Release|x86.Deploy.0 = Release|x86
		{CFEFC863-06B1-49F5-A7B2-5B007C40787A}.Ad-Hoc|Any CPU.ActiveCfg = Release|x86
		{CFEFC863-06B1-49F5-A7B2-5B007C40787A}.Ad-Hoc|Any CPU.Build.0 = Release|x86
		{CFEFC863-06B1-49F5-A7B2-5B007C40787A}.Ad-Hoc|Any CPU.Deploy.0 = Release|x86
		{CFEFC863-06B1-49F5-A7B2-5B007C40787A}.Ad-Hoc|ARM.ActiveCfg = Release|ARM
		{CFEFC863-06B1-49F5-A7B2-5B007C40787A}.Ad-Hoc|ARM.Build.0 = Release|ARM
		{CFEFC863-06B1-49F5-A7B2-5B007C40787A}.Ad-Hoc|ARM.Deploy.0 = Release|ARM
		{CFEFC863-06B1-49F5-A7B2-5B007C40787A}.Ad-Hoc|iPhone.ActiveCfg = Release|x86
		{CFEFC863-06B1-49F5-A7B2-5B007C40787A}.Ad-Hoc|iPhone.Build.0 = Release|x86
		{CFEFC863-06B1-49F5-A7B2-5B007C40787A}.Ad-Hoc|iPhone.Deploy.0 = Release|x86
		{CFEFC863-06B1-49F5-A7B2-5B007C40787A}.Ad-Hoc|iPhoneSimulator.ActiveCfg = Release|x86
		{CFEFC863-06B1-49F5-A7B2-5B007C40787A}.Ad-Hoc|iPhoneSimulator.Build.0 = Release|x86
		{CFEFC863-06B1-49F5-A7B2-5B007C40787A}.Ad-Hoc|iPhoneSimulator.Deploy.0 = Release|x86
		{CFEFC863-06B1-49F5-A7B2-5B007C40787A}.Ad-Hoc|x64.ActiveCfg = Release|x64
		{CFEFC863-06B1-49F5-A7B2-5B007C40787A}.Ad-Hoc|x64.Build.0 = Release|x64
		{CFEFC863-06B1-49F5-A7B2-5B007C40787A}.Ad-Hoc|x64.Deploy.0 = Release|x64
		{CFEFC863-06B1-49F5-A7B2-5B007C40787A}.Ad-Hoc|x86.ActiveCfg = Release|x86
		{CFEFC863-06B1-49F5-A7B2-5B007C40787A}.Ad-Hoc|x86.Build.0 = Release|x86
		{CFEFC863-06B1-49F5-A7B2-5B007C40787A}.Ad-Hoc|x86.Deploy.0 = Release|x86
		{CFEFC863-06B1-49F5-A7B2-5B007C40787A}.AppStore|Any CPU.ActiveCfg = Release|x86
		{CFEFC863-06B1-49F5-A7B2-5B007C40787A}.AppStore|Any CPU.Build.0 = Release|x86
		{CFEFC863-06B1-49F5-A7B2-5B007C40787A}.AppStore|Any CPU.Deploy.0 = Release|x86
		{CFEFC863-06B1-49F5-A7B2-5B007C40787A}.AppStore|ARM.ActiveCfg = Release|ARM
		{CFEFC863-06B1-49F5-A7B2-5B007C40787A}.AppStore|ARM.Build.0 = Release|ARM
		{CFEFC863-06B1-49F5-A7B2-5B007C40787A}.AppStore|ARM.Deploy.0 = Release|ARM
		{CFEFC863-06B1-49F5-A7B2-5B007C40787A}.AppStore|iPhone.ActiveCfg = Release|x86
		{CFEFC863-06B1-49F5-A7B2-5B007C40787A}.AppStore|iPhone.Build.0 = Release|x86
		{CFEFC863-06B1-49F5-A7B2-5B007C40787A}.AppStore|iPhone.Deploy.0 = Release|x86
		{CFEFC863-06B1-49F5-A7B2-5B007C40787A}.AppStore|iPhoneSimulator.ActiveCfg = Release|x86
		{CFEFC863-06B1-49F5-A7B2-5B007C40787A}.AppStore|iPhoneSimulator.Build.0 = Release|x86
		{CFEFC863-06B1-49F5-A7B2-5B007C40787A}.AppStore|iPhoneSimulator.Deploy.0 = Release|x86
		{CFEFC863-06B1-49F5-A7B2-5B007C40787A}.AppStore|x64.ActiveCfg = Release|x64
		{CFEFC863-06B1-49F5-A7B2-5B007C40787A}.AppStore|x64.Build.0 = Release|x64
		{CFEFC863-06B1-49F5-A7B2-5B007C40787A}.AppStore|x64.Deploy.0 = Release|x64
		{CFEFC863-06B1-49F5-A7B2-5B007C40787A}.AppStore|x86.ActiveCfg = Release|x86
		{CFEFC863-06B1-49F5-A7B2-5B007C40787A}.AppStore|x86.Build.0 = Release|x86
		{CFEFC863-06B1-49F5-A7B2-5B007C40787A}.AppStore|x86.Deploy.0 = Release|x86
		{CFEFC863-06B1-49F5-A7B2-5B007C40787A}.Debug|Any CPU.ActiveCfg = Debug|x86
		{CFEFC863-06B1-49F5-A7B2-5B007C40787A}.Debug|ARM.ActiveCfg = Debug|ARM
		{CFEFC863-06B1-49F5-A7B2-5B007C40787A}.Debug|ARM.Build.0 = Debug|ARM
		{CFEFC863-06B1-49F5-A7B2-5B007C40787A}.Debug|ARM.Deploy.0 = Debug|ARM
		{CFEFC863-06B1-49F5-A7B2-5B007C40787A}.Debug|iPhone.ActiveCfg = Debug|x86
		{CFEFC863-06B1-49F5-A7B2-5B007C40787A}.Debug|iPhone.Build.0 = Debug|x86
		{CFEFC863-06B1-49F5-A7B2-5B007C40787A}.Debug|iPhone.Deploy.0 = Debug|x86
		{CFEFC863-06B1-49F5-A7B2-5B007C40787A}.Debug|iPhoneSimulator.ActiveCfg = Debug|x86
		{CFEFC863-06B1-49F5-A7B2-5B007C40787A}.Debug|x64.ActiveCfg = Debug|x64
		{CFEFC863-06B1-49F5-A7B2-5B007C40787A}.Debug|x64.Build.0 = Debug|x64
		{CFEFC863-06B1-49F5-A7B2-5B007C40787A}.Debug|x64.Deploy.0 = Debug|x64
		{CFEFC863-06B1-49F5-A7B2-5B007C40787A}.Debug|x86.ActiveCfg = Debug|x86
		{CFEFC863-06B1-49F5-A7B2-5B007C40787A}.Debug|x86.Build.0 = Debug|x86
		{CFEFC863-06B1-49F5-A7B2-5B007C40787A}.Debug|x86.Deploy.0 = Debug|x86
		{CFEFC863-06B1-49F5-A7B2-5B007C40787A}.Release|Any CPU.ActiveCfg = Release|x86
		{CFEFC863-06B1-49F5-A7B2-5B007C40787A}.Release|ARM.ActiveCfg = Release|ARM
		{CFEFC863-06B1-49F5-A7B2-5B007C40787A}.Release|ARM.Build.0 = Release|ARM
		{CFEFC863-06B1-49F5-A7B2-5B007C40787A}.Release|ARM.Deploy.0 = Release|ARM
		{CFEFC863-06B1-49F5-A7B2-5B007C40787A}.Release|iPhone.ActiveCfg = Release|x86
		{CFEFC863-06B1-49F5-A7B2-5B007C40787A}.Release|iPhoneSimulator.ActiveCfg = Release|x86
		{CFEFC863-06B1-49F5-A7B2-5B007C40787A}.Release|x64.ActiveCfg = Release|x64
		{CFEFC863-06B1-49F5-A7B2-5B007C40787A}.Release|x64.Build.0 = Release|x64
		{CFEFC863-06B1-49F5-A7B2-5B007C40787A}.Release|x64.Deploy.0 = Release|x64
		{CFEFC863-06B1-49F5-A7B2-5B007C40787A}.Release|x86.ActiveCfg = Release|x86
		{CFEFC863-06B1-49F5-A7B2-5B007C40787A}.Release|x86.Build.0 = Release|x86
		{CFEFC863-06B1-49F5-A7B2-5B007C40787A}.Release|x86.Deploy.0 = Release|x86
		{A82C051F-8186-4F66-AFA9-154F82048900}.Ad-Hoc|Any CPU.ActiveCfg = Release|Any CPU
		{A82C051F-8186-4F66-AFA9-154F82048900}.Ad-Hoc|Any CPU.Build.0 = Release|Any CPU
		{A82C051F-8186-4F66-AFA9-154F82048900}.Ad-Hoc|Any CPU.Deploy.0 = Release|Any CPU
		{A82C051F-8186-4F66-AFA9-154F82048900}.Ad-Hoc|ARM.ActiveCfg = Release|ARM
		{A82C051F-8186-4F66-AFA9-154F82048900}.Ad-Hoc|ARM.Build.0 = Release|ARM
		{A82C051F-8186-4F66-AFA9-154F82048900}.Ad-Hoc|ARM.Deploy.0 = Release|ARM
		{A82C051F-8186-4F66-AFA9-154F82048900}.Ad-Hoc|iPhone.ActiveCfg = Release|Any CPU
		{A82C051F-8186-4F66-AFA9-154F82048900}.Ad-Hoc|iPhone.Build.0 = Release|Any CPU
		{A82C051F-8186-4F66-AFA9-154F82048900}.Ad-Hoc|iPhone.Deploy.0 = Release|Any CPU
		{A82C051F-8186-4F66-AFA9-154F82048900}.Ad-Hoc|iPhoneSimulator.ActiveCfg = Release|Any CPU
		{A82C051F-8186-4F66-AFA9-154F82048900}.Ad-Hoc|iPhoneSimulator.Build.0 = Release|Any CPU
		{A82C051F-8186-4F66-AFA9-154F82048900}.Ad-Hoc|iPhoneSimulator.Deploy.0 = Release|Any CPU
		{A82C051F-8186-4F66-AFA9-154F82048900}.Ad-Hoc|x64.ActiveCfg = Release|x64
		{A82C051F-8186-4F66-AFA9-154F82048900}.Ad-Hoc|x64.Build.0 = Release|x64
		{A82C051F-8186-4F66-AFA9-154F82048900}.Ad-Hoc|x64.Deploy.0 = Release|x64
		{A82C051F-8186-4F66-AFA9-154F82048900}.Ad-Hoc|x86.ActiveCfg = Release|x86
		{A82C051F-8186-4F66-AFA9-154F82048900}.Ad-Hoc|x86.Build.0 = Release|x86
		{A82C051F-8186-4F66-AFA9-154F82048900}.Ad-Hoc|x86.Deploy.0 = Release|x86
		{A82C051F-8186-4F66-AFA9-154F82048900}.AppStore|Any CPU.ActiveCfg = Release|Any CPU
		{A82C051F-8186-4F66-AFA9-154F82048900}.AppStore|Any CPU.Build.0 = Release|Any CPU
		{A82C051F-8186-4F66-AFA9-154F82048900}.AppStore|Any CPU.Deploy.0 = Release|Any CPU
		{A82C051F-8186-4F66-AFA9-154F82048900}.AppStore|ARM.ActiveCfg = Release|ARM
		{A82C051F-8186-4F66-AFA9-154F82048900}.AppStore|ARM.Build.0 = Release|ARM
		{A82C051F-8186-4F66-AFA9-154F82048900}.AppStore|ARM.Deploy.0 = Release|ARM
		{A82C051F-8186-4F66-AFA9-154F82048900}.AppStore|iPhone.ActiveCfg = Release|Any CPU
		{A82C051F-8186-4F66-AFA9-154F82048900}.AppStore|iPhone.Build.0 = Release|Any CPU
		{A82C051F-8186-4F66-AFA9-154F82048900}.AppStore|iPhone.Deploy.0 = Release|Any CPU
		{A82C051F-8186-4F66-AFA9-154F82048900}.AppStore|iPhoneSimulator.ActiveCfg = Release|Any CPU
		{A82C051F-8186-4F66-AFA9-154F82048900}.AppStore|iPhoneSimulator.Build.0 = Release|Any CPU
		{A82C051F-8186-4F66-AFA9-154F82048900}.AppStore|iPhoneSimulator.Deploy.0 = Release|Any CPU
		{A82C051F-8186-4F66-AFA9-154F82048900}.AppStore|x64.ActiveCfg = Release|x64
		{A82C051F-8186-4F66-AFA9-154F82048900}.AppStore|x64.Build.0 = Release|x64
		{A82C051F-8186-4F66-AFA9-154F82048900}.AppStore|x64.Deploy.0 = Release|x64
		{A82C051F-8186-4F66-AFA9-154F82048900}.AppStore|x86.ActiveCfg = Release|x86
		{A82C051F-8186-4F66-AFA9-154F82048900}.AppStore|x86.Build.0 = Release|x86
		{A82C051F-8186-4F66-AFA9-154F82048900}.AppStore|x86.Deploy.0 = Release|x86
		{A82C051F-8186-4F66-AFA9-154F82048900}.Debug|Any CPU.ActiveCfg = Debug|Any CPU
		{A82C051F-8186-4F66-AFA9-154F82048900}.Debug|Any CPU.Build.0 = Debug|Any CPU
		{A82C051F-8186-4F66-AFA9-154F82048900}.Debug|Any CPU.Deploy.0 = Debug|Any CPU
		{A82C051F-8186-4F66-AFA9-154F82048900}.Debug|ARM.ActiveCfg = Debug|ARM
		{A82C051F-8186-4F66-AFA9-154F82048900}.Debug|ARM.Build.0 = Debug|ARM
		{A82C051F-8186-4F66-AFA9-154F82048900}.Debug|ARM.Deploy.0 = Debug|ARM
		{A82C051F-8186-4F66-AFA9-154F82048900}.Debug|iPhone.ActiveCfg = Debug|Any CPU
		{A82C051F-8186-4F66-AFA9-154F82048900}.Debug|iPhone.Build.0 = Debug|Any CPU
		{A82C051F-8186-4F66-AFA9-154F82048900}.Debug|iPhone.Deploy.0 = Debug|Any CPU
		{A82C051F-8186-4F66-AFA9-154F82048900}.Debug|iPhoneSimulator.ActiveCfg = Debug|Any CPU
		{A82C051F-8186-4F66-AFA9-154F82048900}.Debug|iPhoneSimulator.Build.0 = Debug|Any CPU
		{A82C051F-8186-4F66-AFA9-154F82048900}.Debug|iPhoneSimulator.Deploy.0 = Debug|Any CPU
		{A82C051F-8186-4F66-AFA9-154F82048900}.Debug|x64.ActiveCfg = Debug|x64
		{A82C051F-8186-4F66-AFA9-154F82048900}.Debug|x64.Build.0 = Debug|x64
		{A82C051F-8186-4F66-AFA9-154F82048900}.Debug|x64.Deploy.0 = Debug|x64
		{A82C051F-8186-4F66-AFA9-154F82048900}.Debug|x86.ActiveCfg = Debug|x86
		{A82C051F-8186-4F66-AFA9-154F82048900}.Debug|x86.Build.0 = Debug|x86
		{A82C051F-8186-4F66-AFA9-154F82048900}.Debug|x86.Deploy.0 = Debug|x86
		{A82C051F-8186-4F66-AFA9-154F82048900}.Release|Any CPU.ActiveCfg = Release|Any CPU
		{A82C051F-8186-4F66-AFA9-154F82048900}.Release|Any CPU.Build.0 = Release|Any CPU
		{A82C051F-8186-4F66-AFA9-154F82048900}.Release|Any CPU.Deploy.0 = Release|Any CPU
		{A82C051F-8186-4F66-AFA9-154F82048900}.Release|ARM.ActiveCfg = Release|ARM
		{A82C051F-8186-4F66-AFA9-154F82048900}.Release|ARM.Build.0 = Release|ARM
		{A82C051F-8186-4F66-AFA9-154F82048900}.Release|ARM.Deploy.0 = Release|ARM
		{A82C051F-8186-4F66-AFA9-154F82048900}.Release|iPhone.ActiveCfg = Release|Any CPU
		{A82C051F-8186-4F66-AFA9-154F82048900}.Release|iPhone.Build.0 = Release|Any CPU
		{A82C051F-8186-4F66-AFA9-154F82048900}.Release|iPhone.Deploy.0 = Release|Any CPU
		{A82C051F-8186-4F66-AFA9-154F82048900}.Release|iPhoneSimulator.ActiveCfg = Release|Any CPU
		{A82C051F-8186-4F66-AFA9-154F82048900}.Release|iPhoneSimulator.Build.0 = Release|Any CPU
		{A82C051F-8186-4F66-AFA9-154F82048900}.Release|iPhoneSimulator.Deploy.0 = Release|Any CPU
		{A82C051F-8186-4F66-AFA9-154F82048900}.Release|x64.ActiveCfg = Release|x64
		{A82C051F-8186-4F66-AFA9-154F82048900}.Release|x64.Build.0 = Release|x64
		{A82C051F-8186-4F66-AFA9-154F82048900}.Release|x64.Deploy.0 = Release|x64
		{A82C051F-8186-4F66-AFA9-154F82048900}.Release|x86.ActiveCfg = Release|x86
		{A82C051F-8186-4F66-AFA9-154F82048900}.Release|x86.Build.0 = Release|x86
		{A82C051F-8186-4F66-AFA9-154F82048900}.Release|x86.Deploy.0 = Release|x86
	EndGlobalSection
	GlobalSection(SolutionProperties) = preSolution
		HideSolutionNode = FALSE
	EndGlobalSection
EndGlobal
