
Microsoft Visual Studio Solution File, Format Version 12.00
# Visual Studio 14
VisualStudioVersion = 14.0.25420.1
MinimumVisualStudioVersion = 10.0.40219.1
Project("{FAE04EC0-301F-11D3-BF4B-00C04F79EFBC}") = "Licao02.Android", "Licao02\Licao02.Android\Licao02.Android.csproj", "{55766AD4-93B9-4184-8B75-8FA7AD613561}"
EndProject
Project("{FAE04EC0-301F-11D3-BF4B-00C04F79EFBC}") = "Licao02", "Licao02\Licao02\Licao02.csproj", "{2FC1C069-3467-4315-A5C1-B683AF4F3A50}"
EndProject
Project("{FAE04EC0-301F-11D3-BF4B-00C04F79EFBC}") = "Licao02.UWP", "Licao02\Licao02.UWP\Licao02.UWP.csproj", "{8276C912-9326-4638-9B95-040FE8B01BD4}"
EndProject
Project("{FAE04EC0-301F-11D3-BF4B-00C04F79EFBC}") = "Licao02.iOS", "Licao02\Licao02.iOS\Licao02.iOS.csproj", "{392AF7EE-1E72-48A5-A55D-349BEE5EF9C5}"
EndProject
Global
	GlobalSection(SolutionConfigurationPlatforms) = preSolution
		Ad-Hoc|Any CPU = Ad-Hoc|Any CPU
		Ad-Hoc|ARM = Ad-Hoc|ARM
		Ad-Hoc|iPhone = Ad-Hoc|iPhone
		Ad-Hoc|iPhoneSimulator = Ad-Hoc|iPhoneSimulator
		Ad-Hoc|x64 = Ad-Hoc|x64
		Ad-Hoc|x86 = Ad-Hoc|x86
		AppStore|Any CPU = AppStore|Any CPU
		AppStore|ARM = AppStore|ARM
		AppStore|iPhone = AppStore|iPhone
		AppStore|iPhoneSimulator = AppStore|iPhoneSimulator
		AppStore|x64 = AppStore|x64
		AppStore|x86 = AppStore|x86
		Debug|Any CPU = Debug|Any CPU
		Debug|ARM = Debug|ARM
		Debug|iPhone = Debug|iPhone
		Debug|iPhoneSimulator = Debug|iPhoneSimulator
		Debug|x64 = Debug|x64
		Debug|x86 = Debug|x86
		Release|Any CPU = Release|Any CPU
		Release|ARM = Release|ARM
		Release|iPhone = Release|iPhone
		Release|iPhoneSimulator = Release|iPhoneSimulator
		Release|x64 = Release|x64
		Release|x86 = Release|x86
	EndGlobalSection
	GlobalSection(ProjectConfigurationPlatforms) = postSolution
		{55766AD4-93B9-4184-8B75-8FA7AD613561}.Ad-Hoc|Any CPU.ActiveCfg = Release|Any CPU
		{55766AD4-93B9-4184-8B75-8FA7AD613561}.Ad-Hoc|Any CPU.Build.0 = Release|Any CPU
		{55766AD4-93B9-4184-8B75-8FA7AD613561}.Ad-Hoc|Any CPU.Deploy.0 = Release|Any CPU
		{55766AD4-93B9-4184-8B75-8FA7AD613561}.Ad-Hoc|ARM.ActiveCfg = Release|Any CPU
		{55766AD4-93B9-4184-8B75-8FA7AD613561}.Ad-Hoc|ARM.Build.0 = Release|Any CPU
		{55766AD4-93B9-4184-8B75-8FA7AD613561}.Ad-Hoc|ARM.Deploy.0 = Release|Any CPU
		{55766AD4-93B9-4184-8B75-8FA7AD613561}.Ad-Hoc|iPhone.ActiveCfg = Release|Any CPU
		{55766AD4-93B9-4184-8B75-8FA7AD613561}.Ad-Hoc|iPhone.Build.0 = Release|Any CPU
		{55766AD4-93B9-4184-8B75-8FA7AD613561}.Ad-Hoc|iPhone.Deploy.0 = Release|Any CPU
		{55766AD4-93B9-4184-8B75-8FA7AD613561}.Ad-Hoc|iPhoneSimulator.ActiveCfg = Release|Any CPU
		{55766AD4-93B9-4184-8B75-8FA7AD613561}.Ad-Hoc|iPhoneSimulator.Build.0 = Release|Any CPU
		{55766AD4-93B9-4184-8B75-8FA7AD613561}.Ad-Hoc|iPhoneSimulator.Deploy.0 = Release|Any CPU
		{55766AD4-93B9-4184-8B75-8FA7AD613561}.Ad-Hoc|x64.ActiveCfg = Release|Any CPU
		{55766AD4-93B9-4184-8B75-8FA7AD613561}.Ad-Hoc|x64.Build.0 = Release|Any CPU
		{55766AD4-93B9-4184-8B75-8FA7AD613561}.Ad-Hoc|x64.Deploy.0 = Release|Any CPU
		{55766AD4-93B9-4184-8B75-8FA7AD613561}.Ad-Hoc|x86.ActiveCfg = Release|Any CPU
		{55766AD4-93B9-4184-8B75-8FA7AD613561}.Ad-Hoc|x86.Build.0 = Release|Any CPU
		{55766AD4-93B9-4184-8B75-8FA7AD613561}.Ad-Hoc|x86.Deploy.0 = Release|Any CPU
		{55766AD4-93B9-4184-8B75-8FA7AD613561}.AppStore|Any CPU.ActiveCfg = Release|Any CPU
		{55766AD4-93B9-4184-8B75-8FA7AD613561}.AppStore|Any CPU.Build.0 = Release|Any CPU
		{55766AD4-93B9-4184-8B75-8FA7AD613561}.AppStore|Any CPU.Deploy.0 = Release|Any CPU
		{55766AD4-93B9-4184-8B75-8FA7AD613561}.AppStore|ARM.ActiveCfg = Release|Any CPU
		{55766AD4-93B9-4184-8B75-8FA7AD613561}.AppStore|ARM.Build.0 = Release|Any CPU
		{55766AD4-93B9-4184-8B75-8FA7AD613561}.AppStore|ARM.Deploy.0 = Release|Any CPU
		{55766AD4-93B9-4184-8B75-8FA7AD613561}.AppStore|iPhone.ActiveCfg = Release|Any CPU
		{55766AD4-93B9-4184-8B75-8FA7AD613561}.AppStore|iPhone.Build.0 = Release|Any CPU
		{55766AD4-93B9-4184-8B75-8FA7AD613561}.AppStore|iPhone.Deploy.0 = Release|Any CPU
		{55766AD4-93B9-4184-8B75-8FA7AD613561}.AppStore|iPhoneSimulator.ActiveCfg = Release|Any CPU
		{55766AD4-93B9-4184-8B75-8FA7AD613561}.AppStore|iPhoneSimulator.Build.0 = Release|Any CPU
		{55766AD4-93B9-4184-8B75-8FA7AD613561}.AppStore|iPhoneSimulator.Deploy.0 = Release|Any CPU
		{55766AD4-93B9-4184-8B75-8FA7AD613561}.AppStore|x64.ActiveCfg = Release|Any CPU
		{55766AD4-93B9-4184-8B75-8FA7AD613561}.AppStore|x64.Build.0 = Release|Any CPU
		{55766AD4-93B9-4184-8B75-8FA7AD613561}.AppStore|x64.Deploy.0 = Release|Any CPU
		{55766AD4-93B9-4184-8B75-8FA7AD613561}.AppStore|x86.ActiveCfg = Release|Any CPU
		{55766AD4-93B9-4184-8B75-8FA7AD613561}.AppStore|x86.Build.0 = Release|Any CPU
		{55766AD4-93B9-4184-8B75-8FA7AD613561}.AppStore|x86.Deploy.0 = Release|Any CPU
		{55766AD4-93B9-4184-8B75-8FA7AD613561}.Debug|Any CPU.ActiveCfg = Debug|Any CPU
		{55766AD4-93B9-4184-8B75-8FA7AD613561}.Debug|Any CPU.Build.0 = Debug|Any CPU
		{55766AD4-93B9-4184-8B75-8FA7AD613561}.Debug|Any CPU.Deploy.0 = Debug|Any CPU
		{55766AD4-93B9-4184-8B75-8FA7AD613561}.Debug|ARM.ActiveCfg = Debug|Any CPU
		{55766AD4-93B9-4184-8B75-8FA7AD613561}.Debug|ARM.Build.0 = Debug|Any CPU
		{55766AD4-93B9-4184-8B75-8FA7AD613561}.Debug|ARM.Deploy.0 = Debug|Any CPU
		{55766AD4-93B9-4184-8B75-8FA7AD613561}.Debug|iPhone.ActiveCfg = Debug|Any CPU
		{55766AD4-93B9-4184-8B75-8FA7AD613561}.Debug|iPhone.Build.0 = Debug|Any CPU
		{55766AD4-93B9-4184-8B75-8FA7AD613561}.Debug|iPhone.Deploy.0 = Debug|Any CPU
		{55766AD4-93B9-4184-8B75-8FA7AD613561}.Debug|iPhoneSimulator.ActiveCfg = Debug|Any CPU
		{55766AD4-93B9-4184-8B75-8FA7AD613561}.Debug|iPhoneSimulator.Build.0 = Debug|Any CPU
		{55766AD4-93B9-4184-8B75-8FA7AD613561}.Debug|iPhoneSimulator.Deploy.0 = Debug|Any CPU
		{55766AD4-93B9-4184-8B75-8FA7AD613561}.Debug|x64.ActiveCfg = Debug|Any CPU
		{55766AD4-93B9-4184-8B75-8FA7AD613561}.Debug|x64.Build.0 = Debug|Any CPU
		{55766AD4-93B9-4184-8B75-8FA7AD613561}.Debug|x64.Deploy.0 = Debug|Any CPU
		{55766AD4-93B9-4184-8B75-8FA7AD613561}.Debug|x86.ActiveCfg = Debug|Any CPU
		{55766AD4-93B9-4184-8B75-8FA7AD613561}.Debug|x86.Build.0 = Debug|Any CPU
		{55766AD4-93B9-4184-8B75-8FA7AD613561}.Debug|x86.Deploy.0 = Debug|Any CPU
		{55766AD4-93B9-4184-8B75-8FA7AD613561}.Release|Any CPU.ActiveCfg = Release|Any CPU
		{55766AD4-93B9-4184-8B75-8FA7AD613561}.Release|Any CPU.Build.0 = Release|Any CPU
		{55766AD4-93B9-4184-8B75-8FA7AD613561}.Release|Any CPU.Deploy.0 = Release|Any CPU
		{55766AD4-93B9-4184-8B75-8FA7AD613561}.Release|ARM.ActiveCfg = Release|Any CPU
		{55766AD4-93B9-4184-8B75-8FA7AD613561}.Release|ARM.Build.0 = Release|Any CPU
		{55766AD4-93B9-4184-8B75-8FA7AD613561}.Release|ARM.Deploy.0 = Release|Any CPU
		{55766AD4-93B9-4184-8B75-8FA7AD613561}.Release|iPhone.ActiveCfg = Release|Any CPU
		{55766AD4-93B9-4184-8B75-8FA7AD613561}.Release|iPhone.Build.0 = Release|Any CPU
		{55766AD4-93B9-4184-8B75-8FA7AD613561}.Release|iPhone.Deploy.0 = Release|Any CPU
		{55766AD4-93B9-4184-8B75-8FA7AD613561}.Release|iPhoneSimulator.ActiveCfg = Release|Any CPU
		{55766AD4-93B9-4184-8B75-8FA7AD613561}.Release|iPhoneSimulator.Build.0 = Release|Any CPU
		{55766AD4-93B9-4184-8B75-8FA7AD613561}.Release|iPhoneSimulator.Deploy.0 = Release|Any CPU
		{55766AD4-93B9-4184-8B75-8FA7AD613561}.Release|x64.ActiveCfg = Release|Any CPU
		{55766AD4-93B9-4184-8B75-8FA7AD613561}.Release|x64.Build.0 = Release|Any CPU
		{55766AD4-93B9-4184-8B75-8FA7AD613561}.Release|x64.Deploy.0 = Release|Any CPU
		{55766AD4-93B9-4184-8B75-8FA7AD613561}.Release|x86.ActiveCfg = Release|Any CPU
		{55766AD4-93B9-4184-8B75-8FA7AD613561}.Release|x86.Build.0 = Release|Any CPU
		{55766AD4-93B9-4184-8B75-8FA7AD613561}.Release|x86.Deploy.0 = Release|Any CPU
		{2FC1C069-3467-4315-A5C1-B683AF4F3A50}.Ad-Hoc|Any CPU.ActiveCfg = Release|Any CPU
		{2FC1C069-3467-4315-A5C1-B683AF4F3A50}.Ad-Hoc|Any CPU.Build.0 = Release|Any CPU
		{2FC1C069-3467-4315-A5C1-B683AF4F3A50}.Ad-Hoc|ARM.ActiveCfg = Release|Any CPU
		{2FC1C069-3467-4315-A5C1-B683AF4F3A50}.Ad-Hoc|ARM.Build.0 = Release|Any CPU
		{2FC1C069-3467-4315-A5C1-B683AF4F3A50}.Ad-Hoc|iPhone.ActiveCfg = Release|Any CPU
		{2FC1C069-3467-4315-A5C1-B683AF4F3A50}.Ad-Hoc|iPhone.Build.0 = Release|Any CPU
		{2FC1C069-3467-4315-A5C1-B683AF4F3A50}.Ad-Hoc|iPhoneSimulator.ActiveCfg = Release|Any CPU
		{2FC1C069-3467-4315-A5C1-B683AF4F3A50}.Ad-Hoc|iPhoneSimulator.Build.0 = Release|Any CPU
		{2FC1C069-3467-4315-A5C1-B683AF4F3A50}.Ad-Hoc|x64.ActiveCfg = Release|Any CPU
		{2FC1C069-3467-4315-A5C1-B683AF4F3A50}.Ad-Hoc|x64.Build.0 = Release|Any CPU
		{2FC1C069-3467-4315-A5C1-B683AF4F3A50}.Ad-Hoc|x86.ActiveCfg = Release|Any CPU
		{2FC1C069-3467-4315-A5C1-B683AF4F3A50}.Ad-Hoc|x86.Build.0 = Release|Any CPU
		{2FC1C069-3467-4315-A5C1-B683AF4F3A50}.AppStore|Any CPU.ActiveCfg = Release|Any CPU
		{2FC1C069-3467-4315-A5C1-B683AF4F3A50}.AppStore|Any CPU.Build.0 = Release|Any CPU
		{2FC1C069-3467-4315-A5C1-B683AF4F3A50}.AppStore|ARM.ActiveCfg = Release|Any CPU
		{2FC1C069-3467-4315-A5C1-B683AF4F3A50}.AppStore|ARM.Build.0 = Release|Any CPU
		{2FC1C069-3467-4315-A5C1-B683AF4F3A50}.AppStore|iPhone.ActiveCfg = Release|Any CPU
		{2FC1C069-3467-4315-A5C1-B683AF4F3A50}.AppStore|iPhone.Build.0 = Release|Any CPU
		{2FC1C069-3467-4315-A5C1-B683AF4F3A50}.AppStore|iPhoneSimulator.ActiveCfg = Release|Any CPU
		{2FC1C069-3467-4315-A5C1-B683AF4F3A50}.AppStore|iPhoneSimulator.Build.0 = Release|Any CPU
		{2FC1C069-3467-4315-A5C1-B683AF4F3A50}.AppStore|x64.ActiveCfg = Release|Any CPU
		{2FC1C069-3467-4315-A5C1-B683AF4F3A50}.AppStore|x64.Build.0 = Release|Any CPU
		{2FC1C069-3467-4315-A5C1-B683AF4F3A50}.AppStore|x86.ActiveCfg = Release|Any CPU
		{2FC1C069-3467-4315-A5C1-B683AF4F3A50}.AppStore|x86.Build.0 = Release|Any CPU
		{2FC1C069-3467-4315-A5C1-B683AF4F3A50}.Debug|Any CPU.ActiveCfg = Debug|Any CPU
		{2FC1C069-3467-4315-A5C1-B683AF4F3A50}.Debug|Any CPU.Build.0 = Debug|Any CPU
		{2FC1C069-3467-4315-A5C1-B683AF4F3A50}.Debug|ARM.ActiveCfg = Debug|Any CPU
		{2FC1C069-3467-4315-A5C1-B683AF4F3A50}.Debug|ARM.Build.0 = Debug|Any CPU
		{2FC1C069-3467-4315-A5C1-B683AF4F3A50}.Debug|iPhone.ActiveCfg = Debug|Any CPU
		{2FC1C069-3467-4315-A5C1-B683AF4F3A50}.Debug|iPhone.Build.0 = Debug|Any CPU
		{2FC1C069-3467-4315-A5C1-B683AF4F3A50}.Debug|iPhoneSimulator.ActiveCfg = Debug|Any CPU
		{2FC1C069-3467-4315-A5C1-B683AF4F3A50}.Debug|iPhoneSimulator.Build.0 = Debug|Any CPU
		{2FC1C069-3467-4315-A5C1-B683AF4F3A50}.Debug|x64.ActiveCfg = Debug|Any CPU
		{2FC1C069-3467-4315-A5C1-B683AF4F3A50}.Debug|x64.Build.0 = Debug|Any CPU
		{2FC1C069-3467-4315-A5C1-B683AF4F3A50}.Debug|x86.ActiveCfg = Debug|Any CPU
		{2FC1C069-3467-4315-A5C1-B683AF4F3A50}.Debug|x86.Build.0 = Debug|Any CPU
		{2FC1C069-3467-4315-A5C1-B683AF4F3A50}.Release|Any CPU.ActiveCfg = Release|Any CPU
		{2FC1C069-3467-4315-A5C1-B683AF4F3A50}.Release|Any CPU.Build.0 = Release|Any CPU
		{2FC1C069-3467-4315-A5C1-B683AF4F3A50}.Release|ARM.ActiveCfg = Release|Any CPU
		{2FC1C069-3467-4315-A5C1-B683AF4F3A50}.Release|ARM.Build.0 = Release|Any CPU
		{2FC1C069-3467-4315-A5C1-B683AF4F3A50}.Release|iPhone.ActiveCfg = Release|Any CPU
		{2FC1C069-3467-4315-A5C1-B683AF4F3A50}.Release|iPhone.Build.0 = Release|Any CPU
		{2FC1C069-3467-4315-A5C1-B683AF4F3A50}.Release|iPhoneSimulator.ActiveCfg = Release|Any CPU
		{2FC1C069-3467-4315-A5C1-B683AF4F3A50}.Release|iPhoneSimulator.Build.0 = Release|Any CPU
		{2FC1C069-3467-4315-A5C1-B683AF4F3A50}.Release|x64.ActiveCfg = Release|Any CPU
		{2FC1C069-3467-4315-A5C1-B683AF4F3A50}.Release|x64.Build.0 = Release|Any CPU
		{2FC1C069-3467-4315-A5C1-B683AF4F3A50}.Release|x86.ActiveCfg = Release|Any CPU
		{2FC1C069-3467-4315-A5C1-B683AF4F3A50}.Release|x86.Build.0 = Release|Any CPU
		{8276C912-9326-4638-9B95-040FE8B01BD4}.Ad-Hoc|Any CPU.ActiveCfg = Release|x86
		{8276C912-9326-4638-9B95-040FE8B01BD4}.Ad-Hoc|Any CPU.Build.0 = Release|x86
		{8276C912-9326-4638-9B95-040FE8B01BD4}.Ad-Hoc|Any CPU.Deploy.0 = Release|x86
		{8276C912-9326-4638-9B95-040FE8B01BD4}.Ad-Hoc|ARM.ActiveCfg = Release|ARM
		{8276C912-9326-4638-9B95-040FE8B01BD4}.Ad-Hoc|ARM.Build.0 = Release|ARM
		{8276C912-9326-4638-9B95-040FE8B01BD4}.Ad-Hoc|ARM.Deploy.0 = Release|ARM
		{8276C912-9326-4638-9B95-040FE8B01BD4}.Ad-Hoc|iPhone.ActiveCfg = Release|x86
		{8276C912-9326-4638-9B95-040FE8B01BD4}.Ad-Hoc|iPhone.Build.0 = Release|x86
		{8276C912-9326-4638-9B95-040FE8B01BD4}.Ad-Hoc|iPhone.Deploy.0 = Release|x86
		{8276C912-9326-4638-9B95-040FE8B01BD4}.Ad-Hoc|iPhoneSimulator.ActiveCfg = Release|x86
		{8276C912-9326-4638-9B95-040FE8B01BD4}.Ad-Hoc|iPhoneSimulator.Build.0 = Release|x86
		{8276C912-9326-4638-9B95-040FE8B01BD4}.Ad-Hoc|iPhoneSimulator.Deploy.0 = Release|x86
		{8276C912-9326-4638-9B95-040FE8B01BD4}.Ad-Hoc|x64.ActiveCfg = Release|x64
		{8276C912-9326-4638-9B95-040FE8B01BD4}.Ad-Hoc|x64.Build.0 = Release|x64
		{8276C912-9326-4638-9B95-040FE8B01BD4}.Ad-Hoc|x64.Deploy.0 = Release|x64
		{8276C912-9326-4638-9B95-040FE8B01BD4}.Ad-Hoc|x86.ActiveCfg = Release|x86
		{8276C912-9326-4638-9B95-040FE8B01BD4}.Ad-Hoc|x86.Build.0 = Release|x86
		{8276C912-9326-4638-9B95-040FE8B01BD4}.Ad-Hoc|x86.Deploy.0 = Release|x86
		{8276C912-9326-4638-9B95-040FE8B01BD4}.AppStore|Any CPU.ActiveCfg = Release|x86
		{8276C912-9326-4638-9B95-040FE8B01BD4}.AppStore|Any CPU.Build.0 = Release|x86
		{8276C912-9326-4638-9B95-040FE8B01BD4}.AppStore|Any CPU.Deploy.0 = Release|x86
		{8276C912-9326-4638-9B95-040FE8B01BD4}.AppStore|ARM.ActiveCfg = Release|ARM
		{8276C912-9326-4638-9B95-040FE8B01BD4}.AppStore|ARM.Build.0 = Release|ARM
		{8276C912-9326-4638-9B95-040FE8B01BD4}.AppStore|ARM.Deploy.0 = Release|ARM
		{8276C912-9326-4638-9B95-040FE8B01BD4}.AppStore|iPhone.ActiveCfg = Release|x86
		{8276C912-9326-4638-9B95-040FE8B01BD4}.AppStore|iPhone.Build.0 = Release|x86
		{8276C912-9326-4638-9B95-040FE8B01BD4}.AppStore|iPhone.Deploy.0 = Release|x86
		{8276C912-9326-4638-9B95-040FE8B01BD4}.AppStore|iPhoneSimulator.ActiveCfg = Release|x86
		{8276C912-9326-4638-9B95-040FE8B01BD4}.AppStore|iPhoneSimulator.Build.0 = Release|x86
		{8276C912-9326-4638-9B95-040FE8B01BD4}.AppStore|iPhoneSimulator.Deploy.0 = Release|x86
		{8276C912-9326-4638-9B95-040FE8B01BD4}.AppStore|x64.ActiveCfg = Release|x64
		{8276C912-9326-4638-9B95-040FE8B01BD4}.AppStore|x64.Build.0 = Release|x64
		{8276C912-9326-4638-9B95-040FE8B01BD4}.AppStore|x64.Deploy.0 = Release|x64
		{8276C912-9326-4638-9B95-040FE8B01BD4}.AppStore|x86.ActiveCfg = Release|x86
		{8276C912-9326-4638-9B95-040FE8B01BD4}.AppStore|x86.Build.0 = Release|x86
		{8276C912-9326-4638-9B95-040FE8B01BD4}.AppStore|x86.Deploy.0 = Release|x86
		{8276C912-9326-4638-9B95-040FE8B01BD4}.Debug|Any CPU.ActiveCfg = Debug|x86
		{8276C912-9326-4638-9B95-040FE8B01BD4}.Debug|ARM.ActiveCfg = Debug|ARM
		{8276C912-9326-4638-9B95-040FE8B01BD4}.Debug|ARM.Build.0 = Debug|ARM
		{8276C912-9326-4638-9B95-040FE8B01BD4}.Debug|ARM.Deploy.0 = Debug|ARM
		{8276C912-9326-4638-9B95-040FE8B01BD4}.Debug|iPhone.ActiveCfg = Debug|x86
		{8276C912-9326-4638-9B95-040FE8B01BD4}.Debug|iPhoneSimulator.ActiveCfg = Debug|x86
		{8276C912-9326-4638-9B95-040FE8B01BD4}.Debug|x64.ActiveCfg = Debug|x64
		{8276C912-9326-4638-9B95-040FE8B01BD4}.Debug|x64.Build.0 = Debug|x64
		{8276C912-9326-4638-9B95-040FE8B01BD4}.Debug|x64.Deploy.0 = Debug|x64
		{8276C912-9326-4638-9B95-040FE8B01BD4}.Debug|x86.ActiveCfg = Debug|x86
		{8276C912-9326-4638-9B95-040FE8B01BD4}.Debug|x86.Build.0 = Debug|x86
		{8276C912-9326-4638-9B95-040FE8B01BD4}.Debug|x86.Deploy.0 = Debug|x86
		{8276C912-9326-4638-9B95-040FE8B01BD4}.Release|Any CPU.ActiveCfg = Release|x86
		{8276C912-9326-4638-9B95-040FE8B01BD4}.Release|ARM.ActiveCfg = Release|ARM
		{8276C912-9326-4638-9B95-040FE8B01BD4}.Release|ARM.Build.0 = Release|ARM
		{8276C912-9326-4638-9B95-040FE8B01BD4}.Release|ARM.Deploy.0 = Release|ARM
		{8276C912-9326-4638-9B95-040FE8B01BD4}.Release|iPhone.ActiveCfg = Release|x86
		{8276C912-9326-4638-9B95-040FE8B01BD4}.Release|iPhoneSimulator.ActiveCfg = Release|x86
		{8276C912-9326-4638-9B95-040FE8B01BD4}.Release|x64.ActiveCfg = Release|x64
		{8276C912-9326-4638-9B95-040FE8B01BD4}.Release|x64.Build.0 = Release|x64
		{8276C912-9326-4638-9B95-040FE8B01BD4}.Release|x64.Deploy.0 = Release|x64
		{8276C912-9326-4638-9B95-040FE8B01BD4}.Release|x86.ActiveCfg = Release|x86
		{8276C912-9326-4638-9B95-040FE8B01BD4}.Release|x86.Build.0 = Release|x86
		{8276C912-9326-4638-9B95-040FE8B01BD4}.Release|x86.Deploy.0 = Release|x86
		{392AF7EE-1E72-48A5-A55D-349BEE5EF9C5}.Ad-Hoc|Any CPU.ActiveCfg = Ad-Hoc|iPhone
		{392AF7EE-1E72-48A5-A55D-349BEE5EF9C5}.Ad-Hoc|ARM.ActiveCfg = Ad-Hoc|iPhone
		{392AF7EE-1E72-48A5-A55D-349BEE5EF9C5}.Ad-Hoc|iPhone.ActiveCfg = Ad-Hoc|iPhone
		{392AF7EE-1E72-48A5-A55D-349BEE5EF9C5}.Ad-Hoc|iPhone.Build.0 = Ad-Hoc|iPhone
		{392AF7EE-1E72-48A5-A55D-349BEE5EF9C5}.Ad-Hoc|iPhoneSimulator.ActiveCfg = Ad-Hoc|iPhoneSimulator
		{392AF7EE-1E72-48A5-A55D-349BEE5EF9C5}.Ad-Hoc|iPhoneSimulator.Build.0 = Ad-Hoc|iPhoneSimulator
		{392AF7EE-1E72-48A5-A55D-349BEE5EF9C5}.Ad-Hoc|x64.ActiveCfg = Ad-Hoc|iPhone
		{392AF7EE-1E72-48A5-A55D-349BEE5EF9C5}.Ad-Hoc|x86.ActiveCfg = Ad-Hoc|iPhone
		{392AF7EE-1E72-48A5-A55D-349BEE5EF9C5}.AppStore|Any CPU.ActiveCfg = AppStore|iPhone
		{392AF7EE-1E72-48A5-A55D-349BEE5EF9C5}.AppStore|ARM.ActiveCfg = AppStore|iPhone
		{392AF7EE-1E72-48A5-A55D-349BEE5EF9C5}.AppStore|iPhone.ActiveCfg = AppStore|iPhone
		{392AF7EE-1E72-48A5-A55D-349BEE5EF9C5}.AppStore|iPhone.Build.0 = AppStore|iPhone
		{392AF7EE-1E72-48A5-A55D-349BEE5EF9C5}.AppStore|iPhoneSimulator.ActiveCfg = AppStore|iPhoneSimulator
		{392AF7EE-1E72-48A5-A55D-349BEE5EF9C5}.AppStore|iPhoneSimulator.Build.0 = AppStore|iPhoneSimulator
		{392AF7EE-1E72-48A5-A55D-349BEE5EF9C5}.AppStore|x64.ActiveCfg = AppStore|iPhone
		{392AF7EE-1E72-48A5-A55D-349BEE5EF9C5}.AppStore|x86.ActiveCfg = AppStore|iPhone
		{392AF7EE-1E72-48A5-A55D-349BEE5EF9C5}.Debug|Any CPU.ActiveCfg = Debug|iPhone
		{392AF7EE-1E72-48A5-A55D-349BEE5EF9C5}.Debug|ARM.ActiveCfg = Debug|iPhone
		{392AF7EE-1E72-48A5-A55D-349BEE5EF9C5}.Debug|iPhone.ActiveCfg = Debug|iPhone
		{392AF7EE-1E72-48A5-A55D-349BEE5EF9C5}.Debug|iPhone.Build.0 = Debug|iPhone
		{392AF7EE-1E72-48A5-A55D-349BEE5EF9C5}.Debug|iPhoneSimulator.ActiveCfg = Debug|iPhoneSimulator
		{392AF7EE-1E72-48A5-A55D-349BEE5EF9C5}.Debug|iPhoneSimulator.Build.0 = Debug|iPhoneSimulator
		{392AF7EE-1E72-48A5-A55D-349BEE5EF9C5}.Debug|x64.ActiveCfg = Debug|iPhone
		{392AF7EE-1E72-48A5-A55D-349BEE5EF9C5}.Debug|x86.ActiveCfg = Debug|iPhone
		{392AF7EE-1E72-48A5-A55D-349BEE5EF9C5}.Release|Any CPU.ActiveCfg = Release|iPhone
		{392AF7EE-1E72-48A5-A55D-349BEE5EF9C5}.Release|ARM.ActiveCfg = Release|iPhone
		{392AF7EE-1E72-48A5-A55D-349BEE5EF9C5}.Release|iPhone.ActiveCfg = Release|iPhone
		{392AF7EE-1E72-48A5-A55D-349BEE5EF9C5}.Release|iPhone.Build.0 = Release|iPhone
		{392AF7EE-1E72-48A5-A55D-349BEE5EF9C5}.Release|iPhoneSimulator.ActiveCfg = Release|iPhoneSimulator
		{392AF7EE-1E72-48A5-A55D-349BEE5EF9C5}.Release|iPhoneSimulator.Build.0 = Release|iPhoneSimulator
		{392AF7EE-1E72-48A5-A55D-349BEE5EF9C5}.Release|x64.ActiveCfg = Release|iPhone
		{392AF7EE-1E72-48A5-A55D-349BEE5EF9C5}.Release|x86.ActiveCfg = Release|iPhone
	EndGlobalSection
	GlobalSection(SolutionProperties) = preSolution
		HideSolutionNode = FALSE
	EndGlobalSection
EndGlobal
