
Microsoft Visual Studio Solution File, Format Version 12.00
# Visual Studio 14
VisualStudioVersion = 14.0.25420.1
MinimumVisualStudioVersion = 10.0.40219.1
Project("{FAE04EC0-301F-11D3-BF4B-00C04F79EFBC}") = "Lab05.Android", "Lab05\Lab05.Android\Lab05.Android.csproj", "{B7F46503-EFBA-4E89-8436-449C939AA78E}"
EndProject
Project("{FAE04EC0-301F-11D3-BF4B-00C04F79EFBC}") = "Lab05", "Lab05\Lab05\Lab05.csproj", "{E4431E46-5A8C-47B4-9991-118DD3B5600E}"
EndProject
Project("{FAE04EC0-301F-11D3-BF4B-00C04F79EFBC}") = "Lab05.UWP", "Lab05\Lab05.UWP\Lab05.UWP.csproj", "{94603CB2-19ED-47E0-A0F1-959F0263B8CD}"
EndProject
Project("{FAE04EC0-301F-11D3-BF4B-00C04F79EFBC}") = "Lab05.iOS", "Lab05\Lab05.iOS\Lab05.iOS.csproj", "{5581241F-844B-468F-A41B-66B745796149}"
EndProject
Global
	GlobalSection(SolutionConfigurationPlatforms) = preSolution
		Ad-Hoc|Any CPU = Ad-Hoc|Any CPU
		Ad-Hoc|ARM = Ad-Hoc|ARM
		Ad-Hoc|iPhone = Ad-Hoc|iPhone
		Ad-Hoc|iPhoneSimulator = Ad-Hoc|iPhoneSimulator
		Ad-Hoc|x64 = Ad-Hoc|x64
		Ad-Hoc|x86 = Ad-Hoc|x86
		AppStore|Any CPU = AppStore|Any CPU
		AppStore|ARM = AppStore|ARM
		AppStore|iPhone = AppStore|iPhone
		AppStore|iPhoneSimulator = AppStore|iPhoneSimulator
		AppStore|x64 = AppStore|x64
		AppStore|x86 = AppStore|x86
		Debug|Any CPU = Debug|Any CPU
		Debug|ARM = Debug|ARM
		Debug|iPhone = Debug|iPhone
		Debug|iPhoneSimulator = Debug|iPhoneSimulator
		Debug|x64 = Debug|x64
		Debug|x86 = Debug|x86
		Release|Any CPU = Release|Any CPU
		Release|ARM = Release|ARM
		Release|iPhone = Release|iPhone
		Release|iPhoneSimulator = Release|iPhoneSimulator
		Release|x64 = Release|x64
		Release|x86 = Release|x86
	EndGlobalSection
	GlobalSection(ProjectConfigurationPlatforms) = postSolution
		{B7F46503-EFBA-4E89-8436-449C939AA78E}.Ad-Hoc|Any CPU.ActiveCfg = Release|Any CPU
		{B7F46503-EFBA-4E89-8436-449C939AA78E}.Ad-Hoc|Any CPU.Build.0 = Release|Any CPU
		{B7F46503-EFBA-4E89-8436-449C939AA78E}.Ad-Hoc|Any CPU.Deploy.0 = Release|Any CPU
		{B7F46503-EFBA-4E89-8436-449C939AA78E}.Ad-Hoc|ARM.ActiveCfg = Release|Any CPU
		{B7F46503-EFBA-4E89-8436-449C939AA78E}.Ad-Hoc|ARM.Build.0 = Release|Any CPU
		{B7F46503-EFBA-4E89-8436-449C939AA78E}.Ad-Hoc|ARM.Deploy.0 = Release|Any CPU
		{B7F46503-EFBA-4E89-8436-449C939AA78E}.Ad-Hoc|iPhone.ActiveCfg = Release|Any CPU
		{B7F46503-EFBA-4E89-8436-449C939AA78E}.Ad-Hoc|iPhone.Build.0 = Release|Any CPU
		{B7F46503-EFBA-4E89-8436-449C939AA78E}.Ad-Hoc|iPhone.Deploy.0 = Release|Any CPU
		{B7F46503-EFBA-4E89-8436-449C939AA78E}.Ad-Hoc|iPhoneSimulator.ActiveCfg = Release|Any CPU
		{B7F46503-EFBA-4E89-8436-449C939AA78E}.Ad-Hoc|iPhoneSimulator.Build.0 = Release|Any CPU
		{B7F46503-EFBA-4E89-8436-449C939AA78E}.Ad-Hoc|iPhoneSimulator.Deploy.0 = Release|Any CPU
		{B7F46503-EFBA-4E89-8436-449C939AA78E}.Ad-Hoc|x64.ActiveCfg = Release|Any CPU
		{B7F46503-EFBA-4E89-8436-449C939AA78E}.Ad-Hoc|x64.Build.0 = Release|Any CPU
		{B7F46503-EFBA-4E89-8436-449C939AA78E}.Ad-Hoc|x64.Deploy.0 = Release|Any CPU
		{B7F46503-EFBA-4E89-8436-449C939AA78E}.Ad-Hoc|x86.ActiveCfg = Release|Any CPU
		{B7F46503-EFBA-4E89-8436-449C939AA78E}.Ad-Hoc|x86.Build.0 = Release|Any CPU
		{B7F46503-EFBA-4E89-8436-449C939AA78E}.Ad-Hoc|x86.Deploy.0 = Release|Any CPU
		{B7F46503-EFBA-4E89-8436-449C939AA78E}.AppStore|Any CPU.ActiveCfg = Release|Any CPU
		{B7F46503-EFBA-4E89-8436-449C939AA78E}.AppStore|Any CPU.Build.0 = Release|Any CPU
		{B7F46503-EFBA-4E89-8436-449C939AA78E}.AppStore|Any CPU.Deploy.0 = Release|Any CPU
		{B7F46503-EFBA-4E89-8436-449C939AA78E}.AppStore|ARM.ActiveCfg = Release|Any CPU
		{B7F46503-EFBA-4E89-8436-449C939AA78E}.AppStore|ARM.Build.0 = Release|Any CPU
		{B7F46503-EFBA-4E89-8436-449C939AA78E}.AppStore|ARM.Deploy.0 = Release|Any CPU
		{B7F46503-EFBA-4E89-8436-449C939AA78E}.AppStore|iPhone.ActiveCfg = Release|Any CPU
		{B7F46503-EFBA-4E89-8436-449C939AA78E}.AppStore|iPhone.Build.0 = Release|Any CPU
		{B7F46503-EFBA-4E89-8436-449C939AA78E}.AppStore|iPhone.Deploy.0 = Release|Any CPU
		{B7F46503-EFBA-4E89-8436-449C939AA78E}.AppStore|iPhoneSimulator.ActiveCfg = Release|Any CPU
		{B7F46503-EFBA-4E89-8436-449C939AA78E}.AppStore|iPhoneSimulator.Build.0 = Release|Any CPU
		{B7F46503-EFBA-4E89-8436-449C939AA78E}.AppStore|iPhoneSimulator.Deploy.0 = Release|Any CPU
		{B7F46503-EFBA-4E89-8436-449C939AA78E}.AppStore|x64.ActiveCfg = Release|Any CPU
		{B7F46503-EFBA-4E89-8436-449C939AA78E}.AppStore|x64.Build.0 = Release|Any CPU
		{B7F46503-EFBA-4E89-8436-449C939AA78E}.AppStore|x64.Deploy.0 = Release|Any CPU
		{B7F46503-EFBA-4E89-8436-449C939AA78E}.AppStore|x86.ActiveCfg = Release|Any CPU
		{B7F46503-EFBA-4E89-8436-449C939AA78E}.AppStore|x86.Build.0 = Release|Any CPU
		{B7F46503-EFBA-4E89-8436-449C939AA78E}.AppStore|x86.Deploy.0 = Release|Any CPU
		{B7F46503-EFBA-4E89-8436-449C939AA78E}.Debug|Any CPU.ActiveCfg = Debug|Any CPU
		{B7F46503-EFBA-4E89-8436-449C939AA78E}.Debug|Any CPU.Build.0 = Debug|Any CPU
		{B7F46503-EFBA-4E89-8436-449C939AA78E}.Debug|Any CPU.Deploy.0 = Debug|Any CPU
		{B7F46503-EFBA-4E89-8436-449C939AA78E}.Debug|ARM.ActiveCfg = Debug|Any CPU
		{B7F46503-EFBA-4E89-8436-449C939AA78E}.Debug|ARM.Build.0 = Debug|Any CPU
		{B7F46503-EFBA-4E89-8436-449C939AA78E}.Debug|ARM.Deploy.0 = Debug|Any CPU
		{B7F46503-EFBA-4E89-8436-449C939AA78E}.Debug|iPhone.ActiveCfg = Debug|Any CPU
		{B7F46503-EFBA-4E89-8436-449C939AA78E}.Debug|iPhone.Build.0 = Debug|Any CPU
		{B7F46503-EFBA-4E89-8436-449C939AA78E}.Debug|iPhone.Deploy.0 = Debug|Any CPU
		{B7F46503-EFBA-4E89-8436-449C939AA78E}.Debug|iPhoneSimulator.ActiveCfg = Debug|Any CPU
		{B7F46503-EFBA-4E89-8436-449C939AA78E}.Debug|iPhoneSimulator.Build.0 = Debug|Any CPU
		{B7F46503-EFBA-4E89-8436-449C939AA78E}.Debug|iPhoneSimulator.Deploy.0 = Debug|Any CPU
		{B7F46503-EFBA-4E89-8436-449C939AA78E}.Debug|x64.ActiveCfg = Debug|Any CPU
		{B7F46503-EFBA-4E89-8436-449C939AA78E}.Debug|x64.Build.0 = Debug|Any CPU
		{B7F46503-EFBA-4E89-8436-449C939AA78E}.Debug|x64.Deploy.0 = Debug|Any CPU
		{B7F46503-EFBA-4E89-8436-449C939AA78E}.Debug|x86.ActiveCfg = Debug|Any CPU
		{B7F46503-EFBA-4E89-8436-449C939AA78E}.Debug|x86.Build.0 = Debug|Any CPU
		{B7F46503-EFBA-4E89-8436-449C939AA78E}.Debug|x86.Deploy.0 = Debug|Any CPU
		{B7F46503-EFBA-4E89-8436-449C939AA78E}.Release|Any CPU.ActiveCfg = Release|Any CPU
		{B7F46503-EFBA-4E89-8436-449C939AA78E}.Release|Any CPU.Build.0 = Release|Any CPU
		{B7F46503-EFBA-4E89-8436-449C939AA78E}.Release|Any CPU.Deploy.0 = Release|Any CPU
		{B7F46503-EFBA-4E89-8436-449C939AA78E}.Release|ARM.ActiveCfg = Release|Any CPU
		{B7F46503-EFBA-4E89-8436-449C939AA78E}.Release|ARM.Build.0 = Release|Any CPU
		{B7F46503-EFBA-4E89-8436-449C939AA78E}.Release|ARM.Deploy.0 = Release|Any CPU
		{B7F46503-EFBA-4E89-8436-449C939AA78E}.Release|iPhone.ActiveCfg = Release|Any CPU
		{B7F46503-EFBA-4E89-8436-449C939AA78E}.Release|iPhone.Build.0 = Release|Any CPU
		{B7F46503-EFBA-4E89-8436-449C939AA78E}.Release|iPhone.Deploy.0 = Release|Any CPU
		{B7F46503-EFBA-4E89-8436-449C939AA78E}.Release|iPhoneSimulator.ActiveCfg = Release|Any CPU
		{B7F46503-EFBA-4E89-8436-449C939AA78E}.Release|iPhoneSimulator.Build.0 = Release|Any CPU
		{B7F46503-EFBA-4E89-8436-449C939AA78E}.Release|iPhoneSimulator.Deploy.0 = Release|Any CPU
		{B7F46503-EFBA-4E89-8436-449C939AA78E}.Release|x64.ActiveCfg = Release|Any CPU
		{B7F46503-EFBA-4E89-8436-449C939AA78E}.Release|x64.Build.0 = Release|Any CPU
		{B7F46503-EFBA-4E89-8436-449C939AA78E}.Release|x64.Deploy.0 = Release|Any CPU
		{B7F46503-EFBA-4E89-8436-449C939AA78E}.Release|x86.ActiveCfg = Release|Any CPU
		{B7F46503-EFBA-4E89-8436-449C939AA78E}.Release|x86.Build.0 = Release|Any CPU
		{B7F46503-EFBA-4E89-8436-449C939AA78E}.Release|x86.Deploy.0 = Release|Any CPU
		{E4431E46-5A8C-47B4-9991-118DD3B5600E}.Ad-Hoc|Any CPU.ActiveCfg = Release|Any CPU
		{E4431E46-5A8C-47B4-9991-118DD3B5600E}.Ad-Hoc|Any CPU.Build.0 = Release|Any CPU
		{E4431E46-5A8C-47B4-9991-118DD3B5600E}.Ad-Hoc|ARM.ActiveCfg = Release|Any CPU
		{E4431E46-5A8C-47B4-9991-118DD3B5600E}.Ad-Hoc|ARM.Build.0 = Release|Any CPU
		{E4431E46-5A8C-47B4-9991-118DD3B5600E}.Ad-Hoc|iPhone.ActiveCfg = Release|Any CPU
		{E4431E46-5A8C-47B4-9991-118DD3B5600E}.Ad-Hoc|iPhone.Build.0 = Release|Any CPU
		{E4431E46-5A8C-47B4-9991-118DD3B5600E}.Ad-Hoc|iPhoneSimulator.ActiveCfg = Release|Any CPU
		{E4431E46-5A8C-47B4-9991-118DD3B5600E}.Ad-Hoc|iPhoneSimulator.Build.0 = Release|Any CPU
		{E4431E46-5A8C-47B4-9991-118DD3B5600E}.Ad-Hoc|x64.ActiveCfg = Release|Any CPU
		{E4431E46-5A8C-47B4-9991-118DD3B5600E}.Ad-Hoc|x64.Build.0 = Release|Any CPU
		{E4431E46-5A8C-47B4-9991-118DD3B5600E}.Ad-Hoc|x86.ActiveCfg = Release|Any CPU
		{E4431E46-5A8C-47B4-9991-118DD3B5600E}.Ad-Hoc|x86.Build.0 = Release|Any CPU
		{E4431E46-5A8C-47B4-9991-118DD3B5600E}.AppStore|Any CPU.ActiveCfg = Release|Any CPU
		{E4431E46-5A8C-47B4-9991-118DD3B5600E}.AppStore|Any CPU.Build.0 = Release|Any CPU
		{E4431E46-5A8C-47B4-9991-118DD3B5600E}.AppStore|ARM.ActiveCfg = Release|Any CPU
		{E4431E46-5A8C-47B4-9991-118DD3B5600E}.AppStore|ARM.Build.0 = Release|Any CPU
		{E4431E46-5A8C-47B4-9991-118DD3B5600E}.AppStore|iPhone.ActiveCfg = Release|Any CPU
		{E4431E46-5A8C-47B4-9991-118DD3B5600E}.AppStore|iPhone.Build.0 = Release|Any CPU
		{E4431E46-5A8C-47B4-9991-118DD3B5600E}.AppStore|iPhoneSimulator.ActiveCfg = Release|Any CPU
		{E4431E46-5A8C-47B4-9991-118DD3B5600E}.AppStore|iPhoneSimulator.Build.0 = Release|Any CPU
		{E4431E46-5A8C-47B4-9991-118DD3B5600E}.AppStore|x64.ActiveCfg = Release|Any CPU
		{E4431E46-5A8C-47B4-9991-118DD3B5600E}.AppStore|x64.Build.0 = Release|Any CPU
		{E4431E46-5A8C-47B4-9991-118DD3B5600E}.AppStore|x86.ActiveCfg = Release|Any CPU
		{E4431E46-5A8C-47B4-9991-118DD3B5600E}.AppStore|x86.Build.0 = Release|Any CPU
		{E4431E46-5A8C-47B4-9991-118DD3B5600E}.Debug|Any CPU.ActiveCfg = Debug|Any CPU
		{E4431E46-5A8C-47B4-9991-118DD3B5600E}.Debug|Any CPU.Build.0 = Debug|Any CPU
		{E4431E46-5A8C-47B4-9991-118DD3B5600E}.Debug|ARM.ActiveCfg = Debug|Any CPU
		{E4431E46-5A8C-47B4-9991-118DD3B5600E}.Debug|ARM.Build.0 = Debug|Any CPU
		{E4431E46-5A8C-47B4-9991-118DD3B5600E}.Debug|iPhone.ActiveCfg = Debug|Any CPU
		{E4431E46-5A8C-47B4-9991-118DD3B5600E}.Debug|iPhone.Build.0 = Debug|Any CPU
		{E4431E46-5A8C-47B4-9991-118DD3B5600E}.Debug|iPhoneSimulator.ActiveCfg = Debug|Any CPU
		{E4431E46-5A8C-47B4-9991-118DD3B5600E}.Debug|iPhoneSimulator.Build.0 = Debug|Any CPU
		{E4431E46-5A8C-47B4-9991-118DD3B5600E}.Debug|x64.ActiveCfg = Debug|Any CPU
		{E4431E46-5A8C-47B4-9991-118DD3B5600E}.Debug|x64.Build.0 = Debug|Any CPU
		{E4431E46-5A8C-47B4-9991-118DD3B5600E}.Debug|x86.ActiveCfg = Debug|Any CPU
		{E4431E46-5A8C-47B4-9991-118DD3B5600E}.Debug|x86.Build.0 = Debug|Any CPU
		{E4431E46-5A8C-47B4-9991-118DD3B5600E}.Release|Any CPU.ActiveCfg = Release|Any CPU
		{E4431E46-5A8C-47B4-9991-118DD3B5600E}.Release|Any CPU.Build.0 = Release|Any CPU
		{E4431E46-5A8C-47B4-9991-118DD3B5600E}.Release|ARM.ActiveCfg = Release|Any CPU
		{E4431E46-5A8C-47B4-9991-118DD3B5600E}.Release|ARM.Build.0 = Release|Any CPU
		{E4431E46-5A8C-47B4-9991-118DD3B5600E}.Release|iPhone.ActiveCfg = Release|Any CPU
		{E4431E46-5A8C-47B4-9991-118DD3B5600E}.Release|iPhone.Build.0 = Release|Any CPU
		{E4431E46-5A8C-47B4-9991-118DD3B5600E}.Release|iPhoneSimulator.ActiveCfg = Release|Any CPU
		{E4431E46-5A8C-47B4-9991-118DD3B5600E}.Release|iPhoneSimulator.Build.0 = Release|Any CPU
		{E4431E46-5A8C-47B4-9991-118DD3B5600E}.Release|x64.ActiveCfg = Release|Any CPU
		{E4431E46-5A8C-47B4-9991-118DD3B5600E}.Release|x64.Build.0 = Release|Any CPU
		{E4431E46-5A8C-47B4-9991-118DD3B5600E}.Release|x86.ActiveCfg = Release|Any CPU
		{E4431E46-5A8C-47B4-9991-118DD3B5600E}.Release|x86.Build.0 = Release|Any CPU
		{94603CB2-19ED-47E0-A0F1-959F0263B8CD}.Ad-Hoc|Any CPU.ActiveCfg = Release|x86
		{94603CB2-19ED-47E0-A0F1-959F0263B8CD}.Ad-Hoc|Any CPU.Build.0 = Release|x86
		{94603CB2-19ED-47E0-A0F1-959F0263B8CD}.Ad-Hoc|Any CPU.Deploy.0 = Release|x86
		{94603CB2-19ED-47E0-A0F1-959F0263B8CD}.Ad-Hoc|ARM.ActiveCfg = Release|ARM
		{94603CB2-19ED-47E0-A0F1-959F0263B8CD}.Ad-Hoc|ARM.Build.0 = Release|ARM
		{94603CB2-19ED-47E0-A0F1-959F0263B8CD}.Ad-Hoc|ARM.Deploy.0 = Release|ARM
		{94603CB2-19ED-47E0-A0F1-959F0263B8CD}.Ad-Hoc|iPhone.ActiveCfg = Release|x86
		{94603CB2-19ED-47E0-A0F1-959F0263B8CD}.Ad-Hoc|iPhone.Build.0 = Release|x86
		{94603CB2-19ED-47E0-A0F1-959F0263B8CD}.Ad-Hoc|iPhone.Deploy.0 = Release|x86
		{94603CB2-19ED-47E0-A0F1-959F0263B8CD}.Ad-Hoc|iPhoneSimulator.ActiveCfg = Release|x86
		{94603CB2-19ED-47E0-A0F1-959F0263B8CD}.Ad-Hoc|iPhoneSimulator.Build.0 = Release|x86
		{94603CB2-19ED-47E0-A0F1-959F0263B8CD}.Ad-Hoc|iPhoneSimulator.Deploy.0 = Release|x86
		{94603CB2-19ED-47E0-A0F1-959F0263B8CD}.Ad-Hoc|x64.ActiveCfg = Release|x64
		{94603CB2-19ED-47E0-A0F1-959F0263B8CD}.Ad-Hoc|x64.Build.0 = Release|x64
		{94603CB2-19ED-47E0-A0F1-959F0263B8CD}.Ad-Hoc|x64.Deploy.0 = Release|x64
		{94603CB2-19ED-47E0-A0F1-959F0263B8CD}.Ad-Hoc|x86.ActiveCfg = Release|x86
		{94603CB2-19ED-47E0-A0F1-959F0263B8CD}.Ad-Hoc|x86.Build.0 = Release|x86
		{94603CB2-19ED-47E0-A0F1-959F0263B8CD}.Ad-Hoc|x86.Deploy.0 = Release|x86
		{94603CB2-19ED-47E0-A0F1-959F0263B8CD}.AppStore|Any CPU.ActiveCfg = Release|x86
		{94603CB2-19ED-47E0-A0F1-959F0263B8CD}.AppStore|Any CPU.Build.0 = Release|x86
		{94603CB2-19ED-47E0-A0F1-959F0263B8CD}.AppStore|Any CPU.Deploy.0 = Release|x86
		{94603CB2-19ED-47E0-A0F1-959F0263B8CD}.AppStore|ARM.ActiveCfg = Release|ARM
		{94603CB2-19ED-47E0-A0F1-959F0263B8CD}.AppStore|ARM.Build.0 = Release|ARM
		{94603CB2-19ED-47E0-A0F1-959F0263B8CD}.AppStore|ARM.Deploy.0 = Release|ARM
		{94603CB2-19ED-47E0-A0F1-959F0263B8CD}.AppStore|iPhone.ActiveCfg = Release|x86
		{94603CB2-19ED-47E0-A0F1-959F0263B8CD}.AppStore|iPhone.Build.0 = Release|x86
		{94603CB2-19ED-47E0-A0F1-959F0263B8CD}.AppStore|iPhone.Deploy.0 = Release|x86
		{94603CB2-19ED-47E0-A0F1-959F0263B8CD}.AppStore|iPhoneSimulator.ActiveCfg = Release|x86
		{94603CB2-19ED-47E0-A0F1-959F0263B8CD}.AppStore|iPhoneSimulator.Build.0 = Release|x86
		{94603CB2-19ED-47E0-A0F1-959F0263B8CD}.AppStore|iPhoneSimulator.Deploy.0 = Release|x86
		{94603CB2-19ED-47E0-A0F1-959F0263B8CD}.AppStore|x64.ActiveCfg = Release|x64
		{94603CB2-19ED-47E0-A0F1-959F0263B8CD}.AppStore|x64.Build.0 = Release|x64
		{94603CB2-19ED-47E0-A0F1-959F0263B8CD}.AppStore|x64.Deploy.0 = Release|x64
		{94603CB2-19ED-47E0-A0F1-959F0263B8CD}.AppStore|x86.ActiveCfg = Release|x86
		{94603CB2-19ED-47E0-A0F1-959F0263B8CD}.AppStore|x86.Build.0 = Release|x86
		{94603CB2-19ED-47E0-A0F1-959F0263B8CD}.AppStore|x86.Deploy.0 = Release|x86
		{94603CB2-19ED-47E0-A0F1-959F0263B8CD}.Debug|Any CPU.ActiveCfg = Debug|x86
		{94603CB2-19ED-47E0-A0F1-959F0263B8CD}.Debug|ARM.ActiveCfg = Debug|ARM
		{94603CB2-19ED-47E0-A0F1-959F0263B8CD}.Debug|ARM.Build.0 = Debug|ARM
		{94603CB2-19ED-47E0-A0F1-959F0263B8CD}.Debug|ARM.Deploy.0 = Debug|ARM
		{94603CB2-19ED-47E0-A0F1-959F0263B8CD}.Debug|iPhone.ActiveCfg = Debug|x86
		{94603CB2-19ED-47E0-A0F1-959F0263B8CD}.Debug|iPhoneSimulator.ActiveCfg = Debug|x86
		{94603CB2-19ED-47E0-A0F1-959F0263B8CD}.Debug|x64.ActiveCfg = Debug|x64
		{94603CB2-19ED-47E0-A0F1-959F0263B8CD}.Debug|x64.Build.0 = Debug|x64
		{94603CB2-19ED-47E0-A0F1-959F0263B8CD}.Debug|x64.Deploy.0 = Debug|x64
		{94603CB2-19ED-47E0-A0F1-959F0263B8CD}.Debug|x86.ActiveCfg = Debug|x86
		{94603CB2-19ED-47E0-A0F1-959F0263B8CD}.Debug|x86.Build.0 = Debug|x86
		{94603CB2-19ED-47E0-A0F1-959F0263B8CD}.Debug|x86.Deploy.0 = Debug|x86
		{94603CB2-19ED-47E0-A0F1-959F0263B8CD}.Release|Any CPU.ActiveCfg = Release|x86
		{94603CB2-19ED-47E0-A0F1-959F0263B8CD}.Release|ARM.ActiveCfg = Release|ARM
		{94603CB2-19ED-47E0-A0F1-959F0263B8CD}.Release|ARM.Build.0 = Release|ARM
		{94603CB2-19ED-47E0-A0F1-959F0263B8CD}.Release|ARM.Deploy.0 = Release|ARM
		{94603CB2-19ED-47E0-A0F1-959F0263B8CD}.Release|iPhone.ActiveCfg = Release|x86
		{94603CB2-19ED-47E0-A0F1-959F0263B8CD}.Release|iPhoneSimulator.ActiveCfg = Release|x86
		{94603CB2-19ED-47E0-A0F1-959F0263B8CD}.Release|x64.ActiveCfg = Release|x64
		{94603CB2-19ED-47E0-A0F1-959F0263B8CD}.Release|x64.Build.0 = Release|x64
		{94603CB2-19ED-47E0-A0F1-959F0263B8CD}.Release|x64.Deploy.0 = Release|x64
		{94603CB2-19ED-47E0-A0F1-959F0263B8CD}.Release|x86.ActiveCfg = Release|x86
		{94603CB2-19ED-47E0-A0F1-959F0263B8CD}.Release|x86.Build.0 = Release|x86
		{94603CB2-19ED-47E0-A0F1-959F0263B8CD}.Release|x86.Deploy.0 = Release|x86
		{5581241F-844B-468F-A41B-66B745796149}.Ad-Hoc|Any CPU.ActiveCfg = Ad-Hoc|iPhone
		{5581241F-844B-468F-A41B-66B745796149}.Ad-Hoc|ARM.ActiveCfg = Ad-Hoc|iPhone
		{5581241F-844B-468F-A41B-66B745796149}.Ad-Hoc|iPhone.ActiveCfg = Ad-Hoc|iPhone
		{5581241F-844B-468F-A41B-66B745796149}.Ad-Hoc|iPhone.Build.0 = Ad-Hoc|iPhone
		{5581241F-844B-468F-A41B-66B745796149}.Ad-Hoc|iPhoneSimulator.ActiveCfg = Ad-Hoc|iPhoneSimulator
		{5581241F-844B-468F-A41B-66B745796149}.Ad-Hoc|iPhoneSimulator.Build.0 = Ad-Hoc|iPhoneSimulator
		{5581241F-844B-468F-A41B-66B745796149}.Ad-Hoc|x64.ActiveCfg = Ad-Hoc|iPhone
		{5581241F-844B-468F-A41B-66B745796149}.Ad-Hoc|x86.ActiveCfg = Ad-Hoc|iPhone
		{5581241F-844B-468F-A41B-66B745796149}.AppStore|Any CPU.ActiveCfg = AppStore|iPhone
		{5581241F-844B-468F-A41B-66B745796149}.AppStore|ARM.ActiveCfg = AppStore|iPhone
		{5581241F-844B-468F-A41B-66B745796149}.AppStore|iPhone.ActiveCfg = AppStore|iPhone
		{5581241F-844B-468F-A41B-66B745796149}.AppStore|iPhone.Build.0 = AppStore|iPhone
		{5581241F-844B-468F-A41B-66B745796149}.AppStore|iPhoneSimulator.ActiveCfg = AppStore|iPhoneSimulator
		{5581241F-844B-468F-A41B-66B745796149}.AppStore|iPhoneSimulator.Build.0 = AppStore|iPhoneSimulator
		{5581241F-844B-468F-A41B-66B745796149}.AppStore|x64.ActiveCfg = AppStore|iPhone
		{5581241F-844B-468F-A41B-66B745796149}.AppStore|x86.ActiveCfg = AppStore|iPhone
		{5581241F-844B-468F-A41B-66B745796149}.Debug|Any CPU.ActiveCfg = Debug|iPhone
		{5581241F-844B-468F-A41B-66B745796149}.Debug|ARM.ActiveCfg = Debug|iPhone
		{5581241F-844B-468F-A41B-66B745796149}.Debug|iPhone.ActiveCfg = Debug|iPhone
		{5581241F-844B-468F-A41B-66B745796149}.Debug|iPhone.Build.0 = Debug|iPhone
		{5581241F-844B-468F-A41B-66B745796149}.Debug|iPhoneSimulator.ActiveCfg = Debug|iPhoneSimulator
		{5581241F-844B-468F-A41B-66B745796149}.Debug|iPhoneSimulator.Build.0 = Debug|iPhoneSimulator
		{5581241F-844B-468F-A41B-66B745796149}.Debug|x64.ActiveCfg = Debug|iPhone
		{5581241F-844B-468F-A41B-66B745796149}.Debug|x86.ActiveCfg = Debug|iPhone
		{5581241F-844B-468F-A41B-66B745796149}.Release|Any CPU.ActiveCfg = Release|iPhone
		{5581241F-844B-468F-A41B-66B745796149}.Release|ARM.ActiveCfg = Release|iPhone
		{5581241F-844B-468F-A41B-66B745796149}.Release|iPhone.ActiveCfg = Release|iPhone
		{5581241F-844B-468F-A41B-66B745796149}.Release|iPhone.Build.0 = Release|iPhone
		{5581241F-844B-468F-A41B-66B745796149}.Release|iPhoneSimulator.ActiveCfg = Release|iPhoneSimulator
		{5581241F-844B-468F-A41B-66B745796149}.Release|iPhoneSimulator.Build.0 = Release|iPhoneSimulator
		{5581241F-844B-468F-A41B-66B745796149}.Release|x64.ActiveCfg = Release|iPhone
		{5581241F-844B-468F-A41B-66B745796149}.Release|x86.ActiveCfg = Release|iPhone
	EndGlobalSection
	GlobalSection(SolutionProperties) = preSolution
		HideSolutionNode = FALSE
	EndGlobalSection
EndGlobal
